// !$*UTF8*$!
{
	archiveVersion = 1;
	classes = {
	};
	objectVersion = 52;
	objects = {

/* Begin PBXBuildFile section */
		AB01096224D5C31C001BEF39 /* TMDBMovieSearchResult.swift in Sources */ = {isa = PBXBuildFile; fileRef = AB01096124D5C31C001BEF39 /* TMDBMovieSearchResult.swift */; };
		AB01096424D5C32A001BEF39 /* TMDBShowSearchResult.swift in Sources */ = {isa = PBXBuildFile; fileRef = AB01096324D5C32A001BEF39 /* TMDBShowSearchResult.swift */; };
		AB01096724D5C3CC001BEF39 /* SearchResultsPageWrapper.swift in Sources */ = {isa = PBXBuildFile; fileRef = AB01096624D5C3CC001BEF39 /* SearchResultsPageWrapper.swift */; };
		AB01097424D850A2001BEF39 /* CSVCoderTests.swift in Sources */ = {isa = PBXBuildFile; fileRef = AB01097324D850A2001BEF39 /* CSVCoderTests.swift */; };
		AB11C30C22CA3E1A0057105A /* LibraryHome.swift in Sources */ = {isa = PBXBuildFile; fileRef = AB11C30B22CA3E1A0057105A /* LibraryHome.swift */; };
		AB1433BB25CD9DAC00AA304F /* Movie DB.xcdatamodeld in Sources */ = {isa = PBXBuildFile; fileRef = AB1433B925CD9DAC00AA304F /* Movie DB.xcdatamodeld */; };
		AB1433F825CDB6F600AA304F /* Show+CoreDataClass.swift in Sources */ = {isa = PBXBuildFile; fileRef = AB1433F225CDB6F600AA304F /* Show+CoreDataClass.swift */; };
		AB1433F925CDB6F600AA304F /* Show+CoreDataProperties.swift in Sources */ = {isa = PBXBuildFile; fileRef = AB1433F325CDB6F600AA304F /* Show+CoreDataProperties.swift */; };
		AB1433FA25CDB6F600AA304F /* Movie+CoreDataClass.swift in Sources */ = {isa = PBXBuildFile; fileRef = AB1433F425CDB6F600AA304F /* Movie+CoreDataClass.swift */; };
		AB1433FB25CDB6F600AA304F /* Movie+CoreDataProperties.swift in Sources */ = {isa = PBXBuildFile; fileRef = AB1433F525CDB6F600AA304F /* Movie+CoreDataProperties.swift */; };
		AB1433FD25CDB6F600AA304F /* Media+CoreDataProperties.swift in Sources */ = {isa = PBXBuildFile; fileRef = AB1433F725CDB6F600AA304F /* Media+CoreDataProperties.swift */; };
		AB14340425CDD84B00AA304F /* CoreData Extensions.swift in Sources */ = {isa = PBXBuildFile; fileRef = AB14340325CDD84B00AA304F /* CoreData Extensions.swift */; };
		AB14340B25CDD9DF00AA304F /* Video+CoreDataClass.swift in Sources */ = {isa = PBXBuildFile; fileRef = AB14340925CDD9DF00AA304F /* Video+CoreDataClass.swift */; };
		AB14340C25CDD9DF00AA304F /* Video+CoreDataProperties.swift in Sources */ = {isa = PBXBuildFile; fileRef = AB14340A25CDD9DF00AA304F /* Video+CoreDataProperties.swift */; };
		AB14341225CDDB6600AA304F /* MediaType.swift in Sources */ = {isa = PBXBuildFile; fileRef = AB14341125CDDB6600AA304F /* MediaType.swift */; };
		AB14341A25CDE2BD00AA304F /* EnumTransformer.swift in Sources */ = {isa = PBXBuildFile; fileRef = AB14341925CDE2BD00AA304F /* EnumTransformer.swift */; };
		AB14342C25CDEE9B00AA304F /* ProductionCompany+CoreDataClass.swift in Sources */ = {isa = PBXBuildFile; fileRef = AB14342B25CDEE9B00AA304F /* ProductionCompany+CoreDataClass.swift */; };
		AB14343025CDEEB200AA304F /* ProductionCompany+CoreDataProperties.swift in Sources */ = {isa = PBXBuildFile; fileRef = AB14342F25CDEEB200AA304F /* ProductionCompany+CoreDataProperties.swift */; };
		AB14349A25CEE0E000AA304F /* Genre+CoreDataClass.swift in Sources */ = {isa = PBXBuildFile; fileRef = AB14349625CEE0E000AA304F /* Genre+CoreDataClass.swift */; };
		AB14349B25CEE0E000AA304F /* Genre+CoreDataProperties.swift in Sources */ = {isa = PBXBuildFile; fileRef = AB14349725CEE0E000AA304F /* Genre+CoreDataProperties.swift */; };
		AB14349C25CEE0E000AA304F /* CastMember+CoreDataClass.swift in Sources */ = {isa = PBXBuildFile; fileRef = AB14349825CEE0E000AA304F /* CastMember+CoreDataClass.swift */; };
		AB14349D25CEE0E000AA304F /* CastMember+CoreDataProperties.swift in Sources */ = {isa = PBXBuildFile; fileRef = AB14349925CEE0E000AA304F /* CastMember+CoreDataProperties.swift */; };
		AB1434AA25CEE53A00AA304F /* Season+CoreDataClass.swift in Sources */ = {isa = PBXBuildFile; fileRef = AB1434A225CEE53900AA304F /* Season+CoreDataClass.swift */; };
		AB1434AB25CEE53A00AA304F /* Season+CoreDataProperties.swift in Sources */ = {isa = PBXBuildFile; fileRef = AB1434A325CEE53A00AA304F /* Season+CoreDataProperties.swift */; };
		AB1434CD25CEF2DD00AA304F /* EpisodeNumber.swift in Sources */ = {isa = PBXBuildFile; fileRef = AB1434CC25CEF2DD00AA304F /* EpisodeNumber.swift */; };
		AB1434D625CF282B00AA304F /* MediaLibrary+CoreDataClass.swift in Sources */ = {isa = PBXBuildFile; fileRef = AB1434D425CF282600AA304F /* MediaLibrary+CoreDataClass.swift */; };
		AB1434D725CF282B00AA304F /* MediaLibrary+CoreDataProperties.swift in Sources */ = {isa = PBXBuildFile; fileRef = AB1434D525CF282600AA304F /* MediaLibrary+CoreDataProperties.swift */; };
		AB149BF923A557220066FD7E /* ResultsPageWrapper.swift in Sources */ = {isa = PBXBuildFile; fileRef = AB149BF823A557220066FD7E /* ResultsPageWrapper.swift */; };
		AB25099B238B18AF00F7A411 /* TextView in Frameworks */ = {isa = PBXBuildFile; productRef = AB25099A238B18AF00F7A411 /* TextView */; };
		AB25099E238B1EED00F7A411 /* KeyboardResponder.swift in Sources */ = {isa = PBXBuildFile; fileRef = AB25099D238B1EED00F7A411 /* KeyboardResponder.swift */; };
		AB2742562389D95200744B83 /* RatingView.swift in Sources */ = {isa = PBXBuildFile; fileRef = AB2742552389D95200744B83 /* RatingView.swift */; };
		AB27425C2389DFEE00744B83 /* WatchedShowView.swift in Sources */ = {isa = PBXBuildFile; fileRef = AB27425B2389DFEE00744B83 /* WatchedShowView.swift */; };
		AB2742602389E06500744B83 /* SimpleValueView.swift in Sources */ = {isa = PBXBuildFile; fileRef = AB27425F2389E06500744B83 /* SimpleValueView.swift */; };
		AB2ACF5124DB1FFF002C5F41 /* APIError.swift in Sources */ = {isa = PBXBuildFile; fileRef = AB2ACF5024DB1FFF002C5F41 /* APIError.swift */; };
		AB2ACF5324DC4961002C5F41 /* TagImporter.swift in Sources */ = {isa = PBXBuildFile; fileRef = AB2ACF5224DC4961002C5F41 /* TagImporter.swift */; };
		AB2D07EF267F83AA005D6353 /* StoreManager.swift in Sources */ = {isa = PBXBuildFile; fileRef = AB2D07EE267F83AA005D6353 /* StoreManager.swift */; };
		AB2E53DC22D0F6F400F722A3 /* MediaDetail.swift in Sources */ = {isa = PBXBuildFile; fileRef = AB2E53DB22D0F6F400F722A3 /* MediaDetail.swift */; };
		AB3648BC22C3D9AF0096FE39 /* TMDBAPI.swift in Sources */ = {isa = PBXBuildFile; fileRef = AB3648BB22C3D9AF0096FE39 /* TMDBAPI.swift */; };
		AB3648BF22C3DDA70096FE39 /* AddMediaView.swift in Sources */ = {isa = PBXBuildFile; fileRef = AB3648BE22C3DDA70096FE39 /* AddMediaView.swift */; };
		AB3FA4FE280B035900FA3C75 /* JFUtils in Frameworks */ = {isa = PBXBuildFile; productRef = AB3FA4FD280B035900FA3C75 /* JFUtils */; };
		AB4085422663A7BA008C559B /* LegalView.swift in Sources */ = {isa = PBXBuildFile; fileRef = AB4085412663A7BA008C559B /* LegalView.swift */; };
		AB4085482663B325008C559B /* ProInfoView.swift in Sources */ = {isa = PBXBuildFile; fileRef = AB4085472663B325008C559B /* ProInfoView.swift */; };
		AB4CD56024D45FBE005FAF20 /* SearchResults-2.json in Resources */ = {isa = PBXBuildFile; fileRef = AB4CD55A24D45FBE005FAF20 /* SearchResults-2.json */; };
		AB4CD56224D45FBE005FAF20 /* Matrix.json in Resources */ = {isa = PBXBuildFile; fileRef = AB4CD55C24D45FBE005FAF20 /* Matrix.json */; };
		AB4CD56324D45FBE005FAF20 /* Blacklist.json in Resources */ = {isa = PBXBuildFile; fileRef = AB4CD55D24D45FBE005FAF20 /* Blacklist.json */; };
		AB4CD56524D45FBE005FAF20 /* SearchResults-1.json in Resources */ = {isa = PBXBuildFile; fileRef = AB4CD55F24D45FBE005FAF20 /* SearchResults-1.json */; };
		AB4CD56824D4664F005FAF20 /* CodableTests.swift in Sources */ = {isa = PBXBuildFile; fileRef = AB4CD56724D4664F005FAF20 /* CodableTests.swift */; };
		AB4CD56B24D46818005FAF20 /* FightClub.json in Resources */ = {isa = PBXBuildFile; fileRef = AB4CD56924D46818005FAF20 /* FightClub.json */; };
		AB4CD56C24D46818005FAF20 /* GameOfThrones.json in Resources */ = {isa = PBXBuildFile; fileRef = AB4CD56A24D46818005FAF20 /* GameOfThrones.json */; };
		AB50944D238D63FD003A81DB /* SettingsView.swift in Sources */ = {isa = PBXBuildFile; fileRef = AB50944C238D63FD003A81DB /* SettingsView.swift */; };
		AB5493D625FAB0850072745B /* LibraryList.swift in Sources */ = {isa = PBXBuildFile; fileRef = AB5493D525FAB0850072745B /* LibraryList.swift */; };
		AB5493DC25FBDD990072745B /* Persistence.swift in Sources */ = {isa = PBXBuildFile; fileRef = AB5493DB25FBDD990072745B /* Persistence.swift */; };
		AB5493E425FBE4CB0072745B /* PlaceholderData.swift in Sources */ = {isa = PBXBuildFile; fileRef = AB5493E325FBE4CB0072745B /* PlaceholderData.swift */; };
		AB54940125FD41930072745B /* CSVImporter in Frameworks */ = {isa = PBXBuildFile; productRef = AB54940025FD41930072745B /* CSVImporter */; };
		AB54940525FD41B90072745B /* CSVManager.swift in Sources */ = {isa = PBXBuildFile; fileRef = AB54940425FD41B90072745B /* CSVManager.swift */; };
		AB5F7E1B238ADF360007A3FE /* NotesView.swift in Sources */ = {isa = PBXBuildFile; fileRef = AB5F7E1A238ADF360007A3FE /* NotesView.swift */; };
		AB5F7E1D238ADF400007A3FE /* TagListView.swift in Sources */ = {isa = PBXBuildFile; fileRef = AB5F7E1C238ADF400007A3FE /* TagListView.swift */; };
		AB5F7E41238AF0AC0007A3FE /* JFLiterals.swift in Sources */ = {isa = PBXBuildFile; fileRef = AB5F7E40238AF0AC0007A3FE /* JFLiterals.swift */; };
		AB61CA29241425E3008BD8C8 /* DocumentPicker.swift in Sources */ = {isa = PBXBuildFile; fileRef = AB61CA28241425E3008BD8C8 /* DocumentPicker.swift */; };
		AB6478D822C7B2A300F3E14E /* JFSwiftUI in Frameworks */ = {isa = PBXBuildFile; productRef = AB6478D722C7B2A300F3E14E /* JFSwiftUI */; };
		AB6478DA22C7B8E800F3E14E /* TMDBSearchResult.swift in Sources */ = {isa = PBXBuildFile; fileRef = AB6478D922C7B8E800F3E14E /* TMDBSearchResult.swift */; };
		AB6478E022C7C91700F3E14E /* TestingUtils.swift in Sources */ = {isa = PBXBuildFile; fileRef = AB6478DF22C7C91700F3E14E /* TestingUtils.swift */; };
		AB6478E222C7D59300F3E14E /* SearchResultView.swift in Sources */ = {isa = PBXBuildFile; fileRef = AB6478E122C7D59300F3E14E /* SearchResultView.swift */; };
		AB6718C122C0312B00F429E4 /* AppDelegate.swift in Sources */ = {isa = PBXBuildFile; fileRef = AB6718C022C0312B00F429E4 /* AppDelegate.swift */; };
		AB6718C322C0312B00F429E4 /* SceneDelegate.swift in Sources */ = {isa = PBXBuildFile; fileRef = AB6718C222C0312B00F429E4 /* SceneDelegate.swift */; };
		AB6718C522C0312B00F429E4 /* ContentView.swift in Sources */ = {isa = PBXBuildFile; fileRef = AB6718C422C0312B00F429E4 /* ContentView.swift */; };
		AB6718C722C0312B00F429E4 /* Assets.xcassets in Resources */ = {isa = PBXBuildFile; fileRef = AB6718C622C0312B00F429E4 /* Assets.xcassets */; };
		AB6718CA22C0312B00F429E4 /* Preview Assets.xcassets in Resources */ = {isa = PBXBuildFile; fileRef = AB6718C922C0312B00F429E4 /* Preview Assets.xcassets */; };
		AB6718CD22C0312B00F429E4 /* LaunchScreen.storyboard in Resources */ = {isa = PBXBuildFile; fileRef = AB6718CB22C0312B00F429E4 /* LaunchScreen.storyboard */; };
		AB6718EE22C032AA00F429E4 /* Media+CoreDataClass.swift in Sources */ = {isa = PBXBuildFile; fileRef = AB6718ED22C032AA00F429E4 /* Media+CoreDataClass.swift */; };
		AB6718F022C037E300F429E4 /* TMDBData.swift in Sources */ = {isa = PBXBuildFile; fileRef = AB6718EF22C037E300F429E4 /* TMDBData.swift */; };
		AB6718F622C113F800F429E4 /* Utils.swift in Sources */ = {isa = PBXBuildFile; fileRef = AB6718F522C113F800F429E4 /* Utils.swift */; };
		AB72E6D2249FFCA000765BF1 /* ProblemsView.swift in Sources */ = {isa = PBXBuildFile; fileRef = AB72E6D1249FFCA000765BF1 /* ProblemsView.swift */; };
		AB7501AD23A12A1500EC2542 /* JFUtilsTests.swift in Sources */ = {isa = PBXBuildFile; fileRef = AB7501AC23A12A1500EC2542 /* JFUtilsTests.swift */; };
		AB79E99E25C9F1850050BD8D /* CloudKit.framework in Frameworks */ = {isa = PBXBuildFile; fileRef = AB79E99D25C9F1850050BD8D /* CloudKit.framework */; };
		AB97D2B0238C194900418E36 /* AlertHandler.swift in Sources */ = {isa = PBXBuildFile; fileRef = AB97D2AF238C194900418E36 /* AlertHandler.swift */; };
		AB98EA36264C23E30048B8CC /* SortingOrder.swift in Sources */ = {isa = PBXBuildFile; fileRef = AB98EA35264C23E20048B8CC /* SortingOrder.swift */; };
		AB98EA38264D77100048B8CC /* LanguageChooser.swift in Sources */ = {isa = PBXBuildFile; fileRef = AB98EA37264D770F0048B8CC /* LanguageChooser.swift */; };
		AB98EA3A264DB6DD0048B8CC /* AggregateCastMember.swift in Sources */ = {isa = PBXBuildFile; fileRef = AB98EA39264DB6DD0048B8CC /* AggregateCastMember.swift */; };
		ABA0399324D4990200DBF71F /* MediaStatus.swift in Sources */ = {isa = PBXBuildFile; fileRef = ABA0399224D4990200DBF71F /* MediaStatus.swift */; };
		ABA13D5B2382D29E00E885DD /* Extensions.swift in Sources */ = {isa = PBXBuildFile; fileRef = ABA13D5A2382D29E00E885DD /* Extensions.swift */; };
		ABA48588264B045300B04278 /* ParentResolver.swift in Sources */ = {isa = PBXBuildFile; fileRef = ABA48587264B045300B04278 /* ParentResolver.swift */; };
		ABA4858A264B05DE00B04278 /* SearchBar.swift in Sources */ = {isa = PBXBuildFile; fileRef = ABA48589264B05DE00B04278 /* SearchBar.swift */; };
		ABB65EC725D01C50009378EC /* Tag+CoreDataClass.swift in Sources */ = {isa = PBXBuildFile; fileRef = ABB65EC325D01C50009378EC /* Tag+CoreDataClass.swift */; };
		ABB65EC825D01C50009378EC /* Tag+CoreDataProperties.swift in Sources */ = {isa = PBXBuildFile; fileRef = ABB65EC425D01C50009378EC /* Tag+CoreDataProperties.swift */; };
		ABB668CE2613E85E00E7A6A4 /* FilterSetting+CoreDataClass.swift in Sources */ = {isa = PBXBuildFile; fileRef = ABB668CC2613E85E00E7A6A4 /* FilterSetting+CoreDataClass.swift */; };
		ABB668CF2613E85E00E7A6A4 /* FilterSetting+CoreDataProperties.swift in Sources */ = {isa = PBXBuildFile; fileRef = ABB668CD2613E85E00E7A6A4 /* FilterSetting+CoreDataProperties.swift */; };
		ABC483C52396CD090004D389 /* RangeEditingView.swift in Sources */ = {isa = PBXBuildFile; fileRef = ABC483C42396CD090004D389 /* RangeEditingView.swift */; };
		ABCEA494238D1FCD00D92B95 /* UserData.swift in Sources */ = {isa = PBXBuildFile; fileRef = ABCEA48F238D1FCD00D92B95 /* UserData.swift */; };
		ABCEA495238D1FCD00D92B95 /* BasicInfo.swift in Sources */ = {isa = PBXBuildFile; fileRef = ABCEA490238D1FCD00D92B95 /* BasicInfo.swift */; };
		ABCEA496238D1FCD00D92B95 /* ExtendedInfo.swift in Sources */ = {isa = PBXBuildFile; fileRef = ABCEA491238D1FCD00D92B95 /* ExtendedInfo.swift */; };
		ABCEA497238D1FCD00D92B95 /* CastInfo.swift in Sources */ = {isa = PBXBuildFile; fileRef = ABCEA492238D1FCD00D92B95 /* CastInfo.swift */; };
		ABCEA498238D1FCD00D92B95 /* SeasonsInfo.swift in Sources */ = {isa = PBXBuildFile; fileRef = ABCEA493238D1FCD00D92B95 /* SeasonsInfo.swift */; };
		ABCEA49A238D1FD300D92B95 /* ViewModifiers.swift in Sources */ = {isa = PBXBuildFile; fileRef = ABCEA499238D1FD300D92B95 /* ViewModifiers.swift */; };
		ABD4C8462648758100BEB3A6 /* Settings.bundle in Resources */ = {isa = PBXBuildFile; fileRef = ABD4C8452648758100BEB3A6 /* Settings.bundle */; };
		ABD4C8482648793300BEB3A6 /* APIKeys.swift in Sources */ = {isa = PBXBuildFile; fileRef = ABD4C8472648793300BEB3A6 /* APIKeys.swift */; };
		ABD7CB5B2375D6BB0049E236 /* TitleView.swift in Sources */ = {isa = PBXBuildFile; fileRef = ABD7CB5A2375D6BB0049E236 /* TitleView.swift */; };
		ABD7CB5F2375D7AD0049E236 /* LongTextView.swift in Sources */ = {isa = PBXBuildFile; fileRef = ABD7CB5E2375D7AD0049E236 /* LongTextView.swift */; };
		ABD7CB612375D96C0049E236 /* LinkView.swift in Sources */ = {isa = PBXBuildFile; fileRef = ABD7CB602375D96C0049E236 /* LinkView.swift */; };
		ABE6721525E017D100CAF7C3 /* Thumbnail+CoreDataClass.swift in Sources */ = {isa = PBXBuildFile; fileRef = ABE6721325E017D100CAF7C3 /* Thumbnail+CoreDataClass.swift */; };
		ABE6721625E017D200CAF7C3 /* Thumbnail+CoreDataProperties.swift in Sources */ = {isa = PBXBuildFile; fileRef = ABE6721425E017D100CAF7C3 /* Thumbnail+CoreDataProperties.swift */; };
		ABE70015239D7EA100DD672B /* APITests.swift in Sources */ = {isa = PBXBuildFile; fileRef = ABE70014239D7EA100DD672B /* APITests.swift */; };
		ABEA7AAA261BB8B80060B5D2 /* Localizable.strings in Resources */ = {isa = PBXBuildFile; fileRef = ABEA7AAC261BB8B80060B5D2 /* Localizable.strings */; };
		ABEA7AB4261BB9620060B5D2 /* Plurals.stringsdict in Resources */ = {isa = PBXBuildFile; fileRef = ABEA7AB6261BB9620060B5D2 /* Plurals.stringsdict */; };
		ABEBA2C723957F59003BF187 /* JFConfig.swift in Sources */ = {isa = PBXBuildFile; fileRef = ABEBA2C623957F59003BF187 /* JFConfig.swift */; };
		ABEBA2CB23959D77003BF187 /* MultiPicker.swift in Sources */ = {isa = PBXBuildFile; fileRef = ABEBA2CA23959D77003BF187 /* MultiPicker.swift */; };
		ABED3B072393263E00F4C327 /* ShowType.swift in Sources */ = {isa = PBXBuildFile; fileRef = ABED3B062393263E00F4C327 /* ShowType.swift */; };
		ABED3B0923932A8F00F4C327 /* FilterView.swift in Sources */ = {isa = PBXBuildFile; fileRef = ABED3B0823932A8F00F4C327 /* FilterView.swift */; };
		ABF8FCC122CAB52F00611036 /* LibraryRow.swift in Sources */ = {isa = PBXBuildFile; fileRef = ABF8FCC022CAB52F00611036 /* LibraryRow.swift */; };
		ABFFE80C2809AF4D00598356 /* CSVHelper.swift in Sources */ = {isa = PBXBuildFile; fileRef = ABFFE80B2809AF4D00598356 /* CSVHelper.swift */; };
/* End PBXBuildFile section */

/* Begin PBXContainerItemProxy section */
		AB6718D422C0312B00F429E4 /* PBXContainerItemProxy */ = {
			isa = PBXContainerItemProxy;
			containerPortal = AB6718B522C0312A00F429E4 /* Project object */;
			proxyType = 1;
			remoteGlobalIDString = AB6718BC22C0312A00F429E4;
			remoteInfo = "Movie DB";
		};
/* End PBXContainerItemProxy section */

/* Begin PBXFileReference section */
		AB01096124D5C31C001BEF39 /* TMDBMovieSearchResult.swift */ = {isa = PBXFileReference; lastKnownFileType = sourcecode.swift; path = TMDBMovieSearchResult.swift; sourceTree = "<group>"; };
		AB01096324D5C32A001BEF39 /* TMDBShowSearchResult.swift */ = {isa = PBXFileReference; lastKnownFileType = sourcecode.swift; path = TMDBShowSearchResult.swift; sourceTree = "<group>"; };
		AB01096624D5C3CC001BEF39 /* SearchResultsPageWrapper.swift */ = {isa = PBXFileReference; lastKnownFileType = sourcecode.swift; path = SearchResultsPageWrapper.swift; sourceTree = "<group>"; };
		AB01097324D850A2001BEF39 /* CSVCoderTests.swift */ = {isa = PBXFileReference; lastKnownFileType = sourcecode.swift; path = CSVCoderTests.swift; sourceTree = "<group>"; };
		AB11C30B22CA3E1A0057105A /* LibraryHome.swift */ = {isa = PBXFileReference; lastKnownFileType = sourcecode.swift; path = LibraryHome.swift; sourceTree = "<group>"; };
		AB1433BA25CD9DAC00AA304F /* Movie DB.xcdatamodel */ = {isa = PBXFileReference; lastKnownFileType = wrapper.xcdatamodel; path = "Movie DB.xcdatamodel"; sourceTree = "<group>"; };
		AB1433F225CDB6F600AA304F /* Show+CoreDataClass.swift */ = {isa = PBXFileReference; lastKnownFileType = sourcecode.swift; path = "Show+CoreDataClass.swift"; sourceTree = "<group>"; };
		AB1433F325CDB6F600AA304F /* Show+CoreDataProperties.swift */ = {isa = PBXFileReference; lastKnownFileType = sourcecode.swift; path = "Show+CoreDataProperties.swift"; sourceTree = "<group>"; };
		AB1433F425CDB6F600AA304F /* Movie+CoreDataClass.swift */ = {isa = PBXFileReference; lastKnownFileType = sourcecode.swift; path = "Movie+CoreDataClass.swift"; sourceTree = "<group>"; };
		AB1433F525CDB6F600AA304F /* Movie+CoreDataProperties.swift */ = {isa = PBXFileReference; lastKnownFileType = sourcecode.swift; path = "Movie+CoreDataProperties.swift"; sourceTree = "<group>"; };
		AB1433F725CDB6F600AA304F /* Media+CoreDataProperties.swift */ = {isa = PBXFileReference; lastKnownFileType = sourcecode.swift; path = "Media+CoreDataProperties.swift"; sourceTree = "<group>"; };
		AB14340325CDD84B00AA304F /* CoreData Extensions.swift */ = {isa = PBXFileReference; lastKnownFileType = sourcecode.swift; path = "CoreData Extensions.swift"; sourceTree = "<group>"; };
		AB14340925CDD9DF00AA304F /* Video+CoreDataClass.swift */ = {isa = PBXFileReference; lastKnownFileType = sourcecode.swift; path = "Video+CoreDataClass.swift"; sourceTree = "<group>"; };
		AB14340A25CDD9DF00AA304F /* Video+CoreDataProperties.swift */ = {isa = PBXFileReference; lastKnownFileType = sourcecode.swift; path = "Video+CoreDataProperties.swift"; sourceTree = "<group>"; };
		AB14341125CDDB6600AA304F /* MediaType.swift */ = {isa = PBXFileReference; lastKnownFileType = sourcecode.swift; path = MediaType.swift; sourceTree = "<group>"; };
		AB14341925CDE2BD00AA304F /* EnumTransformer.swift */ = {isa = PBXFileReference; lastKnownFileType = sourcecode.swift; path = EnumTransformer.swift; sourceTree = "<group>"; };
		AB14342B25CDEE9B00AA304F /* ProductionCompany+CoreDataClass.swift */ = {isa = PBXFileReference; lastKnownFileType = sourcecode.swift; path = "ProductionCompany+CoreDataClass.swift"; sourceTree = "<group>"; };
		AB14342F25CDEEB200AA304F /* ProductionCompany+CoreDataProperties.swift */ = {isa = PBXFileReference; lastKnownFileType = sourcecode.swift; path = "ProductionCompany+CoreDataProperties.swift"; sourceTree = "<group>"; };
		AB14349625CEE0E000AA304F /* Genre+CoreDataClass.swift */ = {isa = PBXFileReference; lastKnownFileType = sourcecode.swift; path = "Genre+CoreDataClass.swift"; sourceTree = "<group>"; };
		AB14349725CEE0E000AA304F /* Genre+CoreDataProperties.swift */ = {isa = PBXFileReference; lastKnownFileType = sourcecode.swift; path = "Genre+CoreDataProperties.swift"; sourceTree = "<group>"; };
		AB14349825CEE0E000AA304F /* CastMember+CoreDataClass.swift */ = {isa = PBXFileReference; lastKnownFileType = sourcecode.swift; path = "CastMember+CoreDataClass.swift"; sourceTree = "<group>"; };
		AB14349925CEE0E000AA304F /* CastMember+CoreDataProperties.swift */ = {isa = PBXFileReference; lastKnownFileType = sourcecode.swift; path = "CastMember+CoreDataProperties.swift"; sourceTree = "<group>"; };
		AB1434A225CEE53900AA304F /* Season+CoreDataClass.swift */ = {isa = PBXFileReference; lastKnownFileType = sourcecode.swift; path = "Season+CoreDataClass.swift"; sourceTree = "<group>"; };
		AB1434A325CEE53A00AA304F /* Season+CoreDataProperties.swift */ = {isa = PBXFileReference; lastKnownFileType = sourcecode.swift; path = "Season+CoreDataProperties.swift"; sourceTree = "<group>"; };
		AB1434CC25CEF2DD00AA304F /* EpisodeNumber.swift */ = {isa = PBXFileReference; lastKnownFileType = sourcecode.swift; path = EpisodeNumber.swift; sourceTree = "<group>"; };
		AB1434D425CF282600AA304F /* MediaLibrary+CoreDataClass.swift */ = {isa = PBXFileReference; lastKnownFileType = sourcecode.swift; path = "MediaLibrary+CoreDataClass.swift"; sourceTree = "<group>"; };
		AB1434D525CF282600AA304F /* MediaLibrary+CoreDataProperties.swift */ = {isa = PBXFileReference; lastKnownFileType = sourcecode.swift; path = "MediaLibrary+CoreDataProperties.swift"; sourceTree = "<group>"; };
		AB149BF823A557220066FD7E /* ResultsPageWrapper.swift */ = {isa = PBXFileReference; lastKnownFileType = sourcecode.swift; path = ResultsPageWrapper.swift; sourceTree = "<group>"; };
		AB25099D238B1EED00F7A411 /* KeyboardResponder.swift */ = {isa = PBXFileReference; lastKnownFileType = sourcecode.swift; path = KeyboardResponder.swift; sourceTree = "<group>"; };
		AB2742552389D95200744B83 /* RatingView.swift */ = {isa = PBXFileReference; lastKnownFileType = sourcecode.swift; path = RatingView.swift; sourceTree = "<group>"; };
		AB27425B2389DFEE00744B83 /* WatchedShowView.swift */ = {isa = PBXFileReference; lastKnownFileType = sourcecode.swift; path = WatchedShowView.swift; sourceTree = "<group>"; };
		AB27425F2389E06500744B83 /* SimpleValueView.swift */ = {isa = PBXFileReference; lastKnownFileType = sourcecode.swift; path = SimpleValueView.swift; sourceTree = "<group>"; };
		AB2ACF5024DB1FFF002C5F41 /* APIError.swift */ = {isa = PBXFileReference; lastKnownFileType = sourcecode.swift; path = APIError.swift; sourceTree = "<group>"; };
		AB2ACF5224DC4961002C5F41 /* TagImporter.swift */ = {isa = PBXFileReference; lastKnownFileType = sourcecode.swift; path = TagImporter.swift; sourceTree = "<group>"; };
		AB2D07EE267F83AA005D6353 /* StoreManager.swift */ = {isa = PBXFileReference; lastKnownFileType = sourcecode.swift; path = StoreManager.swift; sourceTree = "<group>"; };
		AB2E53DB22D0F6F400F722A3 /* MediaDetail.swift */ = {isa = PBXFileReference; lastKnownFileType = sourcecode.swift; path = MediaDetail.swift; sourceTree = "<group>"; };
		AB3648BB22C3D9AF0096FE39 /* TMDBAPI.swift */ = {isa = PBXFileReference; lastKnownFileType = sourcecode.swift; path = TMDBAPI.swift; sourceTree = "<group>"; };
		AB3648BE22C3DDA70096FE39 /* AddMediaView.swift */ = {isa = PBXFileReference; lastKnownFileType = sourcecode.swift; path = AddMediaView.swift; sourceTree = "<group>"; };
		AB4085412663A7BA008C559B /* LegalView.swift */ = {isa = PBXFileReference; lastKnownFileType = sourcecode.swift; path = LegalView.swift; sourceTree = "<group>"; };
		AB4085472663B325008C559B /* ProInfoView.swift */ = {isa = PBXFileReference; lastKnownFileType = sourcecode.swift; path = ProInfoView.swift; sourceTree = "<group>"; };
		AB4CD55A24D45FBE005FAF20 /* SearchResults-2.json */ = {isa = PBXFileReference; fileEncoding = 4; lastKnownFileType = text.json; path = "SearchResults-2.json"; sourceTree = "<group>"; };
		AB4CD55C24D45FBE005FAF20 /* Matrix.json */ = {isa = PBXFileReference; fileEncoding = 4; lastKnownFileType = text.json; path = Matrix.json; sourceTree = "<group>"; };
		AB4CD55D24D45FBE005FAF20 /* Blacklist.json */ = {isa = PBXFileReference; fileEncoding = 4; lastKnownFileType = text.json; path = Blacklist.json; sourceTree = "<group>"; };
		AB4CD55F24D45FBE005FAF20 /* SearchResults-1.json */ = {isa = PBXFileReference; fileEncoding = 4; lastKnownFileType = text.json; path = "SearchResults-1.json"; sourceTree = "<group>"; };
		AB4CD56724D4664F005FAF20 /* CodableTests.swift */ = {isa = PBXFileReference; lastKnownFileType = sourcecode.swift; path = CodableTests.swift; sourceTree = "<group>"; };
		AB4CD56924D46818005FAF20 /* FightClub.json */ = {isa = PBXFileReference; fileEncoding = 4; lastKnownFileType = text.json; path = FightClub.json; sourceTree = "<group>"; };
		AB4CD56A24D46818005FAF20 /* GameOfThrones.json */ = {isa = PBXFileReference; fileEncoding = 4; lastKnownFileType = text.json; path = GameOfThrones.json; sourceTree = "<group>"; };
		AB50944C238D63FD003A81DB /* SettingsView.swift */ = {isa = PBXFileReference; lastKnownFileType = sourcecode.swift; path = SettingsView.swift; sourceTree = "<group>"; };
		AB5493D525FAB0850072745B /* LibraryList.swift */ = {isa = PBXFileReference; lastKnownFileType = sourcecode.swift; path = LibraryList.swift; sourceTree = "<group>"; };
		AB5493DB25FBDD990072745B /* Persistence.swift */ = {isa = PBXFileReference; lastKnownFileType = sourcecode.swift; path = Persistence.swift; sourceTree = "<group>"; };
		AB5493E325FBE4CB0072745B /* PlaceholderData.swift */ = {isa = PBXFileReference; lastKnownFileType = sourcecode.swift; path = PlaceholderData.swift; sourceTree = "<group>"; };
		AB54940425FD41B90072745B /* CSVManager.swift */ = {isa = PBXFileReference; lastKnownFileType = sourcecode.swift; path = CSVManager.swift; sourceTree = "<group>"; };
		AB5F7E1A238ADF360007A3FE /* NotesView.swift */ = {isa = PBXFileReference; lastKnownFileType = sourcecode.swift; path = NotesView.swift; sourceTree = "<group>"; };
		AB5F7E1C238ADF400007A3FE /* TagListView.swift */ = {isa = PBXFileReference; lastKnownFileType = sourcecode.swift; path = TagListView.swift; sourceTree = "<group>"; };
		AB5F7E40238AF0AC0007A3FE /* JFLiterals.swift */ = {isa = PBXFileReference; lastKnownFileType = sourcecode.swift; path = JFLiterals.swift; sourceTree = "<group>"; };
		AB61CA28241425E3008BD8C8 /* DocumentPicker.swift */ = {isa = PBXFileReference; lastKnownFileType = sourcecode.swift; path = DocumentPicker.swift; sourceTree = "<group>"; };
		AB61CA2A24142E6B008BD8C8 /* Movie DB.entitlements */ = {isa = PBXFileReference; lastKnownFileType = text.plist.entitlements; path = "Movie DB.entitlements"; sourceTree = "<group>"; };
		AB6478D922C7B8E800F3E14E /* TMDBSearchResult.swift */ = {isa = PBXFileReference; lastKnownFileType = sourcecode.swift; path = TMDBSearchResult.swift; sourceTree = "<group>"; };
		AB6478DF22C7C91700F3E14E /* TestingUtils.swift */ = {isa = PBXFileReference; lastKnownFileType = sourcecode.swift; path = TestingUtils.swift; sourceTree = "<group>"; };
		AB6478E122C7D59300F3E14E /* SearchResultView.swift */ = {isa = PBXFileReference; lastKnownFileType = sourcecode.swift; path = SearchResultView.swift; sourceTree = "<group>"; };
		AB6718BD22C0312B00F429E4 /* Movie DB.app */ = {isa = PBXFileReference; explicitFileType = wrapper.application; includeInIndex = 0; path = "Movie DB.app"; sourceTree = BUILT_PRODUCTS_DIR; };
		AB6718C022C0312B00F429E4 /* AppDelegate.swift */ = {isa = PBXFileReference; lastKnownFileType = sourcecode.swift; path = AppDelegate.swift; sourceTree = "<group>"; };
		AB6718C222C0312B00F429E4 /* SceneDelegate.swift */ = {isa = PBXFileReference; lastKnownFileType = sourcecode.swift; path = SceneDelegate.swift; sourceTree = "<group>"; };
		AB6718C422C0312B00F429E4 /* ContentView.swift */ = {isa = PBXFileReference; lastKnownFileType = sourcecode.swift; path = ContentView.swift; sourceTree = "<group>"; };
		AB6718C622C0312B00F429E4 /* Assets.xcassets */ = {isa = PBXFileReference; lastKnownFileType = folder.assetcatalog; path = Assets.xcassets; sourceTree = "<group>"; };
		AB6718C922C0312B00F429E4 /* Preview Assets.xcassets */ = {isa = PBXFileReference; lastKnownFileType = folder.assetcatalog; path = "Preview Assets.xcassets"; sourceTree = "<group>"; };
		AB6718CC22C0312B00F429E4 /* Base */ = {isa = PBXFileReference; lastKnownFileType = file.storyboard; name = Base; path = Base.lproj/LaunchScreen.storyboard; sourceTree = "<group>"; };
		AB6718CE22C0312B00F429E4 /* Info.plist */ = {isa = PBXFileReference; lastKnownFileType = text.plist.xml; path = Info.plist; sourceTree = "<group>"; };
		AB6718D322C0312B00F429E4 /* Movie DBTests.xctest */ = {isa = PBXFileReference; explicitFileType = wrapper.cfbundle; includeInIndex = 0; path = "Movie DBTests.xctest"; sourceTree = BUILT_PRODUCTS_DIR; };
		AB6718D922C0312B00F429E4 /* Info.plist */ = {isa = PBXFileReference; lastKnownFileType = text.plist.xml; path = Info.plist; sourceTree = "<group>"; };
		AB6718ED22C032AA00F429E4 /* Media+CoreDataClass.swift */ = {isa = PBXFileReference; lastKnownFileType = sourcecode.swift; path = "Media+CoreDataClass.swift"; sourceTree = "<group>"; };
		AB6718EF22C037E300F429E4 /* TMDBData.swift */ = {isa = PBXFileReference; lastKnownFileType = sourcecode.swift; path = TMDBData.swift; sourceTree = "<group>"; };
		AB6718F522C113F800F429E4 /* Utils.swift */ = {isa = PBXFileReference; lastKnownFileType = sourcecode.swift; path = Utils.swift; sourceTree = "<group>"; };
		AB72E6D1249FFCA000765BF1 /* ProblemsView.swift */ = {isa = PBXFileReference; lastKnownFileType = sourcecode.swift; path = ProblemsView.swift; sourceTree = "<group>"; };
		AB7501AC23A12A1500EC2542 /* JFUtilsTests.swift */ = {isa = PBXFileReference; lastKnownFileType = sourcecode.swift; path = JFUtilsTests.swift; sourceTree = "<group>"; };
		AB79E99D25C9F1850050BD8D /* CloudKit.framework */ = {isa = PBXFileReference; lastKnownFileType = wrapper.framework; name = CloudKit.framework; path = System/Library/Frameworks/CloudKit.framework; sourceTree = SDKROOT; };
		AB97D2AF238C194900418E36 /* AlertHandler.swift */ = {isa = PBXFileReference; lastKnownFileType = sourcecode.swift; path = AlertHandler.swift; sourceTree = "<group>"; };
		AB98EA35264C23E20048B8CC /* SortingOrder.swift */ = {isa = PBXFileReference; lastKnownFileType = sourcecode.swift; path = SortingOrder.swift; sourceTree = "<group>"; };
		AB98EA37264D770F0048B8CC /* LanguageChooser.swift */ = {isa = PBXFileReference; lastKnownFileType = sourcecode.swift; path = LanguageChooser.swift; sourceTree = "<group>"; };
		AB98EA39264DB6DD0048B8CC /* AggregateCastMember.swift */ = {isa = PBXFileReference; lastKnownFileType = sourcecode.swift; path = AggregateCastMember.swift; sourceTree = "<group>"; };
		ABA0399224D4990200DBF71F /* MediaStatus.swift */ = {isa = PBXFileReference; lastKnownFileType = sourcecode.swift; path = MediaStatus.swift; sourceTree = "<group>"; };
		ABA13D592381F02A00E885DD /* README.md */ = {isa = PBXFileReference; lastKnownFileType = net.daringfireball.markdown; path = README.md; sourceTree = "<group>"; };
		ABA13D5A2382D29E00E885DD /* Extensions.swift */ = {isa = PBXFileReference; lastKnownFileType = sourcecode.swift; path = Extensions.swift; sourceTree = "<group>"; };
		ABA48587264B045300B04278 /* ParentResolver.swift */ = {isa = PBXFileReference; lastKnownFileType = sourcecode.swift; path = ParentResolver.swift; sourceTree = "<group>"; };
		ABA48589264B05DE00B04278 /* SearchBar.swift */ = {isa = PBXFileReference; lastKnownFileType = sourcecode.swift; path = SearchBar.swift; sourceTree = "<group>"; };
		ABB65EC325D01C50009378EC /* Tag+CoreDataClass.swift */ = {isa = PBXFileReference; lastKnownFileType = sourcecode.swift; path = "Tag+CoreDataClass.swift"; sourceTree = "<group>"; };
		ABB65EC425D01C50009378EC /* Tag+CoreDataProperties.swift */ = {isa = PBXFileReference; lastKnownFileType = sourcecode.swift; path = "Tag+CoreDataProperties.swift"; sourceTree = "<group>"; };
		ABB668CC2613E85E00E7A6A4 /* FilterSetting+CoreDataClass.swift */ = {isa = PBXFileReference; lastKnownFileType = sourcecode.swift; path = "FilterSetting+CoreDataClass.swift"; sourceTree = "<group>"; };
		ABB668CD2613E85E00E7A6A4 /* FilterSetting+CoreDataProperties.swift */ = {isa = PBXFileReference; lastKnownFileType = sourcecode.swift; path = "FilterSetting+CoreDataProperties.swift"; sourceTree = "<group>"; };
		ABBFCA622618CD5F00B4D92E /* de */ = {isa = PBXFileReference; lastKnownFileType = text.plist.strings; name = de; path = de.lproj/LaunchScreen.strings; sourceTree = "<group>"; };
		ABC483C42396CD090004D389 /* RangeEditingView.swift */ = {isa = PBXFileReference; lastKnownFileType = sourcecode.swift; path = RangeEditingView.swift; sourceTree = "<group>"; };
		ABCEA48F238D1FCD00D92B95 /* UserData.swift */ = {isa = PBXFileReference; fileEncoding = 4; lastKnownFileType = sourcecode.swift; path = UserData.swift; sourceTree = "<group>"; };
		ABCEA490238D1FCD00D92B95 /* BasicInfo.swift */ = {isa = PBXFileReference; fileEncoding = 4; lastKnownFileType = sourcecode.swift; path = BasicInfo.swift; sourceTree = "<group>"; };
		ABCEA491238D1FCD00D92B95 /* ExtendedInfo.swift */ = {isa = PBXFileReference; fileEncoding = 4; lastKnownFileType = sourcecode.swift; path = ExtendedInfo.swift; sourceTree = "<group>"; };
		ABCEA492238D1FCD00D92B95 /* CastInfo.swift */ = {isa = PBXFileReference; fileEncoding = 4; lastKnownFileType = sourcecode.swift; path = CastInfo.swift; sourceTree = "<group>"; };
		ABCEA493238D1FCD00D92B95 /* SeasonsInfo.swift */ = {isa = PBXFileReference; fileEncoding = 4; lastKnownFileType = sourcecode.swift; path = SeasonsInfo.swift; sourceTree = "<group>"; };
		ABCEA499238D1FD300D92B95 /* ViewModifiers.swift */ = {isa = PBXFileReference; fileEncoding = 4; lastKnownFileType = sourcecode.swift; path = ViewModifiers.swift; sourceTree = "<group>"; };
		ABD4C8452648758100BEB3A6 /* Settings.bundle */ = {isa = PBXFileReference; lastKnownFileType = "wrapper.plug-in"; path = Settings.bundle; sourceTree = "<group>"; };
		ABD4C8472648793300BEB3A6 /* APIKeys.swift */ = {isa = PBXFileReference; lastKnownFileType = sourcecode.swift; path = APIKeys.swift; sourceTree = "<group>"; };
		ABD7CB5A2375D6BB0049E236 /* TitleView.swift */ = {isa = PBXFileReference; lastKnownFileType = sourcecode.swift; path = TitleView.swift; sourceTree = "<group>"; };
		ABD7CB5E2375D7AD0049E236 /* LongTextView.swift */ = {isa = PBXFileReference; lastKnownFileType = sourcecode.swift; path = LongTextView.swift; sourceTree = "<group>"; };
		ABD7CB602375D96C0049E236 /* LinkView.swift */ = {isa = PBXFileReference; lastKnownFileType = sourcecode.swift; path = LinkView.swift; sourceTree = "<group>"; };
		ABE6721325E017D100CAF7C3 /* Thumbnail+CoreDataClass.swift */ = {isa = PBXFileReference; lastKnownFileType = sourcecode.swift; path = "Thumbnail+CoreDataClass.swift"; sourceTree = "<group>"; };
		ABE6721425E017D100CAF7C3 /* Thumbnail+CoreDataProperties.swift */ = {isa = PBXFileReference; lastKnownFileType = sourcecode.swift; path = "Thumbnail+CoreDataProperties.swift"; sourceTree = "<group>"; };
		ABE70014239D7EA100DD672B /* APITests.swift */ = {isa = PBXFileReference; lastKnownFileType = sourcecode.swift; path = APITests.swift; sourceTree = "<group>"; };
		ABEA7AAB261BB8B80060B5D2 /* de */ = {isa = PBXFileReference; lastKnownFileType = text.plist.strings; name = de; path = de.lproj/Localizable.strings; sourceTree = "<group>"; };
		ABEA7AAF261BB8C60060B5D2 /* en */ = {isa = PBXFileReference; lastKnownFileType = text.plist.strings; name = en; path = en.lproj/Localizable.strings; sourceTree = "<group>"; };
		ABEA7AB5261BB9620060B5D2 /* en */ = {isa = PBXFileReference; lastKnownFileType = text.plist.stringsdict; name = en; path = en.lproj/Plurals.stringsdict; sourceTree = "<group>"; };
		ABEA7AB7261BB9660060B5D2 /* de */ = {isa = PBXFileReference; lastKnownFileType = text.plist.stringsdict; name = de; path = de.lproj/Plurals.stringsdict; sourceTree = "<group>"; };
		ABEBA2C623957F59003BF187 /* JFConfig.swift */ = {isa = PBXFileReference; lastKnownFileType = sourcecode.swift; path = JFConfig.swift; sourceTree = "<group>"; };
		ABEBA2CA23959D77003BF187 /* MultiPicker.swift */ = {isa = PBXFileReference; lastKnownFileType = sourcecode.swift; path = MultiPicker.swift; sourceTree = "<group>"; };
		ABED3B062393263E00F4C327 /* ShowType.swift */ = {isa = PBXFileReference; lastKnownFileType = sourcecode.swift; path = ShowType.swift; sourceTree = "<group>"; };
		ABED3B0823932A8F00F4C327 /* FilterView.swift */ = {isa = PBXFileReference; lastKnownFileType = sourcecode.swift; path = FilterView.swift; sourceTree = "<group>"; };
		ABF8FCC022CAB52F00611036 /* LibraryRow.swift */ = {isa = PBXFileReference; lastKnownFileType = sourcecode.swift; path = LibraryRow.swift; sourceTree = "<group>"; };
		ABFFE80B2809AF4D00598356 /* CSVHelper.swift */ = {isa = PBXFileReference; lastKnownFileType = sourcecode.swift; path = CSVHelper.swift; sourceTree = "<group>"; };
/* End PBXFileReference section */

/* Begin PBXFrameworksBuildPhase section */
		AB6718BA22C0312A00F429E4 /* Frameworks */ = {
			isa = PBXFrameworksBuildPhase;
			buildActionMask = 2147483647;
			files = (
				AB3FA4FE280B035900FA3C75 /* JFUtils in Frameworks */,
				AB79E99E25C9F1850050BD8D /* CloudKit.framework in Frameworks */,
				AB54940125FD41930072745B /* CSVImporter in Frameworks */,
				AB25099B238B18AF00F7A411 /* TextView in Frameworks */,
				AB6478D822C7B2A300F3E14E /* JFSwiftUI in Frameworks */,
			);
			runOnlyForDeploymentPostprocessing = 0;
		};
		AB6718D022C0312B00F429E4 /* Frameworks */ = {
			isa = PBXFrameworksBuildPhase;
			buildActionMask = 2147483647;
			files = (
			);
			runOnlyForDeploymentPostprocessing = 0;
		};
/* End PBXFrameworksBuildPhase section */

/* Begin PBXGroup section */
		AB01096024D5C2ED001BEF39 /* SearchResult */ = {
			isa = PBXGroup;
			children = (
				AB6478D922C7B8E800F3E14E /* TMDBSearchResult.swift */,
				AB01096124D5C31C001BEF39 /* TMDBMovieSearchResult.swift */,
				AB01096324D5C32A001BEF39 /* TMDBShowSearchResult.swift */,
			);
			path = SearchResult;
			sourceTree = "<group>";
		};
		AB01096A24D73BDE001BEF39 /* CSV */ = {
			isa = PBXGroup;
			children = (
				AB54940425FD41B90072745B /* CSVManager.swift */,
				ABFFE80B2809AF4D00598356 /* CSVHelper.swift */,
			);
			path = CSV;
			sourceTree = "<group>";
		};
		AB1433CC25CDA3A100AA304F /* Model */ = {
			isa = PBXGroup;
			children = (
				ABB668D22613E86B00E7A6A4 /* FilterSetting */,
				ABE6721A25E0183B00CAF7C3 /* Thumbnail */,
				ABB65ED025D01C65009378EC /* Tag */,
				AB1434BE25CEE9BB00AA304F /* Season */,
				AB1434C125CEE9CA00AA304F /* Genre */,
				AB1434C225CEE9D000AA304F /* CastMember */,
				AB1434C325CEE9D700AA304F /* ProductionCompany */,
				AB1434C425CEE9DF00AA304F /* Video */,
				AB1434DA25CF283600AA304F /* MediaLibrary */,
				AB1434C925CEE9F100AA304F /* Media */,
				AB1434C525CEE9E600AA304F /* Show */,
				AB1434C825CEE9EB00AA304F /* Movie */,
			);
			path = Model;
			sourceTree = "<group>";
		};
		AB14340225CDD83E00AA304F /* CoreData */ = {
			isa = PBXGroup;
			children = (
				AB14340325CDD84B00AA304F /* CoreData Extensions.swift */,
				AB14341925CDE2BD00AA304F /* EnumTransformer.swift */,
				AB5493DB25FBDD990072745B /* Persistence.swift */,
				AB1433CC25CDA3A100AA304F /* Model */,
			);
			path = CoreData;
			sourceTree = "<group>";
		};
		AB1434BE25CEE9BB00AA304F /* Season */ = {
			isa = PBXGroup;
			children = (
				AB1434A225CEE53900AA304F /* Season+CoreDataClass.swift */,
				AB1434A325CEE53A00AA304F /* Season+CoreDataProperties.swift */,
			);
			path = Season;
			sourceTree = "<group>";
		};
		AB1434C125CEE9CA00AA304F /* Genre */ = {
			isa = PBXGroup;
			children = (
				AB14349625CEE0E000AA304F /* Genre+CoreDataClass.swift */,
				AB14349725CEE0E000AA304F /* Genre+CoreDataProperties.swift */,
			);
			path = Genre;
			sourceTree = "<group>";
		};
		AB1434C225CEE9D000AA304F /* CastMember */ = {
			isa = PBXGroup;
			children = (
				AB14349825CEE0E000AA304F /* CastMember+CoreDataClass.swift */,
				AB14349925CEE0E000AA304F /* CastMember+CoreDataProperties.swift */,
				AB98EA39264DB6DD0048B8CC /* AggregateCastMember.swift */,
			);
			path = CastMember;
			sourceTree = "<group>";
		};
		AB1434C325CEE9D700AA304F /* ProductionCompany */ = {
			isa = PBXGroup;
			children = (
				AB14342B25CDEE9B00AA304F /* ProductionCompany+CoreDataClass.swift */,
				AB14342F25CDEEB200AA304F /* ProductionCompany+CoreDataProperties.swift */,
			);
			path = ProductionCompany;
			sourceTree = "<group>";
		};
		AB1434C425CEE9DF00AA304F /* Video */ = {
			isa = PBXGroup;
			children = (
				AB14340925CDD9DF00AA304F /* Video+CoreDataClass.swift */,
				AB14340A25CDD9DF00AA304F /* Video+CoreDataProperties.swift */,
			);
			path = Video;
			sourceTree = "<group>";
		};
		AB1434C525CEE9E600AA304F /* Show */ = {
			isa = PBXGroup;
			children = (
				AB1433F225CDB6F600AA304F /* Show+CoreDataClass.swift */,
				AB1433F325CDB6F600AA304F /* Show+CoreDataProperties.swift */,
				ABED3B062393263E00F4C327 /* ShowType.swift */,
				AB1434CC25CEF2DD00AA304F /* EpisodeNumber.swift */,
			);
			path = Show;
			sourceTree = "<group>";
		};
		AB1434C825CEE9EB00AA304F /* Movie */ = {
			isa = PBXGroup;
			children = (
				AB1433F425CDB6F600AA304F /* Movie+CoreDataClass.swift */,
				AB1433F525CDB6F600AA304F /* Movie+CoreDataProperties.swift */,
			);
			path = Movie;
			sourceTree = "<group>";
		};
		AB1434C925CEE9F100AA304F /* Media */ = {
			isa = PBXGroup;
			children = (
				AB6718ED22C032AA00F429E4 /* Media+CoreDataClass.swift */,
				AB1433F725CDB6F600AA304F /* Media+CoreDataProperties.swift */,
				ABA0399224D4990200DBF71F /* MediaStatus.swift */,
				AB14341125CDDB6600AA304F /* MediaType.swift */,
			);
			path = Media;
			sourceTree = "<group>";
		};
		AB1434DA25CF283600AA304F /* MediaLibrary */ = {
			isa = PBXGroup;
			children = (
				AB1434D425CF282600AA304F /* MediaLibrary+CoreDataClass.swift */,
				AB1434D525CF282600AA304F /* MediaLibrary+CoreDataProperties.swift */,
			);
			path = MediaLibrary;
			sourceTree = "<group>";
		};
		AB25099C238B1EE000F7A411 /* Utility */ = {
			isa = PBXGroup;
			children = (
				AB6718F522C113F800F429E4 /* Utils.swift */,
				AB5F7E40238AF0AC0007A3FE /* JFLiterals.swift */,
				AB25099D238B1EED00F7A411 /* KeyboardResponder.swift */,
				AB97D2AF238C194900418E36 /* AlertHandler.swift */,
				ABEBA2C623957F59003BF187 /* JFConfig.swift */,
				AB2ACF5224DC4961002C5F41 /* TagImporter.swift */,
				ABA13D5A2382D29E00E885DD /* Extensions.swift */,
				AB5493E325FBE4CB0072745B /* PlaceholderData.swift */,
				AB2D07EE267F83AA005D6353 /* StoreManager.swift */,
			);
			path = Utility;
			sourceTree = "<group>";
		};
		AB25099F238B2ACB00F7A411 /* Component Views */ = {
			isa = PBXGroup;
			children = (
				AB5A9DC024D312940059C5C9 /* Detail */,
				ABF8FCC022CAB52F00611036 /* LibraryRow.swift */,
				AB6478E122C7D59300F3E14E /* SearchResultView.swift */,
				AB27425F2389E06500744B83 /* SimpleValueView.swift */,
				ABD7CB5E2375D7AD0049E236 /* LongTextView.swift */,
				ABD7CB602375D96C0049E236 /* LinkView.swift */,
				ABEBA2CA23959D77003BF187 /* MultiPicker.swift */,
				ABC483C42396CD090004D389 /* RangeEditingView.swift */,
				AB4085412663A7BA008C559B /* LegalView.swift */,
				AB4085472663B325008C559B /* ProInfoView.swift */,
			);
			path = "Component Views";
			sourceTree = "<group>";
		};
		AB3648BD22C3DD8B0096FE39 /* Views */ = {
			isa = PBXGroup;
			children = (
				AB5A9DBE24D312490059C5C9 /* Top Level Views */,
				AB5A9DBF24D3125C0059C5C9 /* Popovers */,
				AB25099F238B2ACB00F7A411 /* Component Views */,
			);
			path = Views;
			sourceTree = "<group>";
		};
		AB3648C022C3FAEE0096FE39 /* Support Views */ = {
			isa = PBXGroup;
			children = (
				ABCEA499238D1FD300D92B95 /* ViewModifiers.swift */,
				AB61CA28241425E3008BD8C8 /* DocumentPicker.swift */,
				ABA48587264B045300B04278 /* ParentResolver.swift */,
				ABA48589264B05DE00B04278 /* SearchBar.swift */,
			);
			path = "Support Views";
			sourceTree = "<group>";
		};
		AB5A9DBE24D312490059C5C9 /* Top Level Views */ = {
			isa = PBXGroup;
			children = (
				AB6718C422C0312B00F429E4 /* ContentView.swift */,
				AB11C30B22CA3E1A0057105A /* LibraryHome.swift */,
				AB5493D525FAB0850072745B /* LibraryList.swift */,
				AB98EA37264D770F0048B8CC /* LanguageChooser.swift */,
				AB72E6D1249FFCA000765BF1 /* ProblemsView.swift */,
				AB50944C238D63FD003A81DB /* SettingsView.swift */,
				AB2E53DB22D0F6F400F722A3 /* MediaDetail.swift */,
			);
			path = "Top Level Views";
			sourceTree = "<group>";
		};
		AB5A9DBF24D3125C0059C5C9 /* Popovers */ = {
			isa = PBXGroup;
			children = (
				ABED3B0823932A8F00F4C327 /* FilterView.swift */,
				AB3648BE22C3DDA70096FE39 /* AddMediaView.swift */,
			);
			path = Popovers;
			sourceTree = "<group>";
		};
		AB5A9DC024D312940059C5C9 /* Detail */ = {
			isa = PBXGroup;
			children = (
				ABCEA48F238D1FCD00D92B95 /* UserData.swift */,
				ABCEA490238D1FCD00D92B95 /* BasicInfo.swift */,
				ABCEA491238D1FCD00D92B95 /* ExtendedInfo.swift */,
				ABCEA493238D1FCD00D92B95 /* SeasonsInfo.swift */,
				ABCEA492238D1FCD00D92B95 /* CastInfo.swift */,
				ABD7CB5A2375D6BB0049E236 /* TitleView.swift */,
				AB2742552389D95200744B83 /* RatingView.swift */,
				AB27425B2389DFEE00744B83 /* WatchedShowView.swift */,
				AB5F7E1A238ADF360007A3FE /* NotesView.swift */,
				AB5F7E1C238ADF400007A3FE /* TagListView.swift */,
			);
			path = Detail;
			sourceTree = "<group>";
		};
		AB6718B422C0312A00F429E4 = {
			isa = PBXGroup;
			children = (
				ABA13D592381F02A00E885DD /* README.md */,
				AB6718BF22C0312B00F429E4 /* Movie DB */,
				AB6718D622C0312B00F429E4 /* Movie DBTests */,
				AB6718BE22C0312B00F429E4 /* Products */,
				AB79E99C25C9F1850050BD8D /* Frameworks */,
			);
			sourceTree = "<group>";
		};
		AB6718BE22C0312B00F429E4 /* Products */ = {
			isa = PBXGroup;
			children = (
				AB6718BD22C0312B00F429E4 /* Movie DB.app */,
				AB6718D322C0312B00F429E4 /* Movie DBTests.xctest */,
			);
			name = Products;
			sourceTree = "<group>";
		};
		AB6718BF22C0312B00F429E4 /* Movie DB */ = {
			isa = PBXGroup;
			children = (
				ABD4C8452648758100BEB3A6 /* Settings.bundle */,
				AB14340225CDD83E00AA304F /* CoreData */,
				AB61CA2A24142E6B008BD8C8 /* Movie DB.entitlements */,
				AB25099C238B1EE000F7A411 /* Utility */,
				AB6718C022C0312B00F429E4 /* AppDelegate.swift */,
				AB6718C222C0312B00F429E4 /* SceneDelegate.swift */,
				AB6718F222C110F500F429E4 /* APIs */,
				AB01096A24D73BDE001BEF39 /* CSV */,
				AB6718E222C0314100F429E4 /* Models */,
				AB3648BD22C3DD8B0096FE39 /* Views */,
				AB3648C022C3FAEE0096FE39 /* Support Views */,
				AB6718C622C0312B00F429E4 /* Assets.xcassets */,
				AB6718CB22C0312B00F429E4 /* LaunchScreen.storyboard */,
				AB6718CE22C0312B00F429E4 /* Info.plist */,
				ABEA7AAC261BB8B80060B5D2 /* Localizable.strings */,
				ABEA7AB6261BB9620060B5D2 /* Plurals.stringsdict */,
				AB6718C822C0312B00F429E4 /* Preview Content */,
				AB1433B925CD9DAC00AA304F /* Movie DB.xcdatamodeld */,
				ABD4C8472648793300BEB3A6 /* APIKeys.swift */,
			);
			path = "Movie DB";
			sourceTree = "<group>";
		};
		AB6718C822C0312B00F429E4 /* Preview Content */ = {
			isa = PBXGroup;
			children = (
				AB6718C922C0312B00F429E4 /* Preview Assets.xcassets */,
			);
			path = "Preview Content";
			sourceTree = "<group>";
		};
		AB6718D622C0312B00F429E4 /* Movie DBTests */ = {
			isa = PBXGroup;
			children = (
				AB6718FD22C2A0B900F429E4 /* Resources */,
				AB6478DF22C7C91700F3E14E /* TestingUtils.swift */,
				AB4CD56724D4664F005FAF20 /* CodableTests.swift */,
				AB01097324D850A2001BEF39 /* CSVCoderTests.swift */,
				ABE70014239D7EA100DD672B /* APITests.swift */,
				AB7501AC23A12A1500EC2542 /* JFUtilsTests.swift */,
				AB6718D922C0312B00F429E4 /* Info.plist */,
			);
			path = "Movie DBTests";
			sourceTree = "<group>";
		};
		AB6718E222C0314100F429E4 /* Models */ = {
			isa = PBXGroup;
			children = (
				ABED3B03239324E000F4C327 /* TMDBData */,
				AB01096024D5C2ED001BEF39 /* SearchResult */,
				AB98EA35264C23E20048B8CC /* SortingOrder.swift */,
			);
			path = Models;
			sourceTree = "<group>";
		};
		AB6718F222C110F500F429E4 /* APIs */ = {
			isa = PBXGroup;
			children = (
				AB3648BB22C3D9AF0096FE39 /* TMDBAPI.swift */,
				AB2ACF5024DB1FFF002C5F41 /* APIError.swift */,
				AB149BF823A557220066FD7E /* ResultsPageWrapper.swift */,
				AB01096624D5C3CC001BEF39 /* SearchResultsPageWrapper.swift */,
			);
			path = APIs;
			sourceTree = "<group>";
		};
		AB6718FD22C2A0B900F429E4 /* Resources */ = {
			isa = PBXGroup;
			children = (
				AB4CD56924D46818005FAF20 /* FightClub.json */,
				AB4CD55C24D45FBE005FAF20 /* Matrix.json */,
				AB4CD56A24D46818005FAF20 /* GameOfThrones.json */,
				AB4CD55D24D45FBE005FAF20 /* Blacklist.json */,
				AB4CD55F24D45FBE005FAF20 /* SearchResults-1.json */,
				AB4CD55A24D45FBE005FAF20 /* SearchResults-2.json */,
			);
			path = Resources;
			sourceTree = "<group>";
		};
		AB79E99C25C9F1850050BD8D /* Frameworks */ = {
			isa = PBXGroup;
			children = (
				AB79E99D25C9F1850050BD8D /* CloudKit.framework */,
			);
			name = Frameworks;
			sourceTree = "<group>";
		};
		ABB65ED025D01C65009378EC /* Tag */ = {
			isa = PBXGroup;
			children = (
				ABB65EC325D01C50009378EC /* Tag+CoreDataClass.swift */,
				ABB65EC425D01C50009378EC /* Tag+CoreDataProperties.swift */,
			);
			path = Tag;
			sourceTree = "<group>";
		};
		ABB668D22613E86B00E7A6A4 /* FilterSetting */ = {
			isa = PBXGroup;
			children = (
				ABB668CC2613E85E00E7A6A4 /* FilterSetting+CoreDataClass.swift */,
				ABB668CD2613E85E00E7A6A4 /* FilterSetting+CoreDataProperties.swift */,
			);
			path = FilterSetting;
			sourceTree = "<group>";
		};
		ABE6721A25E0183B00CAF7C3 /* Thumbnail */ = {
			isa = PBXGroup;
			children = (
				ABE6721325E017D100CAF7C3 /* Thumbnail+CoreDataClass.swift */,
				ABE6721425E017D100CAF7C3 /* Thumbnail+CoreDataProperties.swift */,
			);
			path = Thumbnail;
			sourceTree = "<group>";
		};
		ABED3B03239324E000F4C327 /* TMDBData */ = {
			isa = PBXGroup;
			children = (
				AB6718EF22C037E300F429E4 /* TMDBData.swift */,
			);
			path = TMDBData;
			sourceTree = "<group>";
		};
/* End PBXGroup section */

/* Begin PBXNativeTarget section */
		AB6718BC22C0312A00F429E4 /* Movie DB */ = {
			isa = PBXNativeTarget;
			buildConfigurationList = AB6718DC22C0312B00F429E4 /* Build configuration list for PBXNativeTarget "Movie DB" */;
			buildPhases = (
				AB6718B922C0312A00F429E4 /* Sources */,
				AB6718BA22C0312A00F429E4 /* Frameworks */,
				AB6718BB22C0312A00F429E4 /* Resources */,
				ABD4C8422648734C00BEB3A6 /* ShellScript */,
			);
			buildRules = (
			);
			dependencies = (
			);
			name = "Movie DB";
			packageProductDependencies = (
				AB6478D722C7B2A300F3E14E /* JFSwiftUI */,
				AB25099A238B18AF00F7A411 /* TextView */,
				AB54940025FD41930072745B /* CSVImporter */,
				AB3FA4FD280B035900FA3C75 /* JFUtils */,
			);
			productName = "Movie DB";
			productReference = AB6718BD22C0312B00F429E4 /* Movie DB.app */;
			productType = "com.apple.product-type.application";
		};
		AB6718D222C0312B00F429E4 /* Movie DBTests */ = {
			isa = PBXNativeTarget;
			buildConfigurationList = AB6718DF22C0312B00F429E4 /* Build configuration list for PBXNativeTarget "Movie DBTests" */;
			buildPhases = (
				AB6718CF22C0312B00F429E4 /* Sources */,
				AB6718D022C0312B00F429E4 /* Frameworks */,
				AB6718D122C0312B00F429E4 /* Resources */,
			);
			buildRules = (
			);
			dependencies = (
				AB6718D522C0312B00F429E4 /* PBXTargetDependency */,
			);
			name = "Movie DBTests";
			productName = "Movie DBTests";
			productReference = AB6718D322C0312B00F429E4 /* Movie DBTests.xctest */;
			productType = "com.apple.product-type.bundle.unit-test";
		};
/* End PBXNativeTarget section */

/* Begin PBXProject section */
		AB6718B522C0312A00F429E4 /* Project object */ = {
			isa = PBXProject;
			attributes = {
				LastSwiftUpdateCheck = 1100;
				LastUpgradeCheck = 1200;
				ORGANIZATIONNAME = "Jonas Frey";
				TargetAttributes = {
					AB6718BC22C0312A00F429E4 = {
						CreatedOnToolsVersion = 11.0;
					};
					AB6718D222C0312B00F429E4 = {
						CreatedOnToolsVersion = 11.0;
						TestTargetID = AB6718BC22C0312A00F429E4;
					};
				};
			};
			buildConfigurationList = AB6718B822C0312A00F429E4 /* Build configuration list for PBXProject "Movie DB" */;
			compatibilityVersion = "Xcode 9.3";
			developmentRegion = en;
			hasScannedForEncodings = 0;
			knownRegions = (
				en,
				Base,
				de,
			);
			mainGroup = AB6718B422C0312A00F429E4;
			packageReferences = (
				AB6478D622C7B2A300F3E14E /* XCRemoteSwiftPackageReference "JFSwiftUI" */,
				AB250999238B18AF00F7A411 /* XCRemoteSwiftPackageReference "TextView" */,
				AB5493FF25FD41930072745B /* XCRemoteSwiftPackageReference "CSVImporter" */,
				ABFFE80828099DCE00598356 /* XCRemoteSwiftPackageReference "JFUtils" */,
				AB3FA4FC280B035900FA3C75 /* XCRemoteSwiftPackageReference "JFUtils" */,
			);
			productRefGroup = AB6718BE22C0312B00F429E4 /* Products */;
			projectDirPath = "";
			projectRoot = "";
			targets = (
				AB6718BC22C0312A00F429E4 /* Movie DB */,
				AB6718D222C0312B00F429E4 /* Movie DBTests */,
			);
		};
/* End PBXProject section */

/* Begin PBXResourcesBuildPhase section */
		AB6718BB22C0312A00F429E4 /* Resources */ = {
			isa = PBXResourcesBuildPhase;
			buildActionMask = 2147483647;
			files = (
				ABEA7AAA261BB8B80060B5D2 /* Localizable.strings in Resources */,
				ABD4C8462648758100BEB3A6 /* Settings.bundle in Resources */,
				AB6718CD22C0312B00F429E4 /* LaunchScreen.storyboard in Resources */,
				AB6718CA22C0312B00F429E4 /* Preview Assets.xcassets in Resources */,
				ABEA7AB4261BB9620060B5D2 /* Plurals.stringsdict in Resources */,
				AB6718C722C0312B00F429E4 /* Assets.xcassets in Resources */,
			);
			runOnlyForDeploymentPostprocessing = 0;
		};
		AB6718D122C0312B00F429E4 /* Resources */ = {
			isa = PBXResourcesBuildPhase;
			buildActionMask = 2147483647;
			files = (
				AB4CD56224D45FBE005FAF20 /* Matrix.json in Resources */,
				AB4CD56524D45FBE005FAF20 /* SearchResults-1.json in Resources */,
				AB4CD56024D45FBE005FAF20 /* SearchResults-2.json in Resources */,
				AB4CD56324D45FBE005FAF20 /* Blacklist.json in Resources */,
				AB4CD56C24D46818005FAF20 /* GameOfThrones.json in Resources */,
				AB4CD56B24D46818005FAF20 /* FightClub.json in Resources */,
			);
			runOnlyForDeploymentPostprocessing = 0;
		};
/* End PBXResourcesBuildPhase section */

/* Begin PBXShellScriptBuildPhase section */
		ABD4C8422648734C00BEB3A6 /* ShellScript */ = {
			isa = PBXShellScriptBuildPhase;
			buildActionMask = 2147483647;
			files = (
			);
			inputFileListPaths = (
			);
			inputPaths = (
			);
			outputFileListPaths = (
			);
			outputPaths = (
			);
			runOnlyForDeploymentPostprocessing = 0;
			shellPath = /bin/sh;
			shellScript = "if [ $CONFIGURATION = \"Debug\" ]; then\n/opt/homebrew/bin/license-plist --output-path \"$PRODUCT_NAME/Settings.bundle\"\nfi\n";
		};
/* End PBXShellScriptBuildPhase section */

/* Begin PBXSourcesBuildPhase section */
		AB6718B922C0312A00F429E4 /* Sources */ = {
			isa = PBXSourcesBuildPhase;
			buildActionMask = 2147483647;
			files = (
				ABB668CF2613E85E00E7A6A4 /* FilterSetting+CoreDataProperties.swift in Sources */,
				AB14340C25CDD9DF00AA304F /* Video+CoreDataProperties.swift in Sources */,
				ABA4858A264B05DE00B04278 /* SearchBar.swift in Sources */,
				AB2D07EF267F83AA005D6353 /* StoreManager.swift in Sources */,
				AB1434D725CF282B00AA304F /* MediaLibrary+CoreDataProperties.swift in Sources */,
				AB01096724D5C3CC001BEF39 /* SearchResultsPageWrapper.swift in Sources */,
				AB1433F925CDB6F600AA304F /* Show+CoreDataProperties.swift in Sources */,
				ABC483C52396CD090004D389 /* RangeEditingView.swift in Sources */,
				ABCEA49A238D1FD300D92B95 /* ViewModifiers.swift in Sources */,
				AB1434AB25CEE53A00AA304F /* Season+CoreDataProperties.swift in Sources */,
				AB61CA29241425E3008BD8C8 /* DocumentPicker.swift in Sources */,
				AB14349B25CEE0E000AA304F /* Genre+CoreDataProperties.swift in Sources */,
				AB14341225CDDB6600AA304F /* MediaType.swift in Sources */,
				AB25099E238B1EED00F7A411 /* KeyboardResponder.swift in Sources */,
				AB27425C2389DFEE00744B83 /* WatchedShowView.swift in Sources */,
				ABD7CB5B2375D6BB0049E236 /* TitleView.swift in Sources */,
				AB1433FA25CDB6F600AA304F /* Movie+CoreDataClass.swift in Sources */,
				AB54940525FD41B90072745B /* CSVManager.swift in Sources */,
				AB5F7E1B238ADF360007A3FE /* NotesView.swift in Sources */,
				AB14341A25CDE2BD00AA304F /* EnumTransformer.swift in Sources */,
				AB4085422663A7BA008C559B /* LegalView.swift in Sources */,
				AB5493D625FAB0850072745B /* LibraryList.swift in Sources */,
				AB72E6D2249FFCA000765BF1 /* ProblemsView.swift in Sources */,
				ABE6721525E017D100CAF7C3 /* Thumbnail+CoreDataClass.swift in Sources */,
				AB11C30C22CA3E1A0057105A /* LibraryHome.swift in Sources */,
				ABEBA2C723957F59003BF187 /* JFConfig.swift in Sources */,
				AB97D2B0238C194900418E36 /* AlertHandler.swift in Sources */,
				ABB668CE2613E85E00E7A6A4 /* FilterSetting+CoreDataClass.swift in Sources */,
				ABED3B072393263E00F4C327 /* ShowType.swift in Sources */,
				AB6478E222C7D59300F3E14E /* SearchResultView.swift in Sources */,
				AB1433FD25CDB6F600AA304F /* Media+CoreDataProperties.swift in Sources */,
				ABD7CB5F2375D7AD0049E236 /* LongTextView.swift in Sources */,
				ABB65EC725D01C50009378EC /* Tag+CoreDataClass.swift in Sources */,
				AB50944D238D63FD003A81DB /* SettingsView.swift in Sources */,
				ABCEA497238D1FCD00D92B95 /* CastInfo.swift in Sources */,
				AB6718F022C037E300F429E4 /* TMDBData.swift in Sources */,
				AB149BF923A557220066FD7E /* ResultsPageWrapper.swift in Sources */,
				ABCEA498238D1FCD00D92B95 /* SeasonsInfo.swift in Sources */,
				AB14343025CDEEB200AA304F /* ProductionCompany+CoreDataProperties.swift in Sources */,
				AB2E53DC22D0F6F400F722A3 /* MediaDetail.swift in Sources */,
				AB6478DA22C7B8E800F3E14E /* TMDBSearchResult.swift in Sources */,
				AB2742602389E06500744B83 /* SimpleValueView.swift in Sources */,
				ABCEA495238D1FCD00D92B95 /* BasicInfo.swift in Sources */,
				AB14349D25CEE0E000AA304F /* CastMember+CoreDataProperties.swift in Sources */,
				AB2ACF5124DB1FFF002C5F41 /* APIError.swift in Sources */,
				AB14349C25CEE0E000AA304F /* CastMember+CoreDataClass.swift in Sources */,
				AB5F7E1D238ADF400007A3FE /* TagListView.swift in Sources */,
				AB6718C122C0312B00F429E4 /* AppDelegate.swift in Sources */,
				AB01096224D5C31C001BEF39 /* TMDBMovieSearchResult.swift in Sources */,
				ABD4C8482648793300BEB3A6 /* APIKeys.swift in Sources */,
				ABA13D5B2382D29E00E885DD /* Extensions.swift in Sources */,
				AB1433F825CDB6F600AA304F /* Show+CoreDataClass.swift in Sources */,
				ABE6721625E017D200CAF7C3 /* Thumbnail+CoreDataProperties.swift in Sources */,
				ABF8FCC122CAB52F00611036 /* LibraryRow.swift in Sources */,
				AB6718EE22C032AA00F429E4 /* Media+CoreDataClass.swift in Sources */,
				AB98EA36264C23E30048B8CC /* SortingOrder.swift in Sources */,
				AB6718C322C0312B00F429E4 /* SceneDelegate.swift in Sources */,
				ABEBA2CB23959D77003BF187 /* MultiPicker.swift in Sources */,
				AB5493DC25FBDD990072745B /* Persistence.swift in Sources */,
				AB14349A25CEE0E000AA304F /* Genre+CoreDataClass.swift in Sources */,
				AB1434CD25CEF2DD00AA304F /* EpisodeNumber.swift in Sources */,
				AB1433FB25CDB6F600AA304F /* Movie+CoreDataProperties.swift in Sources */,
				AB01096424D5C32A001BEF39 /* TMDBShowSearchResult.swift in Sources */,
				AB3648BF22C3DDA70096FE39 /* AddMediaView.swift in Sources */,
				AB14340B25CDD9DF00AA304F /* Video+CoreDataClass.swift in Sources */,
				AB3648BC22C3D9AF0096FE39 /* TMDBAPI.swift in Sources */,
				ABFFE80C2809AF4D00598356 /* CSVHelper.swift in Sources */,
				AB5493E425FBE4CB0072745B /* PlaceholderData.swift in Sources */,
				ABCEA496238D1FCD00D92B95 /* ExtendedInfo.swift in Sources */,
				AB98EA3A264DB6DD0048B8CC /* AggregateCastMember.swift in Sources */,
				AB6718C522C0312B00F429E4 /* ContentView.swift in Sources */,
				AB1434AA25CEE53A00AA304F /* Season+CoreDataClass.swift in Sources */,
				AB1433BB25CD9DAC00AA304F /* Movie DB.xcdatamodeld in Sources */,
				AB14340425CDD84B00AA304F /* CoreData Extensions.swift in Sources */,
				ABCEA494238D1FCD00D92B95 /* UserData.swift in Sources */,
				ABA48588264B045300B04278 /* ParentResolver.swift in Sources */,
				AB4085482663B325008C559B /* ProInfoView.swift in Sources */,
				ABED3B0923932A8F00F4C327 /* FilterView.swift in Sources */,
				ABB65EC825D01C50009378EC /* Tag+CoreDataProperties.swift in Sources */,
				AB2ACF5324DC4961002C5F41 /* TagImporter.swift in Sources */,
				AB1434D625CF282B00AA304F /* MediaLibrary+CoreDataClass.swift in Sources */,
				ABA0399324D4990200DBF71F /* MediaStatus.swift in Sources */,
				AB6718F622C113F800F429E4 /* Utils.swift in Sources */,
				AB5F7E41238AF0AC0007A3FE /* JFLiterals.swift in Sources */,
				ABD7CB612375D96C0049E236 /* LinkView.swift in Sources */,
				AB14342C25CDEE9B00AA304F /* ProductionCompany+CoreDataClass.swift in Sources */,
				AB2742562389D95200744B83 /* RatingView.swift in Sources */,
				AB98EA38264D77100048B8CC /* LanguageChooser.swift in Sources */,
			);
			runOnlyForDeploymentPostprocessing = 0;
		};
		AB6718CF22C0312B00F429E4 /* Sources */ = {
			isa = PBXSourcesBuildPhase;
			buildActionMask = 2147483647;
			files = (
				AB4CD56824D4664F005FAF20 /* CodableTests.swift in Sources */,
				AB6478E022C7C91700F3E14E /* TestingUtils.swift in Sources */,
				AB7501AD23A12A1500EC2542 /* JFUtilsTests.swift in Sources */,
				ABE70015239D7EA100DD672B /* APITests.swift in Sources */,
				AB01097424D850A2001BEF39 /* CSVCoderTests.swift in Sources */,
			);
			runOnlyForDeploymentPostprocessing = 0;
		};
/* End PBXSourcesBuildPhase section */

/* Begin PBXTargetDependency section */
		AB6718D522C0312B00F429E4 /* PBXTargetDependency */ = {
			isa = PBXTargetDependency;
			target = AB6718BC22C0312A00F429E4 /* Movie DB */;
			targetProxy = AB6718D422C0312B00F429E4 /* PBXContainerItemProxy */;
		};
/* End PBXTargetDependency section */

/* Begin PBXVariantGroup section */
		AB6718CB22C0312B00F429E4 /* LaunchScreen.storyboard */ = {
			isa = PBXVariantGroup;
			children = (
				AB6718CC22C0312B00F429E4 /* Base */,
				ABBFCA622618CD5F00B4D92E /* de */,
			);
			name = LaunchScreen.storyboard;
			sourceTree = "<group>";
		};
		ABEA7AAC261BB8B80060B5D2 /* Localizable.strings */ = {
			isa = PBXVariantGroup;
			children = (
				ABEA7AAB261BB8B80060B5D2 /* de */,
				ABEA7AAF261BB8C60060B5D2 /* en */,
			);
			name = Localizable.strings;
			sourceTree = "<group>";
		};
		ABEA7AB6261BB9620060B5D2 /* Plurals.stringsdict */ = {
			isa = PBXVariantGroup;
			children = (
				ABEA7AB5261BB9620060B5D2 /* en */,
				ABEA7AB7261BB9660060B5D2 /* de */,
			);
			name = Plurals.stringsdict;
			sourceTree = "<group>";
		};
/* End PBXVariantGroup section */

/* Begin XCBuildConfiguration section */
		AB6718DA22C0312B00F429E4 /* Debug */ = {
			isa = XCBuildConfiguration;
			buildSettings = {
				ALWAYS_SEARCH_USER_PATHS = NO;
				CLANG_ANALYZER_LOCALIZABILITY_NONLOCALIZED = YES;
				CLANG_ANALYZER_NONNULL = YES;
				CLANG_ANALYZER_NUMBER_OBJECT_CONVERSION = YES_AGGRESSIVE;
				CLANG_CXX_LANGUAGE_STANDARD = "gnu++14";
				CLANG_CXX_LIBRARY = "libc++";
				CLANG_ENABLE_MODULES = YES;
				CLANG_ENABLE_OBJC_ARC = YES;
				CLANG_ENABLE_OBJC_WEAK = YES;
				CLANG_WARN_BLOCK_CAPTURE_AUTORELEASING = YES;
				CLANG_WARN_BOOL_CONVERSION = YES;
				CLANG_WARN_COMMA = YES;
				CLANG_WARN_CONSTANT_CONVERSION = YES;
				CLANG_WARN_DEPRECATED_OBJC_IMPLEMENTATIONS = YES;
				CLANG_WARN_DIRECT_OBJC_ISA_USAGE = YES_ERROR;
				CLANG_WARN_DOCUMENTATION_COMMENTS = YES;
				CLANG_WARN_EMPTY_BODY = YES;
				CLANG_WARN_ENUM_CONVERSION = YES;
				CLANG_WARN_INFINITE_RECURSION = YES;
				CLANG_WARN_INT_CONVERSION = YES;
				CLANG_WARN_NON_LITERAL_NULL_CONVERSION = YES;
				CLANG_WARN_OBJC_IMPLICIT_RETAIN_SELF = YES;
				CLANG_WARN_OBJC_LITERAL_CONVERSION = YES;
				CLANG_WARN_OBJC_ROOT_CLASS = YES_ERROR;
				CLANG_WARN_QUOTED_INCLUDE_IN_FRAMEWORK_HEADER = YES;
				CLANG_WARN_RANGE_LOOP_ANALYSIS = YES;
				CLANG_WARN_STRICT_PROTOTYPES = YES;
				CLANG_WARN_SUSPICIOUS_MOVE = YES;
				CLANG_WARN_UNGUARDED_AVAILABILITY = YES_AGGRESSIVE;
				CLANG_WARN_UNREACHABLE_CODE = YES;
				CLANG_WARN__DUPLICATE_METHOD_MATCH = YES;
				COPY_PHASE_STRIP = NO;
				DEBUG_INFORMATION_FORMAT = dwarf;
				ENABLE_STRICT_OBJC_MSGSEND = YES;
				ENABLE_TESTABILITY = YES;
				GCC_C_LANGUAGE_STANDARD = gnu11;
				GCC_DYNAMIC_NO_PIC = NO;
				GCC_NO_COMMON_BLOCKS = YES;
				GCC_OPTIMIZATION_LEVEL = 0;
				GCC_PREPROCESSOR_DEFINITIONS = (
					"DEBUG=1",
					"$(inherited)",
				);
				GCC_WARN_64_TO_32_BIT_CONVERSION = YES;
				GCC_WARN_ABOUT_RETURN_TYPE = YES_ERROR;
				GCC_WARN_UNDECLARED_SELECTOR = YES;
				GCC_WARN_UNINITIALIZED_AUTOS = YES_AGGRESSIVE;
				GCC_WARN_UNUSED_FUNCTION = YES;
				GCC_WARN_UNUSED_VARIABLE = YES;
				IPHONEOS_DEPLOYMENT_TARGET = 15.0;
				MTL_ENABLE_DEBUG_INFO = INCLUDE_SOURCE;
				MTL_FAST_MATH = YES;
				ONLY_ACTIVE_ARCH = YES;
				SDKROOT = iphoneos;
				SWIFT_ACTIVE_COMPILATION_CONDITIONS = DEBUG;
				SWIFT_OPTIMIZATION_LEVEL = "-Onone";
			};
			name = Debug;
		};
		AB6718DB22C0312B00F429E4 /* Release */ = {
			isa = XCBuildConfiguration;
			buildSettings = {
				ALWAYS_SEARCH_USER_PATHS = NO;
				CLANG_ANALYZER_LOCALIZABILITY_NONLOCALIZED = YES;
				CLANG_ANALYZER_NONNULL = YES;
				CLANG_ANALYZER_NUMBER_OBJECT_CONVERSION = YES_AGGRESSIVE;
				CLANG_CXX_LANGUAGE_STANDARD = "gnu++14";
				CLANG_CXX_LIBRARY = "libc++";
				CLANG_ENABLE_MODULES = YES;
				CLANG_ENABLE_OBJC_ARC = YES;
				CLANG_ENABLE_OBJC_WEAK = YES;
				CLANG_WARN_BLOCK_CAPTURE_AUTORELEASING = YES;
				CLANG_WARN_BOOL_CONVERSION = YES;
				CLANG_WARN_COMMA = YES;
				CLANG_WARN_CONSTANT_CONVERSION = YES;
				CLANG_WARN_DEPRECATED_OBJC_IMPLEMENTATIONS = YES;
				CLANG_WARN_DIRECT_OBJC_ISA_USAGE = YES_ERROR;
				CLANG_WARN_DOCUMENTATION_COMMENTS = YES;
				CLANG_WARN_EMPTY_BODY = YES;
				CLANG_WARN_ENUM_CONVERSION = YES;
				CLANG_WARN_INFINITE_RECURSION = YES;
				CLANG_WARN_INT_CONVERSION = YES;
				CLANG_WARN_NON_LITERAL_NULL_CONVERSION = YES;
				CLANG_WARN_OBJC_IMPLICIT_RETAIN_SELF = YES;
				CLANG_WARN_OBJC_LITERAL_CONVERSION = YES;
				CLANG_WARN_OBJC_ROOT_CLASS = YES_ERROR;
				CLANG_WARN_QUOTED_INCLUDE_IN_FRAMEWORK_HEADER = YES;
				CLANG_WARN_RANGE_LOOP_ANALYSIS = YES;
				CLANG_WARN_STRICT_PROTOTYPES = YES;
				CLANG_WARN_SUSPICIOUS_MOVE = YES;
				CLANG_WARN_UNGUARDED_AVAILABILITY = YES_AGGRESSIVE;
				CLANG_WARN_UNREACHABLE_CODE = YES;
				CLANG_WARN__DUPLICATE_METHOD_MATCH = YES;
				COPY_PHASE_STRIP = NO;
				DEBUG_INFORMATION_FORMAT = "dwarf-with-dsym";
				ENABLE_NS_ASSERTIONS = NO;
				ENABLE_STRICT_OBJC_MSGSEND = YES;
				GCC_C_LANGUAGE_STANDARD = gnu11;
				GCC_NO_COMMON_BLOCKS = YES;
				GCC_WARN_64_TO_32_BIT_CONVERSION = YES;
				GCC_WARN_ABOUT_RETURN_TYPE = YES_ERROR;
				GCC_WARN_UNDECLARED_SELECTOR = YES;
				GCC_WARN_UNINITIALIZED_AUTOS = YES_AGGRESSIVE;
				GCC_WARN_UNUSED_FUNCTION = YES;
				GCC_WARN_UNUSED_VARIABLE = YES;
				IPHONEOS_DEPLOYMENT_TARGET = 15.0;
				MTL_ENABLE_DEBUG_INFO = NO;
				MTL_FAST_MATH = YES;
				SDKROOT = iphoneos;
				SWIFT_COMPILATION_MODE = wholemodule;
				SWIFT_OPTIMIZATION_LEVEL = "-O";
				VALIDATE_PRODUCT = YES;
			};
			name = Release;
		};
		AB6718DD22C0312B00F429E4 /* Debug */ = {
			isa = XCBuildConfiguration;
			buildSettings = {
				ASSETCATALOG_COMPILER_APPICON_NAME = AppIcon;
				CODE_SIGN_ENTITLEMENTS = "Movie DB/Movie DB.entitlements";
				CODE_SIGN_STYLE = Automatic;
				DEVELOPMENT_ASSET_PATHS = "\"Movie DB\"/Preview\\ Content";
				DEVELOPMENT_TEAM = 46C9Y785NA;
				"ENABLE_HARDENED_RUNTIME[sdk=macosx*]" = NO;
				ENABLE_PREVIEWS = YES;
				INFOPLIST_FILE = "Movie DB/Info.plist";
				IPHONEOS_DEPLOYMENT_TARGET = 15.0;
				LD_RUNPATH_SEARCH_PATHS = (
					"$(inherited)",
					"@executable_path/Frameworks",
				);
				MARKETING_VERSION = 1.0;
				PRODUCT_BUNDLE_IDENTIFIER = "de.JonasFrey.Movie-DB";
				PRODUCT_NAME = "$(TARGET_NAME)";
				SUPPORTS_MACCATALYST = YES;
				SWIFT_VERSION = 5.0;
				TARGETED_DEVICE_FAMILY = "1,2";
			};
			name = Debug;
		};
		AB6718DE22C0312B00F429E4 /* Release */ = {
			isa = XCBuildConfiguration;
			buildSettings = {
				ASSETCATALOG_COMPILER_APPICON_NAME = AppIcon;
				CODE_SIGN_ENTITLEMENTS = "Movie DB/Movie DB.entitlements";
				CODE_SIGN_STYLE = Automatic;
				DEVELOPMENT_ASSET_PATHS = "\"Movie DB\"/Preview\\ Content";
				DEVELOPMENT_TEAM = 46C9Y785NA;
				"ENABLE_HARDENED_RUNTIME[sdk=macosx*]" = NO;
				ENABLE_PREVIEWS = YES;
				INFOPLIST_FILE = "Movie DB/Info.plist";
				IPHONEOS_DEPLOYMENT_TARGET = 15.0;
				LD_RUNPATH_SEARCH_PATHS = (
					"$(inherited)",
					"@executable_path/Frameworks",
				);
				MARKETING_VERSION = 1.0;
				PRODUCT_BUNDLE_IDENTIFIER = "de.JonasFrey.Movie-DB";
				PRODUCT_NAME = "$(TARGET_NAME)";
				SUPPORTS_MACCATALYST = YES;
				SWIFT_VERSION = 5.0;
				TARGETED_DEVICE_FAMILY = "1,2";
			};
			name = Release;
		};
		AB6718E022C0312B00F429E4 /* Debug */ = {
			isa = XCBuildConfiguration;
			buildSettings = {
				ALWAYS_EMBED_SWIFT_STANDARD_LIBRARIES = YES;
				BUNDLE_LOADER = "$(TEST_HOST)";
				CODE_SIGN_STYLE = Automatic;
				DEVELOPMENT_TEAM = 46C9Y785NA;
				INFOPLIST_FILE = "Movie DBTests/Info.plist";
				LD_RUNPATH_SEARCH_PATHS = (
					"$(inherited)",
					"@executable_path/Frameworks",
					"@loader_path/Frameworks",
				);
				PRODUCT_BUNDLE_IDENTIFIER = "de.JonasFrey.Movie-DBTests";
				PRODUCT_NAME = "$(TARGET_NAME)";
				SWIFT_VERSION = 5.0;
				TARGETED_DEVICE_FAMILY = "1,2";
				TEST_HOST = "$(BUILT_PRODUCTS_DIR)/Movie DB.app/Movie DB";
			};
			name = Debug;
		};
		AB6718E122C0312B00F429E4 /* Release */ = {
			isa = XCBuildConfiguration;
			buildSettings = {
				ALWAYS_EMBED_SWIFT_STANDARD_LIBRARIES = YES;
				BUNDLE_LOADER = "$(TEST_HOST)";
				CODE_SIGN_STYLE = Automatic;
				DEVELOPMENT_TEAM = 46C9Y785NA;
				INFOPLIST_FILE = "Movie DBTests/Info.plist";
				LD_RUNPATH_SEARCH_PATHS = (
					"$(inherited)",
					"@executable_path/Frameworks",
					"@loader_path/Frameworks",
				);
				PRODUCT_BUNDLE_IDENTIFIER = "de.JonasFrey.Movie-DBTests";
				PRODUCT_NAME = "$(TARGET_NAME)";
				SWIFT_VERSION = 5.0;
				TARGETED_DEVICE_FAMILY = "1,2";
				TEST_HOST = "$(BUILT_PRODUCTS_DIR)/Movie DB.app/Movie DB";
			};
			name = Release;
		};
/* End XCBuildConfiguration section */

/* Begin XCConfigurationList section */
		AB6718B822C0312A00F429E4 /* Build configuration list for PBXProject "Movie DB" */ = {
			isa = XCConfigurationList;
			buildConfigurations = (
				AB6718DA22C0312B00F429E4 /* Debug */,
				AB6718DB22C0312B00F429E4 /* Release */,
			);
			defaultConfigurationIsVisible = 0;
			defaultConfigurationName = Release;
		};
		AB6718DC22C0312B00F429E4 /* Build configuration list for PBXNativeTarget "Movie DB" */ = {
			isa = XCConfigurationList;
			buildConfigurations = (
				AB6718DD22C0312B00F429E4 /* Debug */,
				AB6718DE22C0312B00F429E4 /* Release */,
			);
			defaultConfigurationIsVisible = 0;
			defaultConfigurationName = Release;
		};
		AB6718DF22C0312B00F429E4 /* Build configuration list for PBXNativeTarget "Movie DBTests" */ = {
			isa = XCConfigurationList;
			buildConfigurations = (
				AB6718E022C0312B00F429E4 /* Debug */,
				AB6718E122C0312B00F429E4 /* Release */,
			);
			defaultConfigurationIsVisible = 0;
			defaultConfigurationName = Release;
		};
/* End XCConfigurationList section */

/* Begin XCRemoteSwiftPackageReference section */
		AB250999238B18AF00F7A411 /* XCRemoteSwiftPackageReference "TextView" */ = {
			isa = XCRemoteSwiftPackageReference;
			repositoryURL = "https://github.com/kenmueller/TextView";
			requirement = {
				kind = upToNextMajorVersion;
				minimumVersion = 1.1.0;
			};
		};
		AB3FA4FC280B035900FA3C75 /* XCRemoteSwiftPackageReference "JFUtils" */ = {
			isa = XCRemoteSwiftPackageReference;
			repositoryURL = "https://github.com/iComputerfreak/JFUtils";
			requirement = {
				kind = upToNextMajorVersion;
				minimumVersion = 1.0.0;
			};
		};
		AB5493FF25FD41930072745B /* XCRemoteSwiftPackageReference "CSVImporter" */ = {
			isa = XCRemoteSwiftPackageReference;
			repositoryURL = "https://github.com/Flinesoft/CSVImporter.git";
			requirement = {
				kind = upToNextMajorVersion;
				minimumVersion = 1.9.1;
			};
		};
		AB6478D622C7B2A300F3E14E /* XCRemoteSwiftPackageReference "JFSwiftUI" */ = {
			isa = XCRemoteSwiftPackageReference;
			repositoryURL = "https://github.com/iComputerfreak/JFSwiftUI.git";
			requirement = {
				kind = upToNextMajorVersion;
				minimumVersion = 1.0.6;
			};
		};
		ABFFE80828099DCE00598356 /* XCRemoteSwiftPackageReference "JFUtils" */ = {
			isa = XCRemoteSwiftPackageReference;
			repositoryURL = "https://github.com/iComputerfreak/JFUtils";
			requirement = {
				kind = upToNextMajorVersion;
				minimumVersion = 1.0.0;
			};
		};
/* End XCRemoteSwiftPackageReference section */

/* Begin XCSwiftPackageProductDependency section */
		AB25099A238B18AF00F7A411 /* TextView */ = {
			isa = XCSwiftPackageProductDependency;
			package = AB250999238B18AF00F7A411 /* XCRemoteSwiftPackageReference "TextView" */;
			productName = TextView;
		};
		AB3FA4FD280B035900FA3C75 /* JFUtils */ = {
			isa = XCSwiftPackageProductDependency;
			package = ABFFE80828099DCE00598356 /* XCRemoteSwiftPackageReference "JFUtils" */;
			productName = JFUtils;
		};
		AB54940025FD41930072745B /* CSVImporter */ = {
			isa = XCSwiftPackageProductDependency;
			package = AB5493FF25FD41930072745B /* XCRemoteSwiftPackageReference "CSVImporter" */;
			productName = CSVImporter;
		};
		AB6478D722C7B2A300F3E14E /* JFSwiftUI */ = {
			isa = XCSwiftPackageProductDependency;
			package = AB6478D622C7B2A300F3E14E /* XCRemoteSwiftPackageReference "JFSwiftUI" */;
			productName = JFSwiftUI;
		};
/* End XCSwiftPackageProductDependency section */

/* Begin XCVersionGroup section */
		AB1433B925CD9DAC00AA304F /* Movie DB.xcdatamodeld */ = {
			isa = XCVersionGroup;
			children = (
				AB1433BA25CD9DAC00AA304F /* Movie DB.xcdatamodel */,
			);
			currentVersion = AB1433BA25CD9DAC00AA304F /* Movie DB.xcdatamodel */;
			path = "Movie DB.xcdatamodeld";
			sourceTree = "<group>";
			versionGroupType = wrapper.xcdatamodel;
		};
/* End XCVersionGroup section */
	};
	rootObject = AB6718B522C0312A00F429E4 /* Project object */;
}
