// !$*UTF8*$!
{
	archiveVersion = 1;
	classes = {
	};
	objectVersion = 70;
	objects = {

/* Begin PBXBuildFile section */
		AB0239EC2D5BE69D00C3FF52 /* AppFoundation in Frameworks */ = {isa = PBXBuildFile; productRef = AB0239EB2D5BE69D00C3FF52 /* AppFoundation */; };
		AB02A0252B460F05008362D7 /* Flow in Frameworks */ = {isa = PBXBuildFile; productRef = AB02A0242B460F05008362D7 /* Flow */; };
		AB32B2992D58AFAE003CC26E /* Products.storekit in Resources */ = {isa = PBXBuildFile; fileRef = AB32B2812D58AFAE003CC26E /* Products.storekit */; };
		AB5027852D58AD7400D7DD9B /* AppDelegate.swift in Sources */ = {isa = PBXBuildFile; fileRef = AB5026542D58AD7400D7DD9B /* AppDelegate.swift */; };
		AB5027862D58AD7400D7DD9B /* BackgroundHandler.swift in Sources */ = {isa = PBXBuildFile; fileRef = AB5026562D58AD7400D7DD9B /* BackgroundHandler.swift */; };
		AB5027872D58AD7400D7DD9B /* Environment.swift in Sources */ = {isa = PBXBuildFile; fileRef = AB5026572D58AD7400D7DD9B /* Environment.swift */; };
		AB5027882D58AD7400D7DD9B /* Logging.swift in Sources */ = {isa = PBXBuildFile; fileRef = AB50265E2D58AD7400D7DD9B /* Logging.swift */; };
		AB50278A2D58AD7400D7DD9B /* MovieDBApp.swift in Sources */ = {isa = PBXBuildFile; fileRef = AB5026612D58AD7400D7DD9B /* MovieDBApp.swift */; };
		AB50278B2D58AD7400D7DD9B /* OpenShareURL.swift in Sources */ = {isa = PBXBuildFile; fileRef = AB5026622D58AD7400D7DD9B /* OpenShareURL.swift */; };
		AB50278C2D58AD7400D7DD9B /* SceneDelegate.swift in Sources */ = {isa = PBXBuildFile; fileRef = AB5026642D58AD7400D7DD9B /* SceneDelegate.swift */; };
		AB50278D2D58AD7400D7DD9B /* Secrets.swift in Sources */ = {isa = PBXBuildFile; fileRef = AB5026652D58AD7400D7DD9B /* Secrets.swift */; };
		AB6478D822C7B2A300F3E14E /* JFSwiftUI in Frameworks */ = {isa = PBXBuildFile; productRef = AB6478D722C7B2A300F3E14E /* JFSwiftUI */; };
		ABB644942971760A0024BD80 /* StoreKit.framework in Frameworks */ = {isa = PBXBuildFile; fileRef = ABB644932971760A0024BD80 /* StoreKit.framework */; };
		ABD249032A2394CC002DEB3D /* JFUtils in Frameworks */ = {isa = PBXBuildFile; productRef = ABD249022A2394CC002DEB3D /* JFUtils */; };
		ABD249082A23955F002DEB3D /* JFTestingUtils in Frameworks */ = {isa = PBXBuildFile; productRef = ABD249072A23955F002DEB3D /* JFTestingUtils */; };
		ABD2490A2A239562002DEB3D /* JFTestingUtils in Frameworks */ = {isa = PBXBuildFile; productRef = ABD249092A239562002DEB3D /* JFTestingUtils */; };
		ABD2490C2A239565002DEB3D /* JFTestingUtils in Frameworks */ = {isa = PBXBuildFile; productRef = ABD2490B2A239565002DEB3D /* JFTestingUtils */; };
		ABD2490E2A23A465002DEB3D /* JFUtils in Frameworks */ = {isa = PBXBuildFile; productRef = ABD2490D2A23A465002DEB3D /* JFUtils */; };
		ABD249102A23A46A002DEB3D /* JFUtils in Frameworks */ = {isa = PBXBuildFile; productRef = ABD2490F2A23A46A002DEB3D /* JFUtils */; };
		ABD249122A23A46E002DEB3D /* JFUtils in Frameworks */ = {isa = PBXBuildFile; productRef = ABD249112A23A46E002DEB3D /* JFUtils */; };
		ABD3C5EE29C39F56000B5107 /* SwiftCSV in Frameworks */ = {isa = PBXBuildFile; productRef = ABD3C5ED29C39F56000B5107 /* SwiftCSV */; };
		ABE17B6A284FA06900879C30 /* CloudKit.framework in Frameworks */ = {isa = PBXBuildFile; fileRef = ABE17B68284FA05600879C30 /* CloudKit.framework */; };
/* End PBXBuildFile section */

/* Begin PBXContainerItemProxy section */
		AB48BD6F2816CE3C00E53135 /* PBXContainerItemProxy */ = {
			isa = PBXContainerItemProxy;
			containerPortal = AB6718B522C0312A00F429E4 /* Project object */;
			proxyType = 1;
			remoteGlobalIDString = AB6718BC22C0312A00F429E4;
			remoteInfo = "Movie DB";
		};
		AB6718D422C0312B00F429E4 /* PBXContainerItemProxy */ = {
			isa = PBXContainerItemProxy;
			containerPortal = AB6718B522C0312A00F429E4 /* Project object */;
			proxyType = 1;
			remoteGlobalIDString = AB6718BC22C0312A00F429E4;
			remoteInfo = "Movie DB";
		};
		ABB644A12971C10D0024BD80 /* PBXContainerItemProxy */ = {
			isa = PBXContainerItemProxy;
			containerPortal = AB6718B522C0312A00F429E4 /* Project object */;
			proxyType = 1;
			remoteGlobalIDString = AB6718BC22C0312A00F429E4;
			remoteInfo = "Movie DB";
		};
/* End PBXContainerItemProxy section */

/* Begin PBXFileReference section */
		AB0318BE28411A2300041E0B /* TestPlan.xctestplan */ = {isa = PBXFileReference; lastKnownFileType = text; path = TestPlan.xctestplan; sourceTree = "<group>"; };
		AB32B2812D58AFAE003CC26E /* Products.storekit */ = {isa = PBXFileReference; lastKnownFileType = text; path = Products.storekit; sourceTree = "<group>"; };
		AB48BD692816CE3C00E53135 /* Movie DBUITests.xctest */ = {isa = PBXFileReference; explicitFileType = wrapper.cfbundle; includeInIndex = 0; path = "Movie DBUITests.xctest"; sourceTree = BUILT_PRODUCTS_DIR; };
		AB5026542D58AD7400D7DD9B /* AppDelegate.swift */ = {isa = PBXFileReference; lastKnownFileType = sourcecode.swift; path = AppDelegate.swift; sourceTree = "<group>"; };
		AB5026562D58AD7400D7DD9B /* BackgroundHandler.swift */ = {isa = PBXFileReference; lastKnownFileType = sourcecode.swift; path = BackgroundHandler.swift; sourceTree = "<group>"; };
		AB5026572D58AD7400D7DD9B /* Environment.swift */ = {isa = PBXFileReference; lastKnownFileType = sourcecode.swift; path = Environment.swift; sourceTree = "<group>"; };
		AB50265E2D58AD7400D7DD9B /* Logging.swift */ = {isa = PBXFileReference; lastKnownFileType = sourcecode.swift; path = Logging.swift; sourceTree = "<group>"; };
		AB5026612D58AD7400D7DD9B /* MovieDBApp.swift */ = {isa = PBXFileReference; lastKnownFileType = sourcecode.swift; path = MovieDBApp.swift; sourceTree = "<group>"; };
		AB5026622D58AD7400D7DD9B /* OpenShareURL.swift */ = {isa = PBXFileReference; lastKnownFileType = sourcecode.swift; path = OpenShareURL.swift; sourceTree = "<group>"; };
		AB5026642D58AD7400D7DD9B /* SceneDelegate.swift */ = {isa = PBXFileReference; lastKnownFileType = sourcecode.swift; path = SceneDelegate.swift; sourceTree = "<group>"; };
		AB5026652D58AD7400D7DD9B /* Secrets.swift */ = {isa = PBXFileReference; lastKnownFileType = sourcecode.swift; path = Secrets.swift; sourceTree = "<group>"; };
		AB5026662D58AD7400D7DD9B /* Secrets.swift.gyb */ = {isa = PBXFileReference; lastKnownFileType = text; path = Secrets.swift.gyb; sourceTree = "<group>"; };
		AB6718BD22C0312B00F429E4 /* Movie DB.app */ = {isa = PBXFileReference; explicitFileType = wrapper.application; includeInIndex = 0; path = "Movie DB.app"; sourceTree = BUILT_PRODUCTS_DIR; };
		AB6718D322C0312B00F429E4 /* Movie DBTests.xctest */ = {isa = PBXFileReference; explicitFileType = wrapper.cfbundle; includeInIndex = 0; path = "Movie DBTests.xctest"; sourceTree = BUILT_PRODUCTS_DIR; };
		AB79E99D25C9F1850050BD8D /* CloudKit.framework */ = {isa = PBXFileReference; lastKnownFileType = wrapper.framework; name = CloudKit.framework; path = System/Library/Frameworks/CloudKit.framework; sourceTree = SDKROOT; };
		ABA13D592381F02A00E885DD /* README.md */ = {isa = PBXFileReference; lastKnownFileType = net.daringfireball.markdown; path = README.md; sourceTree = "<group>"; };
		ABB644932971760A0024BD80 /* StoreKit.framework */ = {isa = PBXFileReference; lastKnownFileType = wrapper.framework; name = StoreKit.framework; path = System/Library/Frameworks/StoreKit.framework; sourceTree = SDKROOT; };
		ABB6449B2971C10D0024BD80 /* Movie DBScreenshots.xctest */ = {isa = PBXFileReference; explicitFileType = wrapper.cfbundle; includeInIndex = 0; path = "Movie DBScreenshots.xctest"; sourceTree = BUILT_PRODUCTS_DIR; };
		ABD248FB2A2389DB002DEB3D /* XCTest.framework */ = {isa = PBXFileReference; lastKnownFileType = wrapper.framework; name = XCTest.framework; path = Platforms/iPhoneOS.platform/Developer/Library/Frameworks/XCTest.framework; sourceTree = DEVELOPER_DIR; };
		ABE17B68284FA05600879C30 /* CloudKit.framework */ = {isa = PBXFileReference; lastKnownFileType = wrapper.framework; name = CloudKit.framework; path = Platforms/MacOSX.platform/Developer/SDKs/MacOSX13.0.sdk/System/Library/Frameworks/CloudKit.framework; sourceTree = DEVELOPER_DIR; };
		ABE17B88284FD52800879C30 /* libswiftCloudKit.tbd */ = {isa = PBXFileReference; lastKnownFileType = "sourcecode.text-based-dylib-definition"; name = libswiftCloudKit.tbd; path = usr/lib/swift/libswiftCloudKit.tbd; sourceTree = SDKROOT; };
		ABEEB07D28104D8800230F0B /* .swiftlint.yml */ = {isa = PBXFileReference; lastKnownFileType = text.yaml; path = .swiftlint.yml; sourceTree = "<group>"; };
/* End PBXFileReference section */

/* Begin PBXFileSystemSynchronizedBuildFileExceptionSet section */
		AB0239EA2D5BE5B200C3FF52 /* PBXFileSystemSynchronizedBuildFileExceptionSet */ = {
			isa = PBXFileSystemSynchronizedBuildFileExceptionSet;
			membershipExceptions = (
				AppFoundation,
			);
			target = AB6718BC22C0312A00F429E4 /* Movie DB */;
		};
		AB5029FA2D58AE1B00D7DD9B /* PBXFileSystemSynchronizedBuildFileExceptionSet */ = {
			isa = PBXFileSystemSynchronizedBuildFileExceptionSet;
			membershipExceptions = (
				Info.plist,
			);
			target = AB6718BC22C0312A00F429E4 /* Movie DB */;
		};
		AB8965252D57C58100F54EB1 /* PBXFileSystemSynchronizedBuildFileExceptionSet */ = {
			isa = PBXFileSystemSynchronizedBuildFileExceptionSet;
			membershipExceptions = (
				.swiftlint.yml,
				Info.plist,
			);
			target = AB6718D222C0312B00F429E4 /* Movie DBTests */;
		};
/* End PBXFileSystemSynchronizedBuildFileExceptionSet section */

/* Begin PBXFileSystemSynchronizedRootGroup section */
		AB0239E82D5BE4C000C3FF52 /* Packages */ = {isa = PBXFileSystemSynchronizedRootGroup; exceptions = (AB0239EA2D5BE5B200C3FF52 /* PBXFileSystemSynchronizedBuildFileExceptionSet */, ); explicitFileTypes = {}; explicitFolders = (); path = Packages; sourceTree = "<group>"; };
		AB5027AB2D58AD8700D7DD9B /* Utility */ = {isa = PBXFileSystemSynchronizedRootGroup; explicitFileTypes = {}; explicitFolders = (); path = Utility; sourceTree = "<group>"; };
		AB5027C02D58AD8700D7DD9B /* Preview Content */ = {isa = PBXFileSystemSynchronizedRootGroup; explicitFileTypes = {}; explicitFolders = (); path = "Preview Content"; sourceTree = "<group>"; };
		AB5027CD2D58AD8700D7DD9B /* CSV */ = {isa = PBXFileSystemSynchronizedRootGroup; explicitFileTypes = {}; explicitFolders = (); path = CSV; sourceTree = "<group>"; };
		AB5028222D58AD8700D7DD9B /* CoreData */ = {isa = PBXFileSystemSynchronizedRootGroup; explicitFileTypes = {}; explicitFolders = (); path = CoreData; sourceTree = "<group>"; };
		AB50287B2D58AD8700D7DD9B /* Models */ = {isa = PBXFileSystemSynchronizedRootGroup; explicitFileTypes = {}; explicitFolders = (); path = Models; sourceTree = "<group>"; };
		AB5028962D58AD8700D7DD9B /* APIs */ = {isa = PBXFileSystemSynchronizedRootGroup; explicitFileTypes = {}; explicitFolders = (); path = APIs; sourceTree = "<group>"; };
		AB5028A02D58AD8700D7DD9B /* Migrations */ = {isa = PBXFileSystemSynchronizedRootGroup; explicitFileTypes = {}; explicitFolders = (); path = Migrations; sourceTree = "<group>"; };
		AB50293A2D58AD8700D7DD9B /* Views */ = {isa = PBXFileSystemSynchronizedRootGroup; explicitFileTypes = {}; explicitFolders = (); path = Views; sourceTree = "<group>"; };
		AB5029DA2D58AD8700D7DD9B /* Localization */ = {isa = PBXFileSystemSynchronizedRootGroup; explicitFileTypes = {}; explicitFolders = (); path = Localization; sourceTree = "<group>"; };
		AB5029F82D58AD8B00D7DD9B /* SupportingFiles */ = {isa = PBXFileSystemSynchronizedRootGroup; exceptions = (AB5029FA2D58AE1B00D7DD9B /* PBXFileSystemSynchronizedBuildFileExceptionSet */, ); explicitFileTypes = {}; explicitFolders = (); path = SupportingFiles; sourceTree = "<group>"; };
		AB5029F92D58AD9A00D7DD9B /* Resources */ = {isa = PBXFileSystemSynchronizedRootGroup; explicitFileTypes = {}; explicitFolders = (); path = Resources; sourceTree = "<group>"; };
		AB8965132D57C58100F54EB1 /* Movie DBTests */ = {isa = PBXFileSystemSynchronizedRootGroup; exceptions = (AB8965252D57C58100F54EB1 /* PBXFileSystemSynchronizedBuildFileExceptionSet */, ); explicitFileTypes = {}; explicitFolders = (); path = "Movie DBTests"; sourceTree = "<group>"; };
		AB89652F2D57C5C400F54EB1 /* Movie DBUITests */ = {isa = PBXFileSystemSynchronizedRootGroup; explicitFileTypes = {}; explicitFolders = (); path = "Movie DBUITests"; sourceTree = "<group>"; };
		AB89653B2D57C5C900F54EB1 /* Movie DBScreenshots */ = {isa = PBXFileSystemSynchronizedRootGroup; explicitFileTypes = {}; explicitFolders = (); path = "Movie DBScreenshots"; sourceTree = "<group>"; };
/* End PBXFileSystemSynchronizedRootGroup section */

/* Begin PBXFrameworksBuildPhase section */
		AB48BD662816CE3C00E53135 /* Frameworks */ = {
			isa = PBXFrameworksBuildPhase;
			buildActionMask = 2147483647;
			files = (
				ABD249102A23A46A002DEB3D /* JFUtils in Frameworks */,
				ABD2490A2A239562002DEB3D /* JFTestingUtils in Frameworks */,
			);
			runOnlyForDeploymentPostprocessing = 0;
		};
		AB6718BA22C0312A00F429E4 /* Frameworks */ = {
			isa = PBXFrameworksBuildPhase;
			buildActionMask = 2147483647;
			files = (
				ABE17B6A284FA06900879C30 /* CloudKit.framework in Frameworks */,
				AB0239EC2D5BE69D00C3FF52 /* AppFoundation in Frameworks */,
				ABB644942971760A0024BD80 /* StoreKit.framework in Frameworks */,
				AB6478D822C7B2A300F3E14E /* JFSwiftUI in Frameworks */,
				AB02A0252B460F05008362D7 /* Flow in Frameworks */,
				ABD249032A2394CC002DEB3D /* JFUtils in Frameworks */,
				ABD3C5EE29C39F56000B5107 /* SwiftCSV in Frameworks */,
			);
			runOnlyForDeploymentPostprocessing = 0;
		};
		AB6718D022C0312B00F429E4 /* Frameworks */ = {
			isa = PBXFrameworksBuildPhase;
			buildActionMask = 2147483647;
			files = (
				ABD2490E2A23A465002DEB3D /* JFUtils in Frameworks */,
				ABD2490C2A239565002DEB3D /* JFTestingUtils in Frameworks */,
			);
			runOnlyForDeploymentPostprocessing = 0;
		};
		ABB644982971C10D0024BD80 /* Frameworks */ = {
			isa = PBXFrameworksBuildPhase;
			buildActionMask = 2147483647;
			files = (
				ABD249122A23A46E002DEB3D /* JFUtils in Frameworks */,
				ABD249082A23955F002DEB3D /* JFTestingUtils in Frameworks */,
			);
			runOnlyForDeploymentPostprocessing = 0;
		};
/* End PBXFrameworksBuildPhase section */

/* Begin PBXGroup section */
		AB32B6AE2D58B16A003CC26E /* Generated */ = {
			isa = PBXGroup;
			children = (
				AB5026652D58AD7400D7DD9B /* Secrets.swift */,
				AB5026662D58AD7400D7DD9B /* Secrets.swift.gyb */,
			);
			path = Generated;
			sourceTree = "<group>";
		};
		AB5026682D58AD7400D7DD9B /* Movie DB */ = {
			isa = PBXGroup;
			children = (
				AB0239E82D5BE4C000C3FF52 /* Packages */,
				AB5028962D58AD8700D7DD9B /* APIs */,
				AB5028222D58AD8700D7DD9B /* CoreData */,
				AB5027CD2D58AD8700D7DD9B /* CSV */,
				AB32B6AE2D58B16A003CC26E /* Generated */,
				AB5029DA2D58AD8700D7DD9B /* Localization */,
				AB5028A02D58AD8700D7DD9B /* Migrations */,
				AB50287B2D58AD8700D7DD9B /* Models */,
				AB5027C02D58AD8700D7DD9B /* Preview Content */,
				AB5029F92D58AD9A00D7DD9B /* Resources */,
				AB5029F82D58AD8B00D7DD9B /* SupportingFiles */,
				AB5027AB2D58AD8700D7DD9B /* Utility */,
				AB50293A2D58AD8700D7DD9B /* Views */,
				AB5026542D58AD7400D7DD9B /* AppDelegate.swift */,
				AB5026562D58AD7400D7DD9B /* BackgroundHandler.swift */,
				AB5026572D58AD7400D7DD9B /* Environment.swift */,
				AB50265E2D58AD7400D7DD9B /* Logging.swift */,
				AB5026612D58AD7400D7DD9B /* MovieDBApp.swift */,
				AB5026622D58AD7400D7DD9B /* OpenShareURL.swift */,
				AB5026642D58AD7400D7DD9B /* SceneDelegate.swift */,
				AB32B2812D58AFAE003CC26E /* Products.storekit */,
			);
			path = "Movie DB";
			sourceTree = "<group>";
		};
		AB6718B422C0312A00F429E4 = {
			isa = PBXGroup;
			children = (
				AB0318BE28411A2300041E0B /* TestPlan.xctestplan */,
				ABEEB07D28104D8800230F0B /* .swiftlint.yml */,
				ABA13D592381F02A00E885DD /* README.md */,
				AB5026682D58AD7400D7DD9B /* Movie DB */,
				AB8965132D57C58100F54EB1 /* Movie DBTests */,
				AB89652F2D57C5C400F54EB1 /* Movie DBUITests */,
				AB89653B2D57C5C900F54EB1 /* Movie DBScreenshots */,
				AB6718BE22C0312B00F429E4 /* Products */,
				AB79E99C25C9F1850050BD8D /* Frameworks */,
			);
			sourceTree = "<group>";
		};
		AB6718BE22C0312B00F429E4 /* Products */ = {
			isa = PBXGroup;
			children = (
				AB6718BD22C0312B00F429E4 /* Movie DB.app */,
				AB6718D322C0312B00F429E4 /* Movie DBTests.xctest */,
				AB48BD692816CE3C00E53135 /* Movie DBUITests.xctest */,
				ABB6449B2971C10D0024BD80 /* Movie DBScreenshots.xctest */,
			);
			name = Products;
			sourceTree = "<group>";
		};
		AB79E99C25C9F1850050BD8D /* Frameworks */ = {
			isa = PBXGroup;
			children = (
				ABD248FB2A2389DB002DEB3D /* XCTest.framework */,
				ABB644932971760A0024BD80 /* StoreKit.framework */,
				ABE17B88284FD52800879C30 /* libswiftCloudKit.tbd */,
				ABE17B68284FA05600879C30 /* CloudKit.framework */,
				AB79E99D25C9F1850050BD8D /* CloudKit.framework */,
			);
			name = Frameworks;
			sourceTree = "<group>";
		};
/* End PBXGroup section */

/* Begin PBXNativeTarget section */
		AB48BD682816CE3C00E53135 /* Movie DBUITests */ = {
			isa = PBXNativeTarget;
			buildConfigurationList = AB48BD712816CE3C00E53135 /* Build configuration list for PBXNativeTarget "Movie DBUITests" */;
			buildPhases = (
				AB48BD652816CE3C00E53135 /* Sources */,
				AB48BD662816CE3C00E53135 /* Frameworks */,
				AB48BD672816CE3C00E53135 /* Resources */,
			);
			buildRules = (
			);
			dependencies = (
				AB48BD702816CE3C00E53135 /* PBXTargetDependency */,
			);
			fileSystemSynchronizedGroups = (
				AB89652F2D57C5C400F54EB1 /* Movie DBUITests */,
			);
			name = "Movie DBUITests";
			packageProductDependencies = (
				ABD249092A239562002DEB3D /* JFTestingUtils */,
				ABD2490F2A23A46A002DEB3D /* JFUtils */,
			);
			productName = "Movie DBUITests";
			productReference = AB48BD692816CE3C00E53135 /* Movie DBUITests.xctest */;
			productType = "com.apple.product-type.bundle.ui-testing";
		};
		AB6718BC22C0312A00F429E4 /* Movie DB */ = {
			isa = PBXNativeTarget;
			buildConfigurationList = AB6718DC22C0312B00F429E4 /* Build configuration list for PBXNativeTarget "Movie DB" */;
			buildPhases = (
				AB12C9FD285CCC010073F751 /* Obfuscate API Key */,
				AB6718B922C0312A00F429E4 /* Sources */,
				ABEEB07C28104BE100230F0B /* SwiftLint */,
				ABD4C8422648734C00BEB3A6 /* Generate Licenses */,
				AB6718BA22C0312A00F429E4 /* Frameworks */,
				AB6718BB22C0312A00F429E4 /* Resources */,
			);
			buildRules = (
			);
			dependencies = (
			);
			fileSystemSynchronizedGroups = (
				AB0239E82D5BE4C000C3FF52 /* Packages */,
				AB5027AB2D58AD8700D7DD9B /* Utility */,
				AB5027C02D58AD8700D7DD9B /* Preview Content */,
				AB5027CD2D58AD8700D7DD9B /* CSV */,
				AB5028222D58AD8700D7DD9B /* CoreData */,
				AB50287B2D58AD8700D7DD9B /* Models */,
				AB5028962D58AD8700D7DD9B /* APIs */,
				AB5028A02D58AD8700D7DD9B /* Migrations */,
				AB50293A2D58AD8700D7DD9B /* Views */,
				AB5029DA2D58AD8700D7DD9B /* Localization */,
				AB5029F82D58AD8B00D7DD9B /* SupportingFiles */,
				AB5029F92D58AD9A00D7DD9B /* Resources */,
			);
			name = "Movie DB";
			packageProductDependencies = (
				AB6478D722C7B2A300F3E14E /* JFSwiftUI */,
				ABD3C5ED29C39F56000B5107 /* SwiftCSV */,
				ABD249022A2394CC002DEB3D /* JFUtils */,
				AB02A0242B460F05008362D7 /* Flow */,
				AB0239EB2D5BE69D00C3FF52 /* AppFoundation */,
			);
			productName = "Movie DB";
			productReference = AB6718BD22C0312B00F429E4 /* Movie DB.app */;
			productType = "com.apple.product-type.application";
		};
		AB6718D222C0312B00F429E4 /* Movie DBTests */ = {
			isa = PBXNativeTarget;
			buildConfigurationList = AB6718DF22C0312B00F429E4 /* Build configuration list for PBXNativeTarget "Movie DBTests" */;
			buildPhases = (
				AB6718CF22C0312B00F429E4 /* Sources */,
				AB6718D022C0312B00F429E4 /* Frameworks */,
				AB6718D122C0312B00F429E4 /* Resources */,
			);
			buildRules = (
			);
			dependencies = (
				AB6718D522C0312B00F429E4 /* PBXTargetDependency */,
			);
			fileSystemSynchronizedGroups = (
				AB8965132D57C58100F54EB1 /* Movie DBTests */,
			);
			name = "Movie DBTests";
			packageProductDependencies = (
				ABD2490B2A239565002DEB3D /* JFTestingUtils */,
				ABD2490D2A23A465002DEB3D /* JFUtils */,
			);
			productName = "Movie DBTests";
			productReference = AB6718D322C0312B00F429E4 /* Movie DBTests.xctest */;
			productType = "com.apple.product-type.bundle.unit-test";
		};
		ABB6449A2971C10D0024BD80 /* Movie DBScreenshots */ = {
			isa = PBXNativeTarget;
			buildConfigurationList = ABB644A32971C10D0024BD80 /* Build configuration list for PBXNativeTarget "Movie DBScreenshots" */;
			buildPhases = (
				ABB644972971C10D0024BD80 /* Sources */,
				ABB644982971C10D0024BD80 /* Frameworks */,
				ABB644992971C10D0024BD80 /* Resources */,
			);
			buildRules = (
			);
			dependencies = (
				ABB644A22971C10D0024BD80 /* PBXTargetDependency */,
			);
			fileSystemSynchronizedGroups = (
				AB89653B2D57C5C900F54EB1 /* Movie DBScreenshots */,
			);
			name = "Movie DBScreenshots";
			packageProductDependencies = (
				ABD249072A23955F002DEB3D /* JFTestingUtils */,
				ABD249112A23A46E002DEB3D /* JFUtils */,
			);
			productName = "Movie DBScreenshots";
			productReference = ABB6449B2971C10D0024BD80 /* Movie DBScreenshots.xctest */;
			productType = "com.apple.product-type.bundle.ui-testing";
		};
/* End PBXNativeTarget section */

/* Begin PBXProject section */
		AB6718B522C0312A00F429E4 /* Project object */ = {
			isa = PBXProject;
			attributes = {
				BuildIndependentTargetsInParallel = YES;
				LastSwiftUpdateCheck = 1420;
				LastUpgradeCheck = 1500;
				ORGANIZATIONNAME = "Jonas Frey";
				TargetAttributes = {
					AB48BD682816CE3C00E53135 = {
						CreatedOnToolsVersion = 13.3.1;
						TestTargetID = AB6718BC22C0312A00F429E4;
					};
					AB6718BC22C0312A00F429E4 = {
						CreatedOnToolsVersion = 11.0;
					};
					AB6718D222C0312B00F429E4 = {
						CreatedOnToolsVersion = 11.0;
						TestTargetID = AB6718BC22C0312A00F429E4;
					};
					ABB6449A2971C10D0024BD80 = {
						CreatedOnToolsVersion = 14.2;
						TestTargetID = AB6718BC22C0312A00F429E4;
					};
				};
			};
			buildConfigurationList = AB6718B822C0312A00F429E4 /* Build configuration list for PBXProject "Movie DB" */;
			compatibilityVersion = "Xcode 9.3";
			developmentRegion = en;
			hasScannedForEncodings = 0;
			knownRegions = (
				en,
				Base,
				de,
			);
			mainGroup = AB6718B422C0312A00F429E4;
			packageReferences = (
				AB6478D622C7B2A300F3E14E /* XCRemoteSwiftPackageReference "JFSwiftUI" */,
				ABD3C5EC29C39F56000B5107 /* XCRemoteSwiftPackageReference "SwiftCSV" */,
				ABD248FF2A2394CC002DEB3D /* XCRemoteSwiftPackageReference "JFUtils" */,
				AB02A0232B460F05008362D7 /* XCRemoteSwiftPackageReference "SwiftUI-Flow" */,
			);
			productRefGroup = AB6718BE22C0312B00F429E4 /* Products */;
			projectDirPath = "";
			projectRoot = "";
			targets = (
				AB6718BC22C0312A00F429E4 /* Movie DB */,
				AB6718D222C0312B00F429E4 /* Movie DBTests */,
				AB48BD682816CE3C00E53135 /* Movie DBUITests */,
				ABB6449A2971C10D0024BD80 /* Movie DBScreenshots */,
			);
		};
/* End PBXProject section */

/* Begin PBXResourcesBuildPhase section */
		AB48BD672816CE3C00E53135 /* Resources */ = {
			isa = PBXResourcesBuildPhase;
			buildActionMask = 2147483647;
			files = (
			);
			runOnlyForDeploymentPostprocessing = 0;
		};
		AB6718BB22C0312A00F429E4 /* Resources */ = {
			isa = PBXResourcesBuildPhase;
			buildActionMask = 2147483647;
			files = (
				AB32B2992D58AFAE003CC26E /* Products.storekit in Resources */,
			);
			runOnlyForDeploymentPostprocessing = 0;
		};
		AB6718D122C0312B00F429E4 /* Resources */ = {
			isa = PBXResourcesBuildPhase;
			buildActionMask = 2147483647;
			files = (
			);
			runOnlyForDeploymentPostprocessing = 0;
		};
		ABB644992971C10D0024BD80 /* Resources */ = {
			isa = PBXResourcesBuildPhase;
			buildActionMask = 2147483647;
			files = (
			);
			runOnlyForDeploymentPostprocessing = 0;
		};
/* End PBXResourcesBuildPhase section */

/* Begin PBXShellScriptBuildPhase section */
		AB12C9FD285CCC010073F751 /* Obfuscate API Key */ = {
			isa = PBXShellScriptBuildPhase;
			alwaysOutOfDate = 1;
			buildActionMask = 2147483647;
			files = (
			);
			inputFileListPaths = (
			);
			inputPaths = (
			);
			name = "Obfuscate API Key";
			outputFileListPaths = (
			);
			outputPaths = (
			);
			runOnlyForDeploymentPostprocessing = 0;
			shellPath = /bin/zsh;
			shellScript = "#!/bin/zsh\n\nsource ~/.zshrc\n# Xcode Cloud homebrew path\nexport PATH=$PATH:/Users/local/Homebrew/bin\n\necho \"Obfuscating API Key...\"\n\n# Read the API key from a file, if it exists,\n# else use the environment variable as set before execution\n# The TMDB_API_KEY environment variable is used in Secrets.swift.gyb\nif [[ -f \"TMDB_API_KEY\" ]]; then\n    export TMDB_API_KEY=\"$(head TMDB_API_KEY)\"\nfi\n\nfind . -name '*.gyb' |                                     \\\n    while read file; do                                              \\\n        echo \"Translating file $file...\"; \\\n        /usr/bin/env gyb --line-directive '' -o \"${file%.gyb}\" \"$file\"; \\\n    done\n\necho \"Obfuscation complete.\"\n";
			showEnvVarsInLog = 0;
		};
		ABD4C8422648734C00BEB3A6 /* Generate Licenses */ = {
			isa = PBXShellScriptBuildPhase;
			alwaysOutOfDate = 1;
			buildActionMask = 2147483647;
			files = (
			);
			inputFileListPaths = (
			);
			inputPaths = (
			);
			name = "Generate Licenses";
			outputFileListPaths = (
			);
			outputPaths = (
			);
			runOnlyForDeploymentPostprocessing = 0;
			shellPath = /bin/sh;
			shellScript = "# Install with `brew install mono0926/license-plist/license-plist`\n# https://github.com/mono0926/LicensePlist\nexport PATH=$PATH:/opt/homebrew/bin\n#if [ $CONFIGURATION = \"Debug\" ]; then\nlicense-plist --output-path \"$PRODUCT_NAME/SupportingFiles/Settings.bundle\"\n#fi\n";
		};
		ABEEB07C28104BE100230F0B /* SwiftLint */ = {
			isa = PBXShellScriptBuildPhase;
			alwaysOutOfDate = 1;
			buildActionMask = 2147483647;
			files = (
			);
			inputFileListPaths = (
			);
			inputPaths = (
			);
			name = SwiftLint;
			outputFileListPaths = (
			);
			outputPaths = (
			);
			runOnlyForDeploymentPostprocessing = 0;
			shellPath = /bin/sh;
			shellScript = "export PATH=\"$PATH:/opt/homebrew/bin\"\nif which swiftlint > /dev/null; then\n  swiftlint\nelse\n  echo \"warning: SwiftLint not installed, download from https://github.com/realm/SwiftLint\"\nfi\n";
		};
/* End PBXShellScriptBuildPhase section */

/* Begin PBXSourcesBuildPhase section */
		AB48BD652816CE3C00E53135 /* Sources */ = {
			isa = PBXSourcesBuildPhase;
			buildActionMask = 2147483647;
			files = (
			);
			runOnlyForDeploymentPostprocessing = 0;
		};
		AB6718B922C0312A00F429E4 /* Sources */ = {
			isa = PBXSourcesBuildPhase;
			buildActionMask = 2147483647;
			files = (
				AB5027852D58AD7400D7DD9B /* AppDelegate.swift in Sources */,
				AB5027862D58AD7400D7DD9B /* BackgroundHandler.swift in Sources */,
				AB5027872D58AD7400D7DD9B /* Environment.swift in Sources */,
				AB5027882D58AD7400D7DD9B /* Logging.swift in Sources */,
				AB50278A2D58AD7400D7DD9B /* MovieDBApp.swift in Sources */,
				AB50278B2D58AD7400D7DD9B /* OpenShareURL.swift in Sources */,
				AB50278C2D58AD7400D7DD9B /* SceneDelegate.swift in Sources */,
				AB50278D2D58AD7400D7DD9B /* Secrets.swift in Sources */,
			);
			runOnlyForDeploymentPostprocessing = 0;
		};
		AB6718CF22C0312B00F429E4 /* Sources */ = {
			isa = PBXSourcesBuildPhase;
			buildActionMask = 2147483647;
			files = (
			);
			runOnlyForDeploymentPostprocessing = 0;
		};
		ABB644972971C10D0024BD80 /* Sources */ = {
			isa = PBXSourcesBuildPhase;
			buildActionMask = 2147483647;
			files = (
			);
			runOnlyForDeploymentPostprocessing = 0;
		};
/* End PBXSourcesBuildPhase section */

/* Begin PBXTargetDependency section */
		AB48BD702816CE3C00E53135 /* PBXTargetDependency */ = {
			isa = PBXTargetDependency;
			target = AB6718BC22C0312A00F429E4 /* Movie DB */;
			targetProxy = AB48BD6F2816CE3C00E53135 /* PBXContainerItemProxy */;
		};
		AB6718D522C0312B00F429E4 /* PBXTargetDependency */ = {
			isa = PBXTargetDependency;
			target = AB6718BC22C0312A00F429E4 /* Movie DB */;
			targetProxy = AB6718D422C0312B00F429E4 /* PBXContainerItemProxy */;
		};
		ABB644A22971C10D0024BD80 /* PBXTargetDependency */ = {
			isa = PBXTargetDependency;
			target = AB6718BC22C0312A00F429E4 /* Movie DB */;
			targetProxy = ABB644A12971C10D0024BD80 /* PBXContainerItemProxy */;
		};
/* End PBXTargetDependency section */

/* Begin XCBuildConfiguration section */
		AB48BD722816CE3C00E53135 /* Debug */ = {
			isa = XCBuildConfiguration;
			buildSettings = {
				BUNDLE_LOADER = "";
				CLANG_CXX_LANGUAGE_STANDARD = "gnu++17";
				CODE_SIGN_STYLE = Automatic;
				CURRENT_PROJECT_VERSION = 28;
				DEVELOPMENT_TEAM = 46C9Y785NA;
				GENERATE_INFOPLIST_FILE = YES;
				INFOPLIST_KEY_NSPrincipalClass = Movie_DBUITests.TestSetup;
				IPHONEOS_DEPLOYMENT_TARGET = 17.0;
				MARKETING_VERSION = 2.8.0;
				PRODUCT_BUNDLE_IDENTIFIER = "de.JonasFrey.Movie-DBUITests";
				PRODUCT_NAME = "$(TARGET_NAME)";
				SWIFT_EMIT_LOC_STRINGS = NO;
				SWIFT_VERSION = 5.0;
				TARGETED_DEVICE_FAMILY = "1,2";
				TEST_TARGET_NAME = "Movie DB";
			};
			name = Debug;
		};
		AB48BD732816CE3C00E53135 /* Release */ = {
			isa = XCBuildConfiguration;
			buildSettings = {
				BUNDLE_LOADER = "";
				CLANG_CXX_LANGUAGE_STANDARD = "gnu++17";
				CODE_SIGN_STYLE = Automatic;
				CURRENT_PROJECT_VERSION = 28;
				DEVELOPMENT_TEAM = 46C9Y785NA;
				GENERATE_INFOPLIST_FILE = YES;
				INFOPLIST_KEY_NSPrincipalClass = Movie_DBUITests.TestSetup;
				IPHONEOS_DEPLOYMENT_TARGET = 17.0;
				MARKETING_VERSION = 2.8.0;
				PRODUCT_BUNDLE_IDENTIFIER = "de.JonasFrey.Movie-DBUITests";
				PRODUCT_NAME = "$(TARGET_NAME)";
				SWIFT_EMIT_LOC_STRINGS = NO;
				SWIFT_VERSION = 5.0;
				TARGETED_DEVICE_FAMILY = "1,2";
				TEST_TARGET_NAME = "Movie DB";
			};
			name = Release;
		};
		AB6718DA22C0312B00F429E4 /* Debug */ = {
			isa = XCBuildConfiguration;
			buildSettings = {
				ALWAYS_SEARCH_USER_PATHS = NO;
				ASSETCATALOG_COMPILER_GENERATE_SWIFT_ASSET_SYMBOL_EXTENSIONS = YES;
				CLANG_ANALYZER_LOCALIZABILITY_NONLOCALIZED = YES;
				CLANG_ANALYZER_NONNULL = YES;
				CLANG_ANALYZER_NUMBER_OBJECT_CONVERSION = YES_AGGRESSIVE;
				CLANG_CXX_LANGUAGE_STANDARD = "gnu++14";
				CLANG_CXX_LIBRARY = "libc++";
				CLANG_ENABLE_MODULES = YES;
				CLANG_ENABLE_OBJC_ARC = YES;
				CLANG_ENABLE_OBJC_WEAK = YES;
				CLANG_WARN_BLOCK_CAPTURE_AUTORELEASING = YES;
				CLANG_WARN_BOOL_CONVERSION = YES;
				CLANG_WARN_COMMA = YES;
				CLANG_WARN_CONSTANT_CONVERSION = YES;
				CLANG_WARN_DEPRECATED_OBJC_IMPLEMENTATIONS = YES;
				CLANG_WARN_DIRECT_OBJC_ISA_USAGE = YES_ERROR;
				CLANG_WARN_DOCUMENTATION_COMMENTS = YES;
				CLANG_WARN_EMPTY_BODY = YES;
				CLANG_WARN_ENUM_CONVERSION = YES;
				CLANG_WARN_INFINITE_RECURSION = YES;
				CLANG_WARN_INT_CONVERSION = YES;
				CLANG_WARN_NON_LITERAL_NULL_CONVERSION = YES;
				CLANG_WARN_OBJC_IMPLICIT_RETAIN_SELF = YES;
				CLANG_WARN_OBJC_LITERAL_CONVERSION = YES;
				CLANG_WARN_OBJC_ROOT_CLASS = YES_ERROR;
				CLANG_WARN_QUOTED_INCLUDE_IN_FRAMEWORK_HEADER = YES;
				CLANG_WARN_RANGE_LOOP_ANALYSIS = YES;
				CLANG_WARN_STRICT_PROTOTYPES = YES;
				CLANG_WARN_SUSPICIOUS_MOVE = YES;
				CLANG_WARN_UNGUARDED_AVAILABILITY = YES_AGGRESSIVE;
				CLANG_WARN_UNREACHABLE_CODE = YES;
				CLANG_WARN__DUPLICATE_METHOD_MATCH = YES;
				COPY_PHASE_STRIP = NO;
				DEBUG_INFORMATION_FORMAT = dwarf;
				ENABLE_STRICT_OBJC_MSGSEND = YES;
				ENABLE_TESTABILITY = YES;
				ENABLE_USER_SCRIPT_SANDBOXING = YES;
				GCC_C_LANGUAGE_STANDARD = gnu11;
				GCC_DYNAMIC_NO_PIC = NO;
				GCC_NO_COMMON_BLOCKS = YES;
				GCC_OPTIMIZATION_LEVEL = 0;
				GCC_PREPROCESSOR_DEFINITIONS = (
					"DEBUG=1",
					"$(inherited)",
				);
				GCC_WARN_64_TO_32_BIT_CONVERSION = YES;
				GCC_WARN_ABOUT_RETURN_TYPE = YES_ERROR;
				GCC_WARN_UNDECLARED_SELECTOR = YES;
				GCC_WARN_UNINITIALIZED_AUTOS = YES_AGGRESSIVE;
				GCC_WARN_UNUSED_FUNCTION = YES;
				GCC_WARN_UNUSED_VARIABLE = YES;
				IPHONEOS_DEPLOYMENT_TARGET = 17.6;
				MTL_ENABLE_DEBUG_INFO = INCLUDE_SOURCE;
				MTL_FAST_MATH = YES;
				ONLY_ACTIVE_ARCH = YES;
				SDKROOT = iphoneos;
				SWIFT_ACTIVE_COMPILATION_CONDITIONS = DEBUG;
				SWIFT_EMIT_LOC_STRINGS = YES;
				SWIFT_OPTIMIZATION_LEVEL = "-Onone";
			};
			name = Debug;
		};
		AB6718DB22C0312B00F429E4 /* Release */ = {
			isa = XCBuildConfiguration;
			buildSettings = {
				ALWAYS_SEARCH_USER_PATHS = NO;
				ASSETCATALOG_COMPILER_GENERATE_SWIFT_ASSET_SYMBOL_EXTENSIONS = YES;
				CLANG_ANALYZER_LOCALIZABILITY_NONLOCALIZED = YES;
				CLANG_ANALYZER_NONNULL = YES;
				CLANG_ANALYZER_NUMBER_OBJECT_CONVERSION = YES_AGGRESSIVE;
				CLANG_CXX_LANGUAGE_STANDARD = "gnu++14";
				CLANG_CXX_LIBRARY = "libc++";
				CLANG_ENABLE_MODULES = YES;
				CLANG_ENABLE_OBJC_ARC = YES;
				CLANG_ENABLE_OBJC_WEAK = YES;
				CLANG_WARN_BLOCK_CAPTURE_AUTORELEASING = YES;
				CLANG_WARN_BOOL_CONVERSION = YES;
				CLANG_WARN_COMMA = YES;
				CLANG_WARN_CONSTANT_CONVERSION = YES;
				CLANG_WARN_DEPRECATED_OBJC_IMPLEMENTATIONS = YES;
				CLANG_WARN_DIRECT_OBJC_ISA_USAGE = YES_ERROR;
				CLANG_WARN_DOCUMENTATION_COMMENTS = YES;
				CLANG_WARN_EMPTY_BODY = YES;
				CLANG_WARN_ENUM_CONVERSION = YES;
				CLANG_WARN_INFINITE_RECURSION = YES;
				CLANG_WARN_INT_CONVERSION = YES;
				CLANG_WARN_NON_LITERAL_NULL_CONVERSION = YES;
				CLANG_WARN_OBJC_IMPLICIT_RETAIN_SELF = YES;
				CLANG_WARN_OBJC_LITERAL_CONVERSION = YES;
				CLANG_WARN_OBJC_ROOT_CLASS = YES_ERROR;
				CLANG_WARN_QUOTED_INCLUDE_IN_FRAMEWORK_HEADER = YES;
				CLANG_WARN_RANGE_LOOP_ANALYSIS = YES;
				CLANG_WARN_STRICT_PROTOTYPES = YES;
				CLANG_WARN_SUSPICIOUS_MOVE = YES;
				CLANG_WARN_UNGUARDED_AVAILABILITY = YES_AGGRESSIVE;
				CLANG_WARN_UNREACHABLE_CODE = YES;
				CLANG_WARN__DUPLICATE_METHOD_MATCH = YES;
				COPY_PHASE_STRIP = NO;
				DEBUG_INFORMATION_FORMAT = "dwarf-with-dsym";
				ENABLE_NS_ASSERTIONS = NO;
				ENABLE_STRICT_OBJC_MSGSEND = YES;
				ENABLE_USER_SCRIPT_SANDBOXING = YES;
				GCC_C_LANGUAGE_STANDARD = gnu11;
				GCC_NO_COMMON_BLOCKS = YES;
				GCC_WARN_64_TO_32_BIT_CONVERSION = YES;
				GCC_WARN_ABOUT_RETURN_TYPE = YES_ERROR;
				GCC_WARN_UNDECLARED_SELECTOR = YES;
				GCC_WARN_UNINITIALIZED_AUTOS = YES_AGGRESSIVE;
				GCC_WARN_UNUSED_FUNCTION = YES;
				GCC_WARN_UNUSED_VARIABLE = YES;
				IPHONEOS_DEPLOYMENT_TARGET = 17.6;
				MTL_ENABLE_DEBUG_INFO = NO;
				MTL_FAST_MATH = YES;
				SDKROOT = iphoneos;
				SWIFT_COMPILATION_MODE = wholemodule;
				SWIFT_EMIT_LOC_STRINGS = YES;
				SWIFT_OPTIMIZATION_LEVEL = "-O";
				VALIDATE_PRODUCT = YES;
			};
			name = Release;
		};
		AB6718DD22C0312B00F429E4 /* Debug */ = {
			isa = XCBuildConfiguration;
			buildSettings = {
				ASSETCATALOG_COMPILER_APPICON_NAME = AppIcon;
				ASSETCATALOG_COMPILER_GLOBAL_ACCENT_COLOR_NAME = AccentColor;
				ASSETCATALOG_COMPILER_INCLUDE_ALL_APPICON_ASSETS = NO;
				CODE_SIGN_ENTITLEMENTS = "Movie DB/SupportingFiles/Movie DB.entitlements";
				CODE_SIGN_STYLE = Automatic;
				CURRENT_PROJECT_VERSION = 28;
				DEVELOPMENT_ASSET_PATHS = "\"Movie DB\"/Preview\\ Content";
				DEVELOPMENT_TEAM = 46C9Y785NA;
				"ENABLE_HARDENED_RUNTIME[sdk=macosx*]" = NO;
				ENABLE_PREVIEWS = YES;
				ENABLE_USER_SCRIPT_SANDBOXING = NO;
				GCC_WARN_UNUSED_LABEL = YES;
				INFOPLIST_FILE = "Movie DB/SupportingFiles/Info.plist";
				INFOPLIST_KEY_CFBundleDisplayName = "Movie DB (dev)";
				INFOPLIST_KEY_LSApplicationCategoryType = "public.app-category.entertainment";
				IPHONEOS_DEPLOYMENT_TARGET = 17.0;
				LD_RUNPATH_SEARCH_PATHS = (
					"$(inherited)",
					"@executable_path/Frameworks",
				);
				LIBRARY_SEARCH_PATHS = (
					"$(inherited)",
					"$(SDKROOT)/usr/lib/swift",
				);
				LOCALIZATION_PREFERS_STRING_CATALOGS = YES;
				MARKETING_VERSION = 2.8.0;
				OTHER_SWIFT_FLAGS = "-Xfrontend -warn-long-expression-type-checking=500";
				PRODUCT_BUNDLE_IDENTIFIER = "de.JonasFrey.Movie-DB.debug";
				PRODUCT_NAME = "$(TARGET_NAME)";
				SUPPORTED_PLATFORMS = "iphoneos iphonesimulator";
				SUPPORTS_MACCATALYST = NO;
				SUPPORTS_MAC_DESIGNED_FOR_IPHONE_IPAD = NO;
				SWIFT_STRICT_CONCURRENCY = minimal;
				SWIFT_VERSION = 5.0;
				TARGETED_DEVICE_FAMILY = "1,2";
				VERSIONING_SYSTEM = "apple-generic";
			};
			name = Debug;
		};
		AB6718DE22C0312B00F429E4 /* Release */ = {
			isa = XCBuildConfiguration;
			buildSettings = {
				ASSETCATALOG_COMPILER_APPICON_NAME = AppIcon;
				ASSETCATALOG_COMPILER_GLOBAL_ACCENT_COLOR_NAME = AccentColor;
				ASSETCATALOG_COMPILER_INCLUDE_ALL_APPICON_ASSETS = NO;
				CODE_SIGN_ENTITLEMENTS = "Movie DB/SupportingFiles/Movie DB.entitlements";
				CODE_SIGN_STYLE = Automatic;
				CURRENT_PROJECT_VERSION = 28;
				DEVELOPMENT_ASSET_PATHS = "\"Movie DB\"/Preview\\ Content";
				DEVELOPMENT_TEAM = 46C9Y785NA;
				"ENABLE_HARDENED_RUNTIME[sdk=macosx*]" = NO;
				ENABLE_PREVIEWS = YES;
				ENABLE_USER_SCRIPT_SANDBOXING = NO;
				GCC_WARN_UNUSED_LABEL = YES;
				INFOPLIST_FILE = "Movie DB/SupportingFiles/Info.plist";
				INFOPLIST_KEY_CFBundleDisplayName = "Movie DB";
				INFOPLIST_KEY_LSApplicationCategoryType = "public.app-category.entertainment";
				IPHONEOS_DEPLOYMENT_TARGET = 17.0;
				LD_RUNPATH_SEARCH_PATHS = (
					"$(inherited)",
					"@executable_path/Frameworks",
				);
				LIBRARY_SEARCH_PATHS = (
					"$(inherited)",
					"$(SDKROOT)/usr/lib/swift",
				);
				LOCALIZATION_PREFERS_STRING_CATALOGS = YES;
				MARKETING_VERSION = 2.8.0;
				OTHER_SWIFT_FLAGS = "";
				PRODUCT_BUNDLE_IDENTIFIER = "de.JonasFrey.Movie-DB";
				PRODUCT_NAME = "$(TARGET_NAME)";
				SUPPORTED_PLATFORMS = "iphoneos iphonesimulator";
				SUPPORTS_MACCATALYST = NO;
				SUPPORTS_MAC_DESIGNED_FOR_IPHONE_IPAD = NO;
				SWIFT_STRICT_CONCURRENCY = minimal;
				SWIFT_VERSION = 5.0;
				TARGETED_DEVICE_FAMILY = "1,2";
				VERSIONING_SYSTEM = "apple-generic";
			};
			name = Release;
		};
		AB6718E022C0312B00F429E4 /* Debug */ = {
			isa = XCBuildConfiguration;
			buildSettings = {
				BUNDLE_LOADER = "$(TEST_HOST)";
				CODE_SIGN_STYLE = Automatic;
				DEVELOPMENT_TEAM = 46C9Y785NA;
				INFOPLIST_FILE = "Movie DBTests/Info.plist";
				IPHONEOS_DEPLOYMENT_TARGET = 17.0;
				LD_RUNPATH_SEARCH_PATHS = (
					"$(inherited)",
					"@executable_path/Frameworks",
					"@loader_path/Frameworks",
				);
				MARKETING_VERSION = 2.8.0;
				PRODUCT_BUNDLE_IDENTIFIER = "de.JonasFrey.Movie-DBTests";
				PRODUCT_NAME = "$(TARGET_NAME)";
				SWIFT_VERSION = 5.0;
				TARGETED_DEVICE_FAMILY = "1,2";
				TEST_HOST = "$(BUILT_PRODUCTS_DIR)/Movie DB.app/$(BUNDLE_EXECUTABLE_FOLDER_PATH)/Movie DB";
			};
			name = Debug;
		};
		AB6718E122C0312B00F429E4 /* Release */ = {
			isa = XCBuildConfiguration;
			buildSettings = {
				BUNDLE_LOADER = "$(TEST_HOST)";
				CODE_SIGN_STYLE = Automatic;
				DEVELOPMENT_TEAM = 46C9Y785NA;
				INFOPLIST_FILE = "Movie DBTests/Info.plist";
				IPHONEOS_DEPLOYMENT_TARGET = 17.0;
				LD_RUNPATH_SEARCH_PATHS = (
					"$(inherited)",
					"@executable_path/Frameworks",
					"@loader_path/Frameworks",
				);
				MARKETING_VERSION = 2.8.0;
				PRODUCT_BUNDLE_IDENTIFIER = "de.JonasFrey.Movie-DBTests";
				PRODUCT_NAME = "$(TARGET_NAME)";
				SWIFT_VERSION = 5.0;
				TARGETED_DEVICE_FAMILY = "1,2";
				TEST_HOST = "$(BUILT_PRODUCTS_DIR)/Movie DB.app/$(BUNDLE_EXECUTABLE_FOLDER_PATH)/Movie DB";
			};
			name = Release;
		};
		ABB644A42971C10D0024BD80 /* Debug */ = {
			isa = XCBuildConfiguration;
			buildSettings = {
				CLANG_CXX_LANGUAGE_STANDARD = "gnu++20";
				CODE_SIGN_STYLE = Automatic;
				CURRENT_PROJECT_VERSION = 28;
				DEVELOPMENT_TEAM = 46C9Y785NA;
				GENERATE_INFOPLIST_FILE = YES;
				IPHONEOS_DEPLOYMENT_TARGET = 17.0;
				MARKETING_VERSION = 2.8.0;
				PRODUCT_BUNDLE_IDENTIFIER = "de.JonasFrey.Movie-DBScreenshots";
				PRODUCT_NAME = "$(TARGET_NAME)";
				SWIFT_EMIT_LOC_STRINGS = NO;
				SWIFT_VERSION = 5.0;
				TARGETED_DEVICE_FAMILY = "1,2";
				TEST_TARGET_NAME = "Movie DB";
			};
			name = Debug;
		};
		ABB644A52971C10D0024BD80 /* Release */ = {
			isa = XCBuildConfiguration;
			buildSettings = {
				CLANG_CXX_LANGUAGE_STANDARD = "gnu++20";
				CODE_SIGN_STYLE = Automatic;
				CURRENT_PROJECT_VERSION = 28;
				DEVELOPMENT_TEAM = 46C9Y785NA;
				GENERATE_INFOPLIST_FILE = YES;
				IPHONEOS_DEPLOYMENT_TARGET = 17.0;
				MARKETING_VERSION = 2.8.0;
				PRODUCT_BUNDLE_IDENTIFIER = "de.JonasFrey.Movie-DBScreenshots";
				PRODUCT_NAME = "$(TARGET_NAME)";
				SWIFT_EMIT_LOC_STRINGS = NO;
				SWIFT_VERSION = 5.0;
				TARGETED_DEVICE_FAMILY = "1,2";
				TEST_TARGET_NAME = "Movie DB";
			};
			name = Release;
		};
/* End XCBuildConfiguration section */

/* Begin XCConfigurationList section */
		AB48BD712816CE3C00E53135 /* Build configuration list for PBXNativeTarget "Movie DBUITests" */ = {
			isa = XCConfigurationList;
			buildConfigurations = (
				AB48BD722816CE3C00E53135 /* Debug */,
				AB48BD732816CE3C00E53135 /* Release */,
			);
			defaultConfigurationIsVisible = 0;
			defaultConfigurationName = Release;
		};
		AB6718B822C0312A00F429E4 /* Build configuration list for PBXProject "Movie DB" */ = {
			isa = XCConfigurationList;
			buildConfigurations = (
				AB6718DA22C0312B00F429E4 /* Debug */,
				AB6718DB22C0312B00F429E4 /* Release */,
			);
			defaultConfigurationIsVisible = 0;
			defaultConfigurationName = Release;
		};
		AB6718DC22C0312B00F429E4 /* Build configuration list for PBXNativeTarget "Movie DB" */ = {
			isa = XCConfigurationList;
			buildConfigurations = (
				AB6718DD22C0312B00F429E4 /* Debug */,
				AB6718DE22C0312B00F429E4 /* Release */,
			);
			defaultConfigurationIsVisible = 0;
			defaultConfigurationName = Release;
		};
		AB6718DF22C0312B00F429E4 /* Build configuration list for PBXNativeTarget "Movie DBTests" */ = {
			isa = XCConfigurationList;
			buildConfigurations = (
				AB6718E022C0312B00F429E4 /* Debug */,
				AB6718E122C0312B00F429E4 /* Release */,
			);
			defaultConfigurationIsVisible = 0;
			defaultConfigurationName = Release;
		};
		ABB644A32971C10D0024BD80 /* Build configuration list for PBXNativeTarget "Movie DBScreenshots" */ = {
			isa = XCConfigurationList;
			buildConfigurations = (
				ABB644A42971C10D0024BD80 /* Debug */,
				ABB644A52971C10D0024BD80 /* Release */,
			);
			defaultConfigurationIsVisible = 0;
			defaultConfigurationName = Release;
		};
/* End XCConfigurationList section */

/* Begin XCRemoteSwiftPackageReference section */
		AB02A0232B460F05008362D7 /* XCRemoteSwiftPackageReference "SwiftUI-Flow" */ = {
			isa = XCRemoteSwiftPackageReference;
			repositoryURL = "https://github.com/tevelee/SwiftUI-Flow";
			requirement = {
				kind = upToNextMajorVersion;
				minimumVersion = 1.2.0;
			};
		};
		AB6478D622C7B2A300F3E14E /* XCRemoteSwiftPackageReference "JFSwiftUI" */ = {
			isa = XCRemoteSwiftPackageReference;
			repositoryURL = "https://github.com/iComputerfreak/JFSwiftUI.git";
			requirement = {
				kind = upToNextMajorVersion;
				minimumVersion = 1.0.6;
			};
		};
		ABD248FF2A2394CC002DEB3D /* XCRemoteSwiftPackageReference "JFUtils" */ = {
			isa = XCRemoteSwiftPackageReference;
			repositoryURL = "https://github.com/iComputerfreak/JFUtils";
			requirement = {
				kind = upToNextMajorVersion;
				minimumVersion = 1.0.0;
			};
		};
		ABD3C5EC29C39F56000B5107 /* XCRemoteSwiftPackageReference "SwiftCSV" */ = {
			isa = XCRemoteSwiftPackageReference;
			repositoryURL = "https://github.com/swiftcsv/SwiftCSV";
			requirement = {
				kind = upToNextMajorVersion;
				minimumVersion = 0.8.1;
			};
		};
/* End XCRemoteSwiftPackageReference section */

/* Begin XCSwiftPackageProductDependency section */
		AB0239EB2D5BE69D00C3FF52 /* AppFoundation */ = {
			isa = XCSwiftPackageProductDependency;
			productName = AppFoundation;
		};
		AB02A0242B460F05008362D7 /* Flow */ = {
			isa = XCSwiftPackageProductDependency;
			package = AB02A0232B460F05008362D7 /* XCRemoteSwiftPackageReference "SwiftUI-Flow" */;
			productName = Flow;
		};
		AB6478D722C7B2A300F3E14E /* JFSwiftUI */ = {
			isa = XCSwiftPackageProductDependency;
			package = AB6478D622C7B2A300F3E14E /* XCRemoteSwiftPackageReference "JFSwiftUI" */;
			productName = JFSwiftUI;
		};
		ABD249022A2394CC002DEB3D /* JFUtils */ = {
			isa = XCSwiftPackageProductDependency;
			package = ABD248FF2A2394CC002DEB3D /* XCRemoteSwiftPackageReference "JFUtils" */;
			productName = JFUtils;
		};
		ABD249072A23955F002DEB3D /* JFTestingUtils */ = {
			isa = XCSwiftPackageProductDependency;
			package = ABD248FF2A2394CC002DEB3D /* XCRemoteSwiftPackageReference "JFUtils" */;
			productName = JFTestingUtils;
		};
		ABD249092A239562002DEB3D /* JFTestingUtils */ = {
			isa = XCSwiftPackageProductDependency;
			package = ABD248FF2A2394CC002DEB3D /* XCRemoteSwiftPackageReference "JFUtils" */;
			productName = JFTestingUtils;
		};
		ABD2490B2A239565002DEB3D /* JFTestingUtils */ = {
			isa = XCSwiftPackageProductDependency;
			package = ABD248FF2A2394CC002DEB3D /* XCRemoteSwiftPackageReference "JFUtils" */;
			productName = JFTestingUtils;
		};
		ABD2490D2A23A465002DEB3D /* JFUtils */ = {
			isa = XCSwiftPackageProductDependency;
			package = ABD248FF2A2394CC002DEB3D /* XCRemoteSwiftPackageReference "JFUtils" */;
			productName = JFUtils;
		};
		ABD2490F2A23A46A002DEB3D /* JFUtils */ = {
			isa = XCSwiftPackageProductDependency;
			package = ABD248FF2A2394CC002DEB3D /* XCRemoteSwiftPackageReference "JFUtils" */;
			productName = JFUtils;
		};
		ABD249112A23A46E002DEB3D /* JFUtils */ = {
			isa = XCSwiftPackageProductDependency;
			package = ABD248FF2A2394CC002DEB3D /* XCRemoteSwiftPackageReference "JFUtils" */;
			productName = JFUtils;
		};
		ABD3C5ED29C39F56000B5107 /* SwiftCSV */ = {
			isa = XCSwiftPackageProductDependency;
			package = ABD3C5EC29C39F56000B5107 /* XCRemoteSwiftPackageReference "SwiftCSV" */;
			productName = SwiftCSV;
		};
/* End XCSwiftPackageProductDependency section */
	};
	rootObject = AB6718B522C0312A00F429E4 /* Project object */;
}
