// !$*UTF8*$!
{
	archiveVersion = 1;
	classes = {
	};
	objectVersion = 52;
	objects = {

/* Begin PBXBuildFile section */
		AB11C30C22CA3E1A0057105A /* LibraryHome.swift in Sources */ = {isa = PBXBuildFile; fileRef = AB11C30B22CA3E1A0057105A /* LibraryHome.swift */; };
		AB211CA123917133009590D5 /* cast.json in Resources */ = {isa = PBXBuildFile; fileRef = AB211CA023917133009590D5 /* cast.json */; };
		AB25099B238B18AF00F7A411 /* TextView in Frameworks */ = {isa = PBXBuildFile; productRef = AB25099A238B18AF00F7A411 /* TextView */; };
		AB25099E238B1EED00F7A411 /* KeyboardResponder.swift in Sources */ = {isa = PBXBuildFile; fileRef = AB25099D238B1EED00F7A411 /* KeyboardResponder.swift */; };
		AB2742562389D95200744B83 /* RatingView.swift in Sources */ = {isa = PBXBuildFile; fileRef = AB2742552389D95200744B83 /* RatingView.swift */; };
		AB27425C2389DFEE00744B83 /* WatchedShowView.swift in Sources */ = {isa = PBXBuildFile; fileRef = AB27425B2389DFEE00744B83 /* WatchedShowView.swift */; };
		AB2742602389E06500744B83 /* SimpleValueView.swift in Sources */ = {isa = PBXBuildFile; fileRef = AB27425F2389E06500744B83 /* SimpleValueView.swift */; };
		AB2742632389E08E00744B83 /* HeadlineModifier.swift in Sources */ = {isa = PBXBuildFile; fileRef = AB2742622389E08E00744B83 /* HeadlineModifier.swift */; };
		AB2E53DC22D0F6F400F722A3 /* MediaDetail.swift in Sources */ = {isa = PBXBuildFile; fileRef = AB2E53DB22D0F6F400F722A3 /* MediaDetail.swift */; };
		AB2E53DE22D0FAA100F722A3 /* MediaLibrary.swift in Sources */ = {isa = PBXBuildFile; fileRef = AB2E53DD22D0FAA100F722A3 /* MediaLibrary.swift */; };
		AB3648BC22C3D9AF0096FE39 /* TMDBAPI.swift in Sources */ = {isa = PBXBuildFile; fileRef = AB3648BB22C3D9AF0096FE39 /* TMDBAPI.swift */; };
		AB3648BF22C3DDA70096FE39 /* AddMediaView.swift in Sources */ = {isa = PBXBuildFile; fileRef = AB3648BE22C3DDA70096FE39 /* AddMediaView.swift */; };
		AB50944D238D63FD003A81DB /* SettingsView.swift in Sources */ = {isa = PBXBuildFile; fileRef = AB50944C238D63FD003A81DB /* SettingsView.swift */; };
		AB5F7E1B238ADF360007A3FE /* NotesView.swift in Sources */ = {isa = PBXBuildFile; fileRef = AB5F7E1A238ADF360007A3FE /* NotesView.swift */; };
		AB5F7E1D238ADF400007A3FE /* TagListView.swift in Sources */ = {isa = PBXBuildFile; fileRef = AB5F7E1C238ADF400007A3FE /* TagListView.swift */; };
		AB5F7E1F238AE13C0007A3FE /* TagLibrary.swift in Sources */ = {isa = PBXBuildFile; fileRef = AB5F7E1E238AE13C0007A3FE /* TagLibrary.swift */; };
		AB5F7E41238AF0AC0007A3FE /* JFLiterals.swift in Sources */ = {isa = PBXBuildFile; fileRef = AB5F7E40238AF0AC0007A3FE /* JFLiterals.swift */; };
		AB6478D822C7B2A300F3E14E /* JFSwiftUI in Frameworks */ = {isa = PBXBuildFile; productRef = AB6478D722C7B2A300F3E14E /* JFSwiftUI */; };
		AB6478DA22C7B8E800F3E14E /* SearchResult.swift in Sources */ = {isa = PBXBuildFile; fileRef = AB6478D922C7B8E800F3E14E /* SearchResult.swift */; };
		AB6478DC22C7C73C00F3E14E /* TMDBSearchTests.swift in Sources */ = {isa = PBXBuildFile; fileRef = AB6478DB22C7C73C00F3E14E /* TMDBSearchTests.swift */; };
		AB6478DE22C7C81200F3E14E /* searchResults.json in Resources */ = {isa = PBXBuildFile; fileRef = AB6478DD22C7C81200F3E14E /* searchResults.json */; };
		AB6478E022C7C91700F3E14E /* TestingUtils.swift in Sources */ = {isa = PBXBuildFile; fileRef = AB6478DF22C7C91700F3E14E /* TestingUtils.swift */; };
		AB6478E222C7D59300F3E14E /* SearchResultView.swift in Sources */ = {isa = PBXBuildFile; fileRef = AB6478E122C7D59300F3E14E /* SearchResultView.swift */; };
		AB6718C122C0312B00F429E4 /* AppDelegate.swift in Sources */ = {isa = PBXBuildFile; fileRef = AB6718C022C0312B00F429E4 /* AppDelegate.swift */; };
		AB6718C322C0312B00F429E4 /* SceneDelegate.swift in Sources */ = {isa = PBXBuildFile; fileRef = AB6718C222C0312B00F429E4 /* SceneDelegate.swift */; };
		AB6718C522C0312B00F429E4 /* ContentView.swift in Sources */ = {isa = PBXBuildFile; fileRef = AB6718C422C0312B00F429E4 /* ContentView.swift */; };
		AB6718C722C0312B00F429E4 /* Assets.xcassets in Resources */ = {isa = PBXBuildFile; fileRef = AB6718C622C0312B00F429E4 /* Assets.xcassets */; };
		AB6718CA22C0312B00F429E4 /* Preview Assets.xcassets in Resources */ = {isa = PBXBuildFile; fileRef = AB6718C922C0312B00F429E4 /* Preview Assets.xcassets */; };
		AB6718CD22C0312B00F429E4 /* LaunchScreen.storyboard in Resources */ = {isa = PBXBuildFile; fileRef = AB6718CB22C0312B00F429E4 /* LaunchScreen.storyboard */; };
		AB6718D822C0312B00F429E4 /* Movie_DBTests.swift in Sources */ = {isa = PBXBuildFile; fileRef = AB6718D722C0312B00F429E4 /* Movie_DBTests.swift */; };
		AB6718E622C0317800F429E4 /* Movie.swift in Sources */ = {isa = PBXBuildFile; fileRef = AB6718E522C0317800F429E4 /* Movie.swift */; };
		AB6718EC22C0324D00F429E4 /* Show.swift in Sources */ = {isa = PBXBuildFile; fileRef = AB6718EB22C0324D00F429E4 /* Show.swift */; };
		AB6718EE22C032AA00F429E4 /* Media.swift in Sources */ = {isa = PBXBuildFile; fileRef = AB6718ED22C032AA00F429E4 /* Media.swift */; };
		AB6718F022C037E300F429E4 /* TMDBData.swift in Sources */ = {isa = PBXBuildFile; fileRef = AB6718EF22C037E300F429E4 /* TMDBData.swift */; };
		AB6718F622C113F800F429E4 /* JFUtils.swift in Sources */ = {isa = PBXBuildFile; fileRef = AB6718F522C113F800F429E4 /* JFUtils.swift */; };
		AB6718FA22C2910800F429E4 /* TMDBMovieData.swift in Sources */ = {isa = PBXBuildFile; fileRef = AB6718F922C2910800F429E4 /* TMDBMovieData.swift */; };
		AB6718FC22C2910E00F429E4 /* TMDBShowData.swift in Sources */ = {isa = PBXBuildFile; fileRef = AB6718FB22C2910E00F429E4 /* TMDBShowData.swift */; };
		AB6718FF22C2A0B900F429E4 /* TMDB Movie.json in Resources */ = {isa = PBXBuildFile; fileRef = AB6718FE22C2A0B900F429E4 /* TMDB Movie.json */; };
		AB97D2B0238C194900418E36 /* AlertHandler.swift in Sources */ = {isa = PBXBuildFile; fileRef = AB97D2AF238C194900418E36 /* AlertHandler.swift */; };
		ABA13D5B2382D29E00E885DD /* ViewExtensions.swift in Sources */ = {isa = PBXBuildFile; fileRef = ABA13D5A2382D29E00E885DD /* ViewExtensions.swift */; };
		ABC1A27B22C3BD2900A49001 /* TMDB Show.json in Resources */ = {isa = PBXBuildFile; fileRef = ABC1A27A22C3BD2900A49001 /* TMDB Show.json */; };
		ABCEA494238D1FCD00D92B95 /* UserData.swift in Sources */ = {isa = PBXBuildFile; fileRef = ABCEA48F238D1FCD00D92B95 /* UserData.swift */; };
		ABCEA495238D1FCD00D92B95 /* BasicInfo.swift in Sources */ = {isa = PBXBuildFile; fileRef = ABCEA490238D1FCD00D92B95 /* BasicInfo.swift */; };
		ABCEA496238D1FCD00D92B95 /* ExtendedInfo.swift in Sources */ = {isa = PBXBuildFile; fileRef = ABCEA491238D1FCD00D92B95 /* ExtendedInfo.swift */; };
		ABCEA497238D1FCD00D92B95 /* CastInfo.swift in Sources */ = {isa = PBXBuildFile; fileRef = ABCEA492238D1FCD00D92B95 /* CastInfo.swift */; };
		ABCEA498238D1FCD00D92B95 /* SeasonsInfo.swift in Sources */ = {isa = PBXBuildFile; fileRef = ABCEA493238D1FCD00D92B95 /* SeasonsInfo.swift */; };
		ABCEA49A238D1FD300D92B95 /* ThumbnailModifier.swift in Sources */ = {isa = PBXBuildFile; fileRef = ABCEA499238D1FD300D92B95 /* ThumbnailModifier.swift */; };
		ABD7CB5B2375D6BB0049E236 /* TitleView.swift in Sources */ = {isa = PBXBuildFile; fileRef = ABD7CB5A2375D6BB0049E236 /* TitleView.swift */; };
		ABD7CB5F2375D7AD0049E236 /* LongTextView.swift in Sources */ = {isa = PBXBuildFile; fileRef = ABD7CB5E2375D7AD0049E236 /* LongTextView.swift */; };
		ABD7CB612375D96C0049E236 /* LinkView.swift in Sources */ = {isa = PBXBuildFile; fileRef = ABD7CB602375D96C0049E236 /* LinkView.swift */; };
		ABD7CB632375DB8F0049E236 /* PlaceholderData.swift in Sources */ = {isa = PBXBuildFile; fileRef = ABD7CB622375DB8F0049E236 /* PlaceholderData.swift */; };
		ABD7CB6D2375E95A0049E236 /* searchResults.json in Resources */ = {isa = PBXBuildFile; fileRef = ABD7CB6A2375E12C0049E236 /* searchResults.json */; };
		ABD7CB6E2375E95A0049E236 /* TMDBMovie.json in Resources */ = {isa = PBXBuildFile; fileRef = ABD7CB6B2375E12C0049E236 /* TMDBMovie.json */; };
		ABD7CB6F2375E95A0049E236 /* TMDBShow.json in Resources */ = {isa = PBXBuildFile; fileRef = ABD7CB692375E12C0049E236 /* TMDBShow.json */; };
		ABEBA2C723957F59003BF187 /* JFConfig.swift in Sources */ = {isa = PBXBuildFile; fileRef = ABEBA2C623957F59003BF187 /* JFConfig.swift */; };
		ABEBA2C9239583FA003BF187 /* FilterSettings.swift in Sources */ = {isa = PBXBuildFile; fileRef = ABEBA2C8239583FA003BF187 /* FilterSettings.swift */; };
		ABED3B052393251100F4C327 /* Wrappers.swift in Sources */ = {isa = PBXBuildFile; fileRef = ABED3B042393251100F4C327 /* Wrappers.swift */; };
		ABED3B072393263E00F4C327 /* Show Structs.swift in Sources */ = {isa = PBXBuildFile; fileRef = ABED3B062393263E00F4C327 /* Show Structs.swift */; };
		ABED3B0923932A8F00F4C327 /* FilterView.swift in Sources */ = {isa = PBXBuildFile; fileRef = ABED3B0823932A8F00F4C327 /* FilterView.swift */; };
		ABF13EEB22CE4A41006AF6EC /* AppTests.swift in Sources */ = {isa = PBXBuildFile; fileRef = ABF13EEA22CE4A41006AF6EC /* AppTests.swift */; };
		ABF8FCC122CAB52F00611036 /* LibraryRow.swift in Sources */ = {isa = PBXBuildFile; fileRef = ABF8FCC022CAB52F00611036 /* LibraryRow.swift */; };
/* End PBXBuildFile section */

/* Begin PBXContainerItemProxy section */
		AB6718D422C0312B00F429E4 /* PBXContainerItemProxy */ = {
			isa = PBXContainerItemProxy;
			containerPortal = AB6718B522C0312A00F429E4 /* Project object */;
			proxyType = 1;
			remoteGlobalIDString = AB6718BC22C0312A00F429E4;
			remoteInfo = "Movie DB";
		};
/* End PBXContainerItemProxy section */

/* Begin PBXFileReference section */
		AB11C30B22CA3E1A0057105A /* LibraryHome.swift */ = {isa = PBXFileReference; lastKnownFileType = sourcecode.swift; path = LibraryHome.swift; sourceTree = "<group>"; };
		AB211CA023917133009590D5 /* cast.json */ = {isa = PBXFileReference; fileEncoding = 4; lastKnownFileType = text.json; path = cast.json; sourceTree = "<group>"; };
		AB211CA22391854B009590D5 /* LICENSE */ = {isa = PBXFileReference; lastKnownFileType = text; path = LICENSE; sourceTree = "<group>"; };
		AB25099D238B1EED00F7A411 /* KeyboardResponder.swift */ = {isa = PBXFileReference; lastKnownFileType = sourcecode.swift; path = KeyboardResponder.swift; sourceTree = "<group>"; };
		AB2742552389D95200744B83 /* RatingView.swift */ = {isa = PBXFileReference; lastKnownFileType = sourcecode.swift; path = RatingView.swift; sourceTree = "<group>"; };
		AB27425B2389DFEE00744B83 /* WatchedShowView.swift */ = {isa = PBXFileReference; lastKnownFileType = sourcecode.swift; path = WatchedShowView.swift; sourceTree = "<group>"; };
		AB27425F2389E06500744B83 /* SimpleValueView.swift */ = {isa = PBXFileReference; lastKnownFileType = sourcecode.swift; path = SimpleValueView.swift; sourceTree = "<group>"; };
		AB2742622389E08E00744B83 /* HeadlineModifier.swift */ = {isa = PBXFileReference; lastKnownFileType = sourcecode.swift; path = HeadlineModifier.swift; sourceTree = "<group>"; };
		AB2E53DB22D0F6F400F722A3 /* MediaDetail.swift */ = {isa = PBXFileReference; lastKnownFileType = sourcecode.swift; path = MediaDetail.swift; sourceTree = "<group>"; };
		AB2E53DD22D0FAA100F722A3 /* MediaLibrary.swift */ = {isa = PBXFileReference; lastKnownFileType = sourcecode.swift; path = MediaLibrary.swift; sourceTree = "<group>"; };
		AB3648BB22C3D9AF0096FE39 /* TMDBAPI.swift */ = {isa = PBXFileReference; lastKnownFileType = sourcecode.swift; path = TMDBAPI.swift; sourceTree = "<group>"; };
		AB3648BE22C3DDA70096FE39 /* AddMediaView.swift */ = {isa = PBXFileReference; lastKnownFileType = sourcecode.swift; path = AddMediaView.swift; sourceTree = "<group>"; };
		AB50944C238D63FD003A81DB /* SettingsView.swift */ = {isa = PBXFileReference; lastKnownFileType = sourcecode.swift; path = SettingsView.swift; sourceTree = "<group>"; };
		AB5F7E1A238ADF360007A3FE /* NotesView.swift */ = {isa = PBXFileReference; lastKnownFileType = sourcecode.swift; path = NotesView.swift; sourceTree = "<group>"; };
		AB5F7E1C238ADF400007A3FE /* TagListView.swift */ = {isa = PBXFileReference; lastKnownFileType = sourcecode.swift; path = TagListView.swift; sourceTree = "<group>"; };
		AB5F7E1E238AE13C0007A3FE /* TagLibrary.swift */ = {isa = PBXFileReference; lastKnownFileType = sourcecode.swift; path = TagLibrary.swift; sourceTree = "<group>"; };
		AB5F7E40238AF0AC0007A3FE /* JFLiterals.swift */ = {isa = PBXFileReference; lastKnownFileType = sourcecode.swift; path = JFLiterals.swift; sourceTree = "<group>"; };
		AB6478D922C7B8E800F3E14E /* SearchResult.swift */ = {isa = PBXFileReference; lastKnownFileType = sourcecode.swift; path = SearchResult.swift; sourceTree = "<group>"; };
		AB6478DB22C7C73C00F3E14E /* TMDBSearchTests.swift */ = {isa = PBXFileReference; lastKnownFileType = sourcecode.swift; path = TMDBSearchTests.swift; sourceTree = "<group>"; };
		AB6478DD22C7C81200F3E14E /* searchResults.json */ = {isa = PBXFileReference; fileEncoding = 4; lastKnownFileType = text.json; path = searchResults.json; sourceTree = "<group>"; };
		AB6478DF22C7C91700F3E14E /* TestingUtils.swift */ = {isa = PBXFileReference; lastKnownFileType = sourcecode.swift; path = TestingUtils.swift; sourceTree = "<group>"; };
		AB6478E122C7D59300F3E14E /* SearchResultView.swift */ = {isa = PBXFileReference; lastKnownFileType = sourcecode.swift; path = SearchResultView.swift; sourceTree = "<group>"; };
		AB6718BD22C0312B00F429E4 /* Movie DB.app */ = {isa = PBXFileReference; explicitFileType = wrapper.application; includeInIndex = 0; path = "Movie DB.app"; sourceTree = BUILT_PRODUCTS_DIR; };
		AB6718C022C0312B00F429E4 /* AppDelegate.swift */ = {isa = PBXFileReference; lastKnownFileType = sourcecode.swift; path = AppDelegate.swift; sourceTree = "<group>"; };
		AB6718C222C0312B00F429E4 /* SceneDelegate.swift */ = {isa = PBXFileReference; lastKnownFileType = sourcecode.swift; path = SceneDelegate.swift; sourceTree = "<group>"; };
		AB6718C422C0312B00F429E4 /* ContentView.swift */ = {isa = PBXFileReference; lastKnownFileType = sourcecode.swift; path = ContentView.swift; sourceTree = "<group>"; };
		AB6718C622C0312B00F429E4 /* Assets.xcassets */ = {isa = PBXFileReference; lastKnownFileType = folder.assetcatalog; path = Assets.xcassets; sourceTree = "<group>"; };
		AB6718C922C0312B00F429E4 /* Preview Assets.xcassets */ = {isa = PBXFileReference; lastKnownFileType = folder.assetcatalog; path = "Preview Assets.xcassets"; sourceTree = "<group>"; };
		AB6718CC22C0312B00F429E4 /* Base */ = {isa = PBXFileReference; lastKnownFileType = file.storyboard; name = Base; path = Base.lproj/LaunchScreen.storyboard; sourceTree = "<group>"; };
		AB6718CE22C0312B00F429E4 /* Info.plist */ = {isa = PBXFileReference; lastKnownFileType = text.plist.xml; path = Info.plist; sourceTree = "<group>"; };
		AB6718D322C0312B00F429E4 /* Movie DBTests.xctest */ = {isa = PBXFileReference; explicitFileType = wrapper.cfbundle; includeInIndex = 0; path = "Movie DBTests.xctest"; sourceTree = BUILT_PRODUCTS_DIR; };
		AB6718D722C0312B00F429E4 /* Movie_DBTests.swift */ = {isa = PBXFileReference; lastKnownFileType = sourcecode.swift; path = Movie_DBTests.swift; sourceTree = "<group>"; };
		AB6718D922C0312B00F429E4 /* Info.plist */ = {isa = PBXFileReference; lastKnownFileType = text.plist.xml; path = Info.plist; sourceTree = "<group>"; };
		AB6718E522C0317800F429E4 /* Movie.swift */ = {isa = PBXFileReference; lastKnownFileType = sourcecode.swift; path = Movie.swift; sourceTree = "<group>"; };
		AB6718EB22C0324D00F429E4 /* Show.swift */ = {isa = PBXFileReference; lastKnownFileType = sourcecode.swift; path = Show.swift; sourceTree = "<group>"; };
		AB6718ED22C032AA00F429E4 /* Media.swift */ = {isa = PBXFileReference; lastKnownFileType = sourcecode.swift; path = Media.swift; sourceTree = "<group>"; };
		AB6718EF22C037E300F429E4 /* TMDBData.swift */ = {isa = PBXFileReference; lastKnownFileType = sourcecode.swift; path = TMDBData.swift; sourceTree = "<group>"; };
		AB6718F522C113F800F429E4 /* JFUtils.swift */ = {isa = PBXFileReference; lastKnownFileType = sourcecode.swift; path = JFUtils.swift; sourceTree = "<group>"; };
		AB6718F922C2910800F429E4 /* TMDBMovieData.swift */ = {isa = PBXFileReference; lastKnownFileType = sourcecode.swift; path = TMDBMovieData.swift; sourceTree = "<group>"; };
		AB6718FB22C2910E00F429E4 /* TMDBShowData.swift */ = {isa = PBXFileReference; lastKnownFileType = sourcecode.swift; path = TMDBShowData.swift; sourceTree = "<group>"; };
		AB6718FE22C2A0B900F429E4 /* TMDB Movie.json */ = {isa = PBXFileReference; fileEncoding = 4; lastKnownFileType = text.json; path = "TMDB Movie.json"; sourceTree = "<group>"; };
		AB97D2AF238C194900418E36 /* AlertHandler.swift */ = {isa = PBXFileReference; lastKnownFileType = sourcecode.swift; path = AlertHandler.swift; sourceTree = "<group>"; };
		ABA13D592381F02A00E885DD /* README.md */ = {isa = PBXFileReference; lastKnownFileType = net.daringfireball.markdown; path = README.md; sourceTree = "<group>"; };
		ABA13D5A2382D29E00E885DD /* ViewExtensions.swift */ = {isa = PBXFileReference; lastKnownFileType = sourcecode.swift; path = ViewExtensions.swift; sourceTree = "<group>"; };
		ABC1A27A22C3BD2900A49001 /* TMDB Show.json */ = {isa = PBXFileReference; fileEncoding = 4; lastKnownFileType = text.json; path = "TMDB Show.json"; sourceTree = "<group>"; };
		ABCEA48F238D1FCD00D92B95 /* UserData.swift */ = {isa = PBXFileReference; fileEncoding = 4; lastKnownFileType = sourcecode.swift; path = UserData.swift; sourceTree = "<group>"; };
		ABCEA490238D1FCD00D92B95 /* BasicInfo.swift */ = {isa = PBXFileReference; fileEncoding = 4; lastKnownFileType = sourcecode.swift; path = BasicInfo.swift; sourceTree = "<group>"; };
		ABCEA491238D1FCD00D92B95 /* ExtendedInfo.swift */ = {isa = PBXFileReference; fileEncoding = 4; lastKnownFileType = sourcecode.swift; path = ExtendedInfo.swift; sourceTree = "<group>"; };
		ABCEA492238D1FCD00D92B95 /* CastInfo.swift */ = {isa = PBXFileReference; fileEncoding = 4; lastKnownFileType = sourcecode.swift; path = CastInfo.swift; sourceTree = "<group>"; };
		ABCEA493238D1FCD00D92B95 /* SeasonsInfo.swift */ = {isa = PBXFileReference; fileEncoding = 4; lastKnownFileType = sourcecode.swift; path = SeasonsInfo.swift; sourceTree = "<group>"; };
		ABCEA499238D1FD300D92B95 /* ThumbnailModifier.swift */ = {isa = PBXFileReference; fileEncoding = 4; lastKnownFileType = sourcecode.swift; path = ThumbnailModifier.swift; sourceTree = "<group>"; };
		ABD7CB5A2375D6BB0049E236 /* TitleView.swift */ = {isa = PBXFileReference; lastKnownFileType = sourcecode.swift; path = TitleView.swift; sourceTree = "<group>"; };
		ABD7CB5E2375D7AD0049E236 /* LongTextView.swift */ = {isa = PBXFileReference; lastKnownFileType = sourcecode.swift; path = LongTextView.swift; sourceTree = "<group>"; };
		ABD7CB602375D96C0049E236 /* LinkView.swift */ = {isa = PBXFileReference; lastKnownFileType = sourcecode.swift; path = LinkView.swift; sourceTree = "<group>"; };
		ABD7CB622375DB8F0049E236 /* PlaceholderData.swift */ = {isa = PBXFileReference; lastKnownFileType = sourcecode.swift; path = PlaceholderData.swift; sourceTree = "<group>"; };
		ABD7CB692375E12C0049E236 /* TMDBShow.json */ = {isa = PBXFileReference; lastKnownFileType = text.json; path = TMDBShow.json; sourceTree = "<group>"; };
		ABD7CB6A2375E12C0049E236 /* searchResults.json */ = {isa = PBXFileReference; lastKnownFileType = text.json; path = searchResults.json; sourceTree = "<group>"; };
		ABD7CB6B2375E12C0049E236 /* TMDBMovie.json */ = {isa = PBXFileReference; lastKnownFileType = text.json; path = TMDBMovie.json; sourceTree = "<group>"; };
		ABEBA2C623957F59003BF187 /* JFConfig.swift */ = {isa = PBXFileReference; lastKnownFileType = sourcecode.swift; path = JFConfig.swift; sourceTree = "<group>"; };
		ABEBA2C8239583FA003BF187 /* FilterSettings.swift */ = {isa = PBXFileReference; lastKnownFileType = sourcecode.swift; path = FilterSettings.swift; sourceTree = "<group>"; };
		ABED3B042393251100F4C327 /* Wrappers.swift */ = {isa = PBXFileReference; lastKnownFileType = sourcecode.swift; path = Wrappers.swift; sourceTree = "<group>"; };
		ABED3B062393263E00F4C327 /* Show Structs.swift */ = {isa = PBXFileReference; lastKnownFileType = sourcecode.swift; path = "Show Structs.swift"; sourceTree = "<group>"; };
		ABED3B0823932A8F00F4C327 /* FilterView.swift */ = {isa = PBXFileReference; lastKnownFileType = sourcecode.swift; path = FilterView.swift; sourceTree = "<group>"; };
		ABF13EEA22CE4A41006AF6EC /* AppTests.swift */ = {isa = PBXFileReference; lastKnownFileType = sourcecode.swift; path = AppTests.swift; sourceTree = "<group>"; };
		ABF8FCC022CAB52F00611036 /* LibraryRow.swift */ = {isa = PBXFileReference; lastKnownFileType = sourcecode.swift; path = LibraryRow.swift; sourceTree = "<group>"; };
/* End PBXFileReference section */

/* Begin PBXFrameworksBuildPhase section */
		AB6718BA22C0312A00F429E4 /* Frameworks */ = {
			isa = PBXFrameworksBuildPhase;
			buildActionMask = 2147483647;
			files = (
				AB25099B238B18AF00F7A411 /* TextView in Frameworks */,
				AB6478D822C7B2A300F3E14E /* JFSwiftUI in Frameworks */,
			);
			runOnlyForDeploymentPostprocessing = 0;
		};
		AB6718D022C0312B00F429E4 /* Frameworks */ = {
			isa = PBXFrameworksBuildPhase;
			buildActionMask = 2147483647;
			files = (
			);
			runOnlyForDeploymentPostprocessing = 0;
		};
/* End PBXFrameworksBuildPhase section */

/* Begin PBXGroup section */
		AB25099C238B1EE000F7A411 /* Utility */ = {
			isa = PBXGroup;
			children = (
				AB6718F522C113F800F429E4 /* JFUtils.swift */,
				AB5F7E40238AF0AC0007A3FE /* JFLiterals.swift */,
				ABD7CB622375DB8F0049E236 /* PlaceholderData.swift */,
				AB25099D238B1EED00F7A411 /* KeyboardResponder.swift */,
				AB97D2AF238C194900418E36 /* AlertHandler.swift */,
				ABEBA2C623957F59003BF187 /* JFConfig.swift */,
			);
			path = Utility;
			sourceTree = "<group>";
		};
		AB25099F238B2ACB00F7A411 /* Home */ = {
			isa = PBXGroup;
			children = (
				AB11C30B22CA3E1A0057105A /* LibraryHome.swift */,
				ABED3B0823932A8F00F4C327 /* FilterView.swift */,
				ABF8FCC022CAB52F00611036 /* LibraryRow.swift */,
				AB3648BE22C3DDA70096FE39 /* AddMediaView.swift */,
				AB6478E122C7D59300F3E14E /* SearchResultView.swift */,
			);
			path = Home;
			sourceTree = "<group>";
		};
		AB2742612389E07100744B83 /* Primitive Views */ = {
			isa = PBXGroup;
			children = (
				ABCEA499238D1FD300D92B95 /* ThumbnailModifier.swift */,
				AB2742622389E08E00744B83 /* HeadlineModifier.swift */,
				AB27425F2389E06500744B83 /* SimpleValueView.swift */,
				ABD7CB5E2375D7AD0049E236 /* LongTextView.swift */,
				ABD7CB602375D96C0049E236 /* LinkView.swift */,
			);
			path = "Primitive Views";
			sourceTree = "<group>";
		};
		AB3648BD22C3DD8B0096FE39 /* Views */ = {
			isa = PBXGroup;
			children = (
				AB6718C422C0312B00F429E4 /* ContentView.swift */,
				AB50944C238D63FD003A81DB /* SettingsView.swift */,
				AB25099F238B2ACB00F7A411 /* Home */,
				ABD7CB592375D6A90049E236 /* Detail */,
			);
			path = Views;
			sourceTree = "<group>";
		};
		AB3648C022C3FAEE0096FE39 /* Support Views */ = {
			isa = PBXGroup;
			children = (
				ABA13D5A2382D29E00E885DD /* ViewExtensions.swift */,
			);
			path = "Support Views";
			sourceTree = "<group>";
		};
		AB6718B422C0312A00F429E4 = {
			isa = PBXGroup;
			children = (
				ABA13D592381F02A00E885DD /* README.md */,
				AB211CA22391854B009590D5 /* LICENSE */,
				AB6718BF22C0312B00F429E4 /* Movie DB */,
				AB6718D622C0312B00F429E4 /* Movie DBTests */,
				AB6718BE22C0312B00F429E4 /* Products */,
			);
			sourceTree = "<group>";
		};
		AB6718BE22C0312B00F429E4 /* Products */ = {
			isa = PBXGroup;
			children = (
				AB6718BD22C0312B00F429E4 /* Movie DB.app */,
				AB6718D322C0312B00F429E4 /* Movie DBTests.xctest */,
			);
			name = Products;
			sourceTree = "<group>";
		};
		AB6718BF22C0312B00F429E4 /* Movie DB */ = {
			isa = PBXGroup;
			children = (
				ABD7CB6C2375E7B00049E236 /* Resources */,
				AB25099C238B1EE000F7A411 /* Utility */,
				AB6718C022C0312B00F429E4 /* AppDelegate.swift */,
				AB6718C222C0312B00F429E4 /* SceneDelegate.swift */,
				AB6718F222C110F500F429E4 /* APIs */,
				AB6718E222C0314100F429E4 /* Models */,
				AB3648BD22C3DD8B0096FE39 /* Views */,
				AB3648C022C3FAEE0096FE39 /* Support Views */,
				AB6718C622C0312B00F429E4 /* Assets.xcassets */,
				AB6718CB22C0312B00F429E4 /* LaunchScreen.storyboard */,
				AB6718CE22C0312B00F429E4 /* Info.plist */,
				AB6718C822C0312B00F429E4 /* Preview Content */,
			);
			path = "Movie DB";
			sourceTree = "<group>";
		};
		AB6718C822C0312B00F429E4 /* Preview Content */ = {
			isa = PBXGroup;
			children = (
				AB6718C922C0312B00F429E4 /* Preview Assets.xcassets */,
			);
			path = "Preview Content";
			sourceTree = "<group>";
		};
		AB6718D622C0312B00F429E4 /* Movie DBTests */ = {
			isa = PBXGroup;
			children = (
				AB6718FD22C2A0B900F429E4 /* Resources */,
				AB6478DF22C7C91700F3E14E /* TestingUtils.swift */,
				AB6718D722C0312B00F429E4 /* Movie_DBTests.swift */,
				AB6478DB22C7C73C00F3E14E /* TMDBSearchTests.swift */,
				ABF13EEA22CE4A41006AF6EC /* AppTests.swift */,
				AB6718D922C0312B00F429E4 /* Info.plist */,
			);
			path = "Movie DBTests";
			sourceTree = "<group>";
		};
		AB6718E222C0314100F429E4 /* Models */ = {
			isa = PBXGroup;
			children = (
				AB6478D922C7B8E800F3E14E /* SearchResult.swift */,
				ABED3B03239324E000F4C327 /* TMDBData */,
				AB6718ED22C032AA00F429E4 /* Media.swift */,
				AB6718E522C0317800F429E4 /* Movie.swift */,
				AB6718EB22C0324D00F429E4 /* Show.swift */,
				AB5F7E1E238AE13C0007A3FE /* TagLibrary.swift */,
				AB2E53DD22D0FAA100F722A3 /* MediaLibrary.swift */,
				ABEBA2C8239583FA003BF187 /* FilterSettings.swift */,
			);
			path = Models;
			sourceTree = "<group>";
		};
		AB6718F222C110F500F429E4 /* APIs */ = {
			isa = PBXGroup;
			children = (
				AB3648BB22C3D9AF0096FE39 /* TMDBAPI.swift */,
			);
			path = APIs;
			sourceTree = "<group>";
		};
		AB6718FD22C2A0B900F429E4 /* Resources */ = {
			isa = PBXGroup;
			children = (
				AB211CA023917133009590D5 /* cast.json */,
				AB6478DD22C7C81200F3E14E /* searchResults.json */,
				AB6718FE22C2A0B900F429E4 /* TMDB Movie.json */,
				ABC1A27A22C3BD2900A49001 /* TMDB Show.json */,
			);
			path = Resources;
			sourceTree = "<group>";
		};
		ABD7CB592375D6A90049E236 /* Detail */ = {
			isa = PBXGroup;
			children = (
				AB2E53DB22D0F6F400F722A3 /* MediaDetail.swift */,
				ABD7CB5A2375D6BB0049E236 /* TitleView.swift */,
				ABCEA48F238D1FCD00D92B95 /* UserData.swift */,
				ABCEA490238D1FCD00D92B95 /* BasicInfo.swift */,
				ABCEA493238D1FCD00D92B95 /* SeasonsInfo.swift */,
				ABCEA492238D1FCD00D92B95 /* CastInfo.swift */,
				ABCEA491238D1FCD00D92B95 /* ExtendedInfo.swift */,
				AB2742552389D95200744B83 /* RatingView.swift */,
				AB27425B2389DFEE00744B83 /* WatchedShowView.swift */,
				AB5F7E1A238ADF360007A3FE /* NotesView.swift */,
				AB5F7E1C238ADF400007A3FE /* TagListView.swift */,
				AB2742612389E07100744B83 /* Primitive Views */,
			);
			path = Detail;
			sourceTree = "<group>";
		};
		ABD7CB6C2375E7B00049E236 /* Resources */ = {
			isa = PBXGroup;
			children = (
				ABD7CB6A2375E12C0049E236 /* searchResults.json */,
				ABD7CB6B2375E12C0049E236 /* TMDBMovie.json */,
				ABD7CB692375E12C0049E236 /* TMDBShow.json */,
			);
			path = Resources;
			sourceTree = "<group>";
		};
		ABED3B03239324E000F4C327 /* TMDBData */ = {
			isa = PBXGroup;
			children = (
				AB6718EF22C037E300F429E4 /* TMDBData.swift */,
				ABED3B042393251100F4C327 /* Wrappers.swift */,
				AB6718F922C2910800F429E4 /* TMDBMovieData.swift */,
				AB6718FB22C2910E00F429E4 /* TMDBShowData.swift */,
				ABED3B062393263E00F4C327 /* Show Structs.swift */,
			);
			path = TMDBData;
			sourceTree = "<group>";
		};
/* End PBXGroup section */

/* Begin PBXNativeTarget section */
		AB6718BC22C0312A00F429E4 /* Movie DB */ = {
			isa = PBXNativeTarget;
			buildConfigurationList = AB6718DC22C0312B00F429E4 /* Build configuration list for PBXNativeTarget "Movie DB" */;
			buildPhases = (
				AB6718B922C0312A00F429E4 /* Sources */,
				AB6718BA22C0312A00F429E4 /* Frameworks */,
				AB6718BB22C0312A00F429E4 /* Resources */,
			);
			buildRules = (
			);
			dependencies = (
			);
			name = "Movie DB";
			packageProductDependencies = (
				AB6478D722C7B2A300F3E14E /* JFSwiftUI */,
				AB25099A238B18AF00F7A411 /* TextView */,
			);
			productName = "Movie DB";
			productReference = AB6718BD22C0312B00F429E4 /* Movie DB.app */;
			productType = "com.apple.product-type.application";
		};
		AB6718D222C0312B00F429E4 /* Movie DBTests */ = {
			isa = PBXNativeTarget;
			buildConfigurationList = AB6718DF22C0312B00F429E4 /* Build configuration list for PBXNativeTarget "Movie DBTests" */;
			buildPhases = (
				AB6718CF22C0312B00F429E4 /* Sources */,
				AB6718D022C0312B00F429E4 /* Frameworks */,
				AB6718D122C0312B00F429E4 /* Resources */,
			);
			buildRules = (
			);
			dependencies = (
				AB6718D522C0312B00F429E4 /* PBXTargetDependency */,
			);
			name = "Movie DBTests";
			productName = "Movie DBTests";
			productReference = AB6718D322C0312B00F429E4 /* Movie DBTests.xctest */;
			productType = "com.apple.product-type.bundle.unit-test";
		};
/* End PBXNativeTarget section */

/* Begin PBXProject section */
		AB6718B522C0312A00F429E4 /* Project object */ = {
			isa = PBXProject;
			attributes = {
				LastSwiftUpdateCheck = 1100;
				LastUpgradeCheck = 1100;
				ORGANIZATIONNAME = "Jonas Frey";
				TargetAttributes = {
					AB6718BC22C0312A00F429E4 = {
						CreatedOnToolsVersion = 11.0;
					};
					AB6718D222C0312B00F429E4 = {
						CreatedOnToolsVersion = 11.0;
						TestTargetID = AB6718BC22C0312A00F429E4;
					};
				};
			};
			buildConfigurationList = AB6718B822C0312A00F429E4 /* Build configuration list for PBXProject "Movie DB" */;
			compatibilityVersion = "Xcode 9.3";
			developmentRegion = en;
			hasScannedForEncodings = 0;
			knownRegions = (
				en,
				Base,
			);
			mainGroup = AB6718B422C0312A00F429E4;
			packageReferences = (
				AB6478D622C7B2A300F3E14E /* XCRemoteSwiftPackageReference "JFSwiftUI" */,
				AB250999238B18AF00F7A411 /* XCRemoteSwiftPackageReference "TextView" */,
			);
			productRefGroup = AB6718BE22C0312B00F429E4 /* Products */;
			projectDirPath = "";
			projectRoot = "";
			targets = (
				AB6718BC22C0312A00F429E4 /* Movie DB */,
				AB6718D222C0312B00F429E4 /* Movie DBTests */,
			);
		};
/* End PBXProject section */

/* Begin PBXResourcesBuildPhase section */
		AB6718BB22C0312A00F429E4 /* Resources */ = {
			isa = PBXResourcesBuildPhase;
			buildActionMask = 2147483647;
			files = (
				ABD7CB6D2375E95A0049E236 /* searchResults.json in Resources */,
				ABD7CB6E2375E95A0049E236 /* TMDBMovie.json in Resources */,
				ABD7CB6F2375E95A0049E236 /* TMDBShow.json in Resources */,
				AB6718CD22C0312B00F429E4 /* LaunchScreen.storyboard in Resources */,
				AB6718CA22C0312B00F429E4 /* Preview Assets.xcassets in Resources */,
				AB6718C722C0312B00F429E4 /* Assets.xcassets in Resources */,
			);
			runOnlyForDeploymentPostprocessing = 0;
		};
		AB6718D122C0312B00F429E4 /* Resources */ = {
			isa = PBXResourcesBuildPhase;
			buildActionMask = 2147483647;
			files = (
				AB211CA123917133009590D5 /* cast.json in Resources */,
				ABC1A27B22C3BD2900A49001 /* TMDB Show.json in Resources */,
				AB6478DE22C7C81200F3E14E /* searchResults.json in Resources */,
				AB6718FF22C2A0B900F429E4 /* TMDB Movie.json in Resources */,
			);
			runOnlyForDeploymentPostprocessing = 0;
		};
/* End PBXResourcesBuildPhase section */

/* Begin PBXSourcesBuildPhase section */
		AB6718B922C0312A00F429E4 /* Sources */ = {
			isa = PBXSourcesBuildPhase;
			buildActionMask = 2147483647;
			files = (
				ABEBA2C9239583FA003BF187 /* FilterSettings.swift in Sources */,
				AB5F7E1F238AE13C0007A3FE /* TagLibrary.swift in Sources */,
				ABCEA49A238D1FD300D92B95 /* ThumbnailModifier.swift in Sources */,
				AB25099E238B1EED00F7A411 /* KeyboardResponder.swift in Sources */,
				AB27425C2389DFEE00744B83 /* WatchedShowView.swift in Sources */,
				ABD7CB5B2375D6BB0049E236 /* TitleView.swift in Sources */,
				AB5F7E1B238ADF360007A3FE /* NotesView.swift in Sources */,
				AB11C30C22CA3E1A0057105A /* LibraryHome.swift in Sources */,
				ABEBA2C723957F59003BF187 /* JFConfig.swift in Sources */,
				AB97D2B0238C194900418E36 /* AlertHandler.swift in Sources */,
				ABED3B072393263E00F4C327 /* Show Structs.swift in Sources */,
				AB6718FA22C2910800F429E4 /* TMDBMovieData.swift in Sources */,
				AB6478E222C7D59300F3E14E /* SearchResultView.swift in Sources */,
				ABD7CB5F2375D7AD0049E236 /* LongTextView.swift in Sources */,
				AB50944D238D63FD003A81DB /* SettingsView.swift in Sources */,
				ABCEA497238D1FCD00D92B95 /* CastInfo.swift in Sources */,
				AB6718F022C037E300F429E4 /* TMDBData.swift in Sources */,
				ABCEA498238D1FCD00D92B95 /* SeasonsInfo.swift in Sources */,
				ABD7CB632375DB8F0049E236 /* PlaceholderData.swift in Sources */,
				AB2E53DC22D0F6F400F722A3 /* MediaDetail.swift in Sources */,
				ABED3B052393251100F4C327 /* Wrappers.swift in Sources */,
				AB6478DA22C7B8E800F3E14E /* SearchResult.swift in Sources */,
				AB2742602389E06500744B83 /* SimpleValueView.swift in Sources */,
				ABCEA495238D1FCD00D92B95 /* BasicInfo.swift in Sources */,
				AB6718EC22C0324D00F429E4 /* Show.swift in Sources */,
				AB6718FC22C2910E00F429E4 /* TMDBShowData.swift in Sources */,
				AB2742632389E08E00744B83 /* HeadlineModifier.swift in Sources */,
				AB5F7E1D238ADF400007A3FE /* TagListView.swift in Sources */,
				AB6718C122C0312B00F429E4 /* AppDelegate.swift in Sources */,
				ABA13D5B2382D29E00E885DD /* ViewExtensions.swift in Sources */,
				ABF8FCC122CAB52F00611036 /* LibraryRow.swift in Sources */,
				AB6718EE22C032AA00F429E4 /* Media.swift in Sources */,
				AB6718C322C0312B00F429E4 /* SceneDelegate.swift in Sources */,
				AB6718E622C0317800F429E4 /* Movie.swift in Sources */,
				AB3648BF22C3DDA70096FE39 /* AddMediaView.swift in Sources */,
				AB3648BC22C3D9AF0096FE39 /* TMDBAPI.swift in Sources */,
				ABCEA496238D1FCD00D92B95 /* ExtendedInfo.swift in Sources */,
				AB6718C522C0312B00F429E4 /* ContentView.swift in Sources */,
				ABCEA494238D1FCD00D92B95 /* UserData.swift in Sources */,
				ABED3B0923932A8F00F4C327 /* FilterView.swift in Sources */,
				AB2E53DE22D0FAA100F722A3 /* MediaLibrary.swift in Sources */,
				AB6718F622C113F800F429E4 /* JFUtils.swift in Sources */,
				AB5F7E41238AF0AC0007A3FE /* JFLiterals.swift in Sources */,
				ABD7CB612375D96C0049E236 /* LinkView.swift in Sources */,
				AB2742562389D95200744B83 /* RatingView.swift in Sources */,
			);
			runOnlyForDeploymentPostprocessing = 0;
		};
		AB6718CF22C0312B00F429E4 /* Sources */ = {
			isa = PBXSourcesBuildPhase;
			buildActionMask = 2147483647;
			files = (
				AB6478DC22C7C73C00F3E14E /* TMDBSearchTests.swift in Sources */,
				ABF13EEB22CE4A41006AF6EC /* AppTests.swift in Sources */,
				AB6478E022C7C91700F3E14E /* TestingUtils.swift in Sources */,
				AB6718D822C0312B00F429E4 /* Movie_DBTests.swift in Sources */,
			);
			runOnlyForDeploymentPostprocessing = 0;
		};
/* End PBXSourcesBuildPhase section */

/* Begin PBXTargetDependency section */
		AB6718D522C0312B00F429E4 /* PBXTargetDependency */ = {
			isa = PBXTargetDependency;
			target = AB6718BC22C0312A00F429E4 /* Movie DB */;
			targetProxy = AB6718D422C0312B00F429E4 /* PBXContainerItemProxy */;
		};
/* End PBXTargetDependency section */

/* Begin PBXVariantGroup section */
		AB6718CB22C0312B00F429E4 /* LaunchScreen.storyboard */ = {
			isa = PBXVariantGroup;
			children = (
				AB6718CC22C0312B00F429E4 /* Base */,
			);
			name = LaunchScreen.storyboard;
			sourceTree = "<group>";
		};
/* End PBXVariantGroup section */

/* Begin XCBuildConfiguration section */
		AB6718DA22C0312B00F429E4 /* Debug */ = {
			isa = XCBuildConfiguration;
			buildSettings = {
				ALWAYS_SEARCH_USER_PATHS = NO;
				CLANG_ANALYZER_NONNULL = YES;
				CLANG_ANALYZER_NUMBER_OBJECT_CONVERSION = YES_AGGRESSIVE;
				CLANG_CXX_LANGUAGE_STANDARD = "gnu++14";
				CLANG_CXX_LIBRARY = "libc++";
				CLANG_ENABLE_MODULES = YES;
				CLANG_ENABLE_OBJC_ARC = YES;
				CLANG_ENABLE_OBJC_WEAK = YES;
				CLANG_WARN_BLOCK_CAPTURE_AUTORELEASING = YES;
				CLANG_WARN_BOOL_CONVERSION = YES;
				CLANG_WARN_COMMA = YES;
				CLANG_WARN_CONSTANT_CONVERSION = YES;
				CLANG_WARN_DEPRECATED_OBJC_IMPLEMENTATIONS = YES;
				CLANG_WARN_DIRECT_OBJC_ISA_USAGE = YES_ERROR;
				CLANG_WARN_DOCUMENTATION_COMMENTS = YES;
				CLANG_WARN_EMPTY_BODY = YES;
				CLANG_WARN_ENUM_CONVERSION = YES;
				CLANG_WARN_INFINITE_RECURSION = YES;
				CLANG_WARN_INT_CONVERSION = YES;
				CLANG_WARN_NON_LITERAL_NULL_CONVERSION = YES;
				CLANG_WARN_OBJC_IMPLICIT_RETAIN_SELF = YES;
				CLANG_WARN_OBJC_LITERAL_CONVERSION = YES;
				CLANG_WARN_OBJC_ROOT_CLASS = YES_ERROR;
				CLANG_WARN_RANGE_LOOP_ANALYSIS = YES;
				CLANG_WARN_STRICT_PROTOTYPES = YES;
				CLANG_WARN_SUSPICIOUS_MOVE = YES;
				CLANG_WARN_UNGUARDED_AVAILABILITY = YES_AGGRESSIVE;
				CLANG_WARN_UNREACHABLE_CODE = YES;
				CLANG_WARN__DUPLICATE_METHOD_MATCH = YES;
				COPY_PHASE_STRIP = NO;
				DEBUG_INFORMATION_FORMAT = dwarf;
				ENABLE_STRICT_OBJC_MSGSEND = YES;
				ENABLE_TESTABILITY = YES;
				GCC_C_LANGUAGE_STANDARD = gnu11;
				GCC_DYNAMIC_NO_PIC = NO;
				GCC_NO_COMMON_BLOCKS = YES;
				GCC_OPTIMIZATION_LEVEL = 0;
				GCC_PREPROCESSOR_DEFINITIONS = (
					"DEBUG=1",
					"$(inherited)",
				);
				GCC_WARN_64_TO_32_BIT_CONVERSION = YES;
				GCC_WARN_ABOUT_RETURN_TYPE = YES_ERROR;
				GCC_WARN_UNDECLARED_SELECTOR = YES;
				GCC_WARN_UNINITIALIZED_AUTOS = YES_AGGRESSIVE;
				GCC_WARN_UNUSED_FUNCTION = YES;
				GCC_WARN_UNUSED_VARIABLE = YES;
				IPHONEOS_DEPLOYMENT_TARGET = 13.2;
				MTL_ENABLE_DEBUG_INFO = INCLUDE_SOURCE;
				MTL_FAST_MATH = YES;
				ONLY_ACTIVE_ARCH = YES;
				SDKROOT = iphoneos;
				SWIFT_ACTIVE_COMPILATION_CONDITIONS = DEBUG;
				SWIFT_OPTIMIZATION_LEVEL = "-Onone";
			};
			name = Debug;
		};
		AB6718DB22C0312B00F429E4 /* Release */ = {
			isa = XCBuildConfiguration;
			buildSettings = {
				ALWAYS_SEARCH_USER_PATHS = NO;
				CLANG_ANALYZER_NONNULL = YES;
				CLANG_ANALYZER_NUMBER_OBJECT_CONVERSION = YES_AGGRESSIVE;
				CLANG_CXX_LANGUAGE_STANDARD = "gnu++14";
				CLANG_CXX_LIBRARY = "libc++";
				CLANG_ENABLE_MODULES = YES;
				CLANG_ENABLE_OBJC_ARC = YES;
				CLANG_ENABLE_OBJC_WEAK = YES;
				CLANG_WARN_BLOCK_CAPTURE_AUTORELEASING = YES;
				CLANG_WARN_BOOL_CONVERSION = YES;
				CLANG_WARN_COMMA = YES;
				CLANG_WARN_CONSTANT_CONVERSION = YES;
				CLANG_WARN_DEPRECATED_OBJC_IMPLEMENTATIONS = YES;
				CLANG_WARN_DIRECT_OBJC_ISA_USAGE = YES_ERROR;
				CLANG_WARN_DOCUMENTATION_COMMENTS = YES;
				CLANG_WARN_EMPTY_BODY = YES;
				CLANG_WARN_ENUM_CONVERSION = YES;
				CLANG_WARN_INFINITE_RECURSION = YES;
				CLANG_WARN_INT_CONVERSION = YES;
				CLANG_WARN_NON_LITERAL_NULL_CONVERSION = YES;
				CLANG_WARN_OBJC_IMPLICIT_RETAIN_SELF = YES;
				CLANG_WARN_OBJC_LITERAL_CONVERSION = YES;
				CLANG_WARN_OBJC_ROOT_CLASS = YES_ERROR;
				CLANG_WARN_RANGE_LOOP_ANALYSIS = YES;
				CLANG_WARN_STRICT_PROTOTYPES = YES;
				CLANG_WARN_SUSPICIOUS_MOVE = YES;
				CLANG_WARN_UNGUARDED_AVAILABILITY = YES_AGGRESSIVE;
				CLANG_WARN_UNREACHABLE_CODE = YES;
				CLANG_WARN__DUPLICATE_METHOD_MATCH = YES;
				COPY_PHASE_STRIP = NO;
				DEBUG_INFORMATION_FORMAT = "dwarf-with-dsym";
				ENABLE_NS_ASSERTIONS = NO;
				ENABLE_STRICT_OBJC_MSGSEND = YES;
				GCC_C_LANGUAGE_STANDARD = gnu11;
				GCC_NO_COMMON_BLOCKS = YES;
				GCC_WARN_64_TO_32_BIT_CONVERSION = YES;
				GCC_WARN_ABOUT_RETURN_TYPE = YES_ERROR;
				GCC_WARN_UNDECLARED_SELECTOR = YES;
				GCC_WARN_UNINITIALIZED_AUTOS = YES_AGGRESSIVE;
				GCC_WARN_UNUSED_FUNCTION = YES;
				GCC_WARN_UNUSED_VARIABLE = YES;
				IPHONEOS_DEPLOYMENT_TARGET = 13.2;
				MTL_ENABLE_DEBUG_INFO = NO;
				MTL_FAST_MATH = YES;
				SDKROOT = iphoneos;
				SWIFT_COMPILATION_MODE = wholemodule;
				SWIFT_OPTIMIZATION_LEVEL = "-O";
				VALIDATE_PRODUCT = YES;
			};
			name = Release;
		};
		AB6718DD22C0312B00F429E4 /* Debug */ = {
			isa = XCBuildConfiguration;
			buildSettings = {
				ASSETCATALOG_COMPILER_APPICON_NAME = AppIcon;
				CODE_SIGN_STYLE = Automatic;
				DEVELOPMENT_ASSET_PATHS = "\"Movie DB\"/Preview\\ Content";
				DEVELOPMENT_TEAM = 46C9Y785NA;
				ENABLE_PREVIEWS = YES;
				INFOPLIST_FILE = "Movie DB/Info.plist";
				LD_RUNPATH_SEARCH_PATHS = (
					"$(inherited)",
					"@executable_path/Frameworks",
				);
				PRODUCT_BUNDLE_IDENTIFIER = "de.JonasFrey.Movie-DB";
				PRODUCT_NAME = "$(TARGET_NAME)";
				SWIFT_VERSION = 5.0;
				TARGETED_DEVICE_FAMILY = "1,2";
			};
			name = Debug;
		};
		AB6718DE22C0312B00F429E4 /* Release */ = {
			isa = XCBuildConfiguration;
			buildSettings = {
				ASSETCATALOG_COMPILER_APPICON_NAME = AppIcon;
				CODE_SIGN_STYLE = Automatic;
				DEVELOPMENT_ASSET_PATHS = "\"Movie DB\"/Preview\\ Content";
				DEVELOPMENT_TEAM = 46C9Y785NA;
				ENABLE_PREVIEWS = YES;
				INFOPLIST_FILE = "Movie DB/Info.plist";
				LD_RUNPATH_SEARCH_PATHS = (
					"$(inherited)",
					"@executable_path/Frameworks",
				);
				PRODUCT_BUNDLE_IDENTIFIER = "de.JonasFrey.Movie-DB";
				PRODUCT_NAME = "$(TARGET_NAME)";
				SWIFT_VERSION = 5.0;
				TARGETED_DEVICE_FAMILY = "1,2";
			};
			name = Release;
		};
		AB6718E022C0312B00F429E4 /* Debug */ = {
			isa = XCBuildConfiguration;
			buildSettings = {
				ALWAYS_EMBED_SWIFT_STANDARD_LIBRARIES = YES;
				BUNDLE_LOADER = "$(TEST_HOST)";
				CODE_SIGN_STYLE = Automatic;
				DEVELOPMENT_TEAM = 46C9Y785NA;
				INFOPLIST_FILE = "Movie DBTests/Info.plist";
				LD_RUNPATH_SEARCH_PATHS = (
					"$(inherited)",
					"@executable_path/Frameworks",
					"@loader_path/Frameworks",
				);
				PRODUCT_BUNDLE_IDENTIFIER = "de.JonasFrey.Movie-DBTests";
				PRODUCT_NAME = "$(TARGET_NAME)";
				SWIFT_VERSION = 5.0;
				TARGETED_DEVICE_FAMILY = "1,2";
				TEST_HOST = "$(BUILT_PRODUCTS_DIR)/Movie DB.app/Movie DB";
			};
			name = Debug;
		};
		AB6718E122C0312B00F429E4 /* Release */ = {
			isa = XCBuildConfiguration;
			buildSettings = {
				ALWAYS_EMBED_SWIFT_STANDARD_LIBRARIES = YES;
				BUNDLE_LOADER = "$(TEST_HOST)";
				CODE_SIGN_STYLE = Automatic;
				DEVELOPMENT_TEAM = 46C9Y785NA;
				INFOPLIST_FILE = "Movie DBTests/Info.plist";
				LD_RUNPATH_SEARCH_PATHS = (
					"$(inherited)",
					"@executable_path/Frameworks",
					"@loader_path/Frameworks",
				);
				PRODUCT_BUNDLE_IDENTIFIER = "de.JonasFrey.Movie-DBTests";
				PRODUCT_NAME = "$(TARGET_NAME)";
				SWIFT_VERSION = 5.0;
				TARGETED_DEVICE_FAMILY = "1,2";
				TEST_HOST = "$(BUILT_PRODUCTS_DIR)/Movie DB.app/Movie DB";
			};
			name = Release;
		};
/* End XCBuildConfiguration section */

/* Begin XCConfigurationList section */
		AB6718B822C0312A00F429E4 /* Build configuration list for PBXProject "Movie DB" */ = {
			isa = XCConfigurationList;
			buildConfigurations = (
				AB6718DA22C0312B00F429E4 /* Debug */,
				AB6718DB22C0312B00F429E4 /* Release */,
			);
			defaultConfigurationIsVisible = 0;
			defaultConfigurationName = Release;
		};
		AB6718DC22C0312B00F429E4 /* Build configuration list for PBXNativeTarget "Movie DB" */ = {
			isa = XCConfigurationList;
			buildConfigurations = (
				AB6718DD22C0312B00F429E4 /* Debug */,
				AB6718DE22C0312B00F429E4 /* Release */,
			);
			defaultConfigurationIsVisible = 0;
			defaultConfigurationName = Release;
		};
		AB6718DF22C0312B00F429E4 /* Build configuration list for PBXNativeTarget "Movie DBTests" */ = {
			isa = XCConfigurationList;
			buildConfigurations = (
				AB6718E022C0312B00F429E4 /* Debug */,
				AB6718E122C0312B00F429E4 /* Release */,
			);
			defaultConfigurationIsVisible = 0;
			defaultConfigurationName = Release;
		};
/* End XCConfigurationList section */

/* Begin XCRemoteSwiftPackageReference section */
		AB250999238B18AF00F7A411 /* XCRemoteSwiftPackageReference "TextView" */ = {
			isa = XCRemoteSwiftPackageReference;
			repositoryURL = "https://github.com/kenmueller/TextView";
			requirement = {
				kind = upToNextMajorVersion;
				minimumVersion = 1.1.0;
			};
		};
		AB6478D622C7B2A300F3E14E /* XCRemoteSwiftPackageReference "JFSwiftUI" */ = {
			isa = XCRemoteSwiftPackageReference;
			repositoryURL = "https://github.com/iComputerfreak/JFSwiftUI.git";
			requirement = {
				kind = upToNextMajorVersion;
				minimumVersion = 1.0.6;
			};
		};
/* End XCRemoteSwiftPackageReference section */

/* Begin XCSwiftPackageProductDependency section */
		AB25099A238B18AF00F7A411 /* TextView */ = {
			isa = XCSwiftPackageProductDependency;
			package = AB250999238B18AF00F7A411 /* XCRemoteSwiftPackageReference "TextView" */;
			productName = TextView;
		};
		AB6478D722C7B2A300F3E14E /* JFSwiftUI */ = {
			isa = XCSwiftPackageProductDependency;
			package = AB6478D622C7B2A300F3E14E /* XCRemoteSwiftPackageReference "JFSwiftUI" */;
			productName = JFSwiftUI;
		};
/* End XCSwiftPackageProductDependency section */
	};
	rootObject = AB6718B522C0312A00F429E4 /* Project object */;
}
