{
  "originHash" : "320bc35b2c7e9e290e35e8418c52baaaf1258c7ac764f75147f6b5ad8f3aad23",
  "pins" : [
    {
      "identity" : "jfswiftui",
      "kind" : "remoteSourceControl",
      "location" : "https://github.com/iComputerfreak/JFSwiftUI.git",
      "state" : {
        "revision" : "f68cf65dd9e857c84e798c578d74d2fe4575d25a",
        "version" : "1.3.2"
      }
    },
    {
      "identity" : "jfutils",
      "kind" : "remoteSourceControl",
      "location" : "https://github.com/iComputerfreak/JFUtils",
      "state" : {
        "revision" : "96c44d3dca19c15ec878e7c3dfbdf4cb9d06abe8",
        "version" : "1.9.4"
      }
    },
    {
      "identity" : "swiftcsv",
      "kind" : "remoteSourceControl",
      "location" : "https://github.com/swiftcsv/SwiftCSV",
      "state" : {
        "revision" : "6ab5d0fe9b6ef3c79d717eefa70862df389e74d9",
        "version" : "0.10.0"
      }
    },
    {
      "identity" : "swiftui-flow",
      "kind" : "remoteSourceControl",
      "location" : "https://github.com/tevelee/SwiftUI-Flow",
      "state" : {
        "revision" : "733c317daaf900d1bb513bcdc70f463ccb9180ef",
        "version" : "1.7.0"
      }
    }
  ],
  "version" : 3
}
